// !$*UTF8*$!
{
	archiveVersion = 1;
	classes = {
	};
	objectVersion = 55;
	objects = {

/* Begin PBXBuildFile section */
		1858FA54276A8FE80045FC3C /* HexParams.swift in Sources */ = {isa = PBXBuildFile; fileRef = 1858FA53276A8FE80045FC3C /* HexParams.swift */; };
		1858FA56276A91410045FC3C /* BadgeBackground.swift in Sources */ = {isa = PBXBuildFile; fileRef = 1858FA55276A91410045FC3C /* BadgeBackground.swift */; };
		186EBBE4276963CF00332D95 /* FavoriteButtonView.swift in Sources */ = {isa = PBXBuildFile; fileRef = 186EBBE3276963CF00332D95 /* FavoriteButtonView.swift */; };
		188006312768D7810056EDA6 /* ImageView.swift in Sources */ = {isa = PBXBuildFile; fileRef = 188006302768D7810056EDA6 /* ImageView.swift */; };
		188006332768DABA0056EDA6 /* MapView.swift in Sources */ = {isa = PBXBuildFile; fileRef = 188006322768DABA0056EDA6 /* MapView.swift */; };
		188006352768DF2C0056EDA6 /* landmarkData.json in Resources */ = {isa = PBXBuildFile; fileRef = 188006342768DF2C0056EDA6 /* landmarkData.json */; };
		188006372768DF450056EDA6 /* Landmark.swift in Sources */ = {isa = PBXBuildFile; fileRef = 188006362768DF450056EDA6 /* Landmark.swift */; };
		188006392768E06A0056EDA6 /* ModelData.swift in Sources */ = {isa = PBXBuildFile; fileRef = 188006382768E06A0056EDA6 /* ModelData.swift */; };
		188006412768E2370056EDA6 /* LandmarkRow.swift in Sources */ = {isa = PBXBuildFile; fileRef = 188006402768E2370056EDA6 /* LandmarkRow.swift */; };
		188006432768E5270056EDA6 /* LandmarkList.swift in Sources */ = {isa = PBXBuildFile; fileRef = 188006422768E5270056EDA6 /* LandmarkList.swift */; };
		188006452768E67D0056EDA6 /* LandmarkDetail.swift in Sources */ = {isa = PBXBuildFile; fileRef = 188006442768E67D0056EDA6 /* LandmarkDetail.swift */; };
		18A6FBCC2768CC7700B82AF8 /* CityPlacesApp.swift in Sources */ = {isa = PBXBuildFile; fileRef = 18A6FBCB2768CC7700B82AF8 /* CityPlacesApp.swift */; };
		18A6FBCE2768CC7700B82AF8 /* ContentView.swift in Sources */ = {isa = PBXBuildFile; fileRef = 18A6FBCD2768CC7700B82AF8 /* ContentView.swift */; };
		18A6FBD02768CC7900B82AF8 /* Assets.xcassets in Resources */ = {isa = PBXBuildFile; fileRef = 18A6FBCF2768CC7900B82AF8 /* Assets.xcassets */; };
		18A6FBD32768CC7900B82AF8 /* Preview Assets.xcassets in Resources */ = {isa = PBXBuildFile; fileRef = 18A6FBD22768CC7900B82AF8 /* Preview Assets.xcassets */; };
		18A6FBDD2768CC7A00B82AF8 /* CityPlacesTests.swift in Sources */ = {isa = PBXBuildFile; fileRef = 18A6FBDC2768CC7A00B82AF8 /* CityPlacesTests.swift */; };
		18A6FBE72768CC7A00B82AF8 /* CityPlacesUITests.swift in Sources */ = {isa = PBXBuildFile; fileRef = 18A6FBE62768CC7A00B82AF8 /* CityPlacesUITests.swift */; };
		18A6FBE92768CC7A00B82AF8 /* CityPlacesUITestsLaunchTests.swift in Sources */ = {isa = PBXBuildFile; fileRef = 18A6FBE82768CC7A00B82AF8 /* CityPlacesUITestsLaunchTests.swift */; };
/* End PBXBuildFile section */

/* Begin PBXContainerItemProxy section */
		18A6FBD92768CC7A00B82AF8 /* PBXContainerItemProxy */ = {
			isa = PBXContainerItemProxy;
			containerPortal = 18A6FBC02768CC7600B82AF8 /* Project object */;
			proxyType = 1;
			remoteGlobalIDString = 18A6FBC72768CC7600B82AF8;
			remoteInfo = CityPlaces;
		};
		18A6FBE32768CC7A00B82AF8 /* PBXContainerItemProxy */ = {
			isa = PBXContainerItemProxy;
			containerPortal = 18A6FBC02768CC7600B82AF8 /* Project object */;
			proxyType = 1;
			remoteGlobalIDString = 18A6FBC72768CC7600B82AF8;
			remoteInfo = CityPlaces;
		};
/* End PBXContainerItemProxy section */

/* Begin PBXFileReference section */
		1858FA53276A8FE80045FC3C /* HexParams.swift */ = {isa = PBXFileReference; lastKnownFileType = sourcecode.swift; path = HexParams.swift; sourceTree = "<group>"; };
		1858FA55276A91410045FC3C /* BadgeBackground.swift */ = {isa = PBXFileReference; lastKnownFileType = sourcecode.swift; path = BadgeBackground.swift; sourceTree = "<group>"; };
		186EBBE3276963CF00332D95 /* FavoriteButtonView.swift */ = {isa = PBXFileReference; lastKnownFileType = sourcecode.swift; path = FavoriteButtonView.swift; sourceTree = "<group>"; };
		188006302768D7810056EDA6 /* ImageView.swift */ = {isa = PBXFileReference; lastKnownFileType = sourcecode.swift; path = ImageView.swift; sourceTree = "<group>"; };
		188006322768DABA0056EDA6 /* MapView.swift */ = {isa = PBXFileReference; lastKnownFileType = sourcecode.swift; path = MapView.swift; sourceTree = "<group>"; };
		188006342768DF2C0056EDA6 /* landmarkData.json */ = {isa = PBXFileReference; fileEncoding = 4; lastKnownFileType = text.json; path = landmarkData.json; sourceTree = "<group>"; };
		188006362768DF450056EDA6 /* Landmark.swift */ = {isa = PBXFileReference; lastKnownFileType = sourcecode.swift; path = Landmark.swift; sourceTree = "<group>"; };
		188006382768E06A0056EDA6 /* ModelData.swift */ = {isa = PBXFileReference; lastKnownFileType = sourcecode.swift; path = ModelData.swift; sourceTree = "<group>"; };
		188006402768E2370056EDA6 /* LandmarkRow.swift */ = {isa = PBXFileReference; lastKnownFileType = sourcecode.swift; path = LandmarkRow.swift; sourceTree = "<group>"; };
		188006422768E5270056EDA6 /* LandmarkList.swift */ = {isa = PBXFileReference; lastKnownFileType = sourcecode.swift; path = LandmarkList.swift; sourceTree = "<group>"; };
		188006442768E67D0056EDA6 /* LandmarkDetail.swift */ = {isa = PBXFileReference; lastKnownFileType = sourcecode.swift; path = LandmarkDetail.swift; sourceTree = "<group>"; };
		18A6FBC82768CC7700B82AF8 /* CityPlaces.app */ = {isa = PBXFileReference; explicitFileType = wrapper.application; includeInIndex = 0; path = CityPlaces.app; sourceTree = BUILT_PRODUCTS_DIR; };
		18A6FBCB2768CC7700B82AF8 /* CityPlacesApp.swift */ = {isa = PBXFileReference; lastKnownFileType = sourcecode.swift; path = CityPlacesApp.swift; sourceTree = "<group>"; };
		18A6FBCD2768CC7700B82AF8 /* ContentView.swift */ = {isa = PBXFileReference; lastKnownFileType = sourcecode.swift; path = ContentView.swift; sourceTree = "<group>"; };
		18A6FBCF2768CC7900B82AF8 /* Assets.xcassets */ = {isa = PBXFileReference; lastKnownFileType = folder.assetcatalog; path = Assets.xcassets; sourceTree = "<group>"; };
		18A6FBD22768CC7900B82AF8 /* Preview Assets.xcassets */ = {isa = PBXFileReference; lastKnownFileType = folder.assetcatalog; path = "Preview Assets.xcassets"; sourceTree = "<group>"; };
		18A6FBD82768CC7A00B82AF8 /* CityPlacesTests.xctest */ = {isa = PBXFileReference; explicitFileType = wrapper.cfbundle; includeInIndex = 0; path = CityPlacesTests.xctest; sourceTree = BUILT_PRODUCTS_DIR; };
		18A6FBDC2768CC7A00B82AF8 /* CityPlacesTests.swift */ = {isa = PBXFileReference; lastKnownFileType = sourcecode.swift; path = CityPlacesTests.swift; sourceTree = "<group>"; };
		18A6FBE22768CC7A00B82AF8 /* CityPlacesUITests.xctest */ = {isa = PBXFileReference; explicitFileType = wrapper.cfbundle; includeInIndex = 0; path = CityPlacesUITests.xctest; sourceTree = BUILT_PRODUCTS_DIR; };
		18A6FBE62768CC7A00B82AF8 /* CityPlacesUITests.swift */ = {isa = PBXFileReference; lastKnownFileType = sourcecode.swift; path = CityPlacesUITests.swift; sourceTree = "<group>"; };
		18A6FBE82768CC7A00B82AF8 /* CityPlacesUITestsLaunchTests.swift */ = {isa = PBXFileReference; lastKnownFileType = sourcecode.swift; path = CityPlacesUITestsLaunchTests.swift; sourceTree = "<group>"; };
/* End PBXFileReference section */

/* Begin PBXFrameworksBuildPhase section */
		18A6FBC52768CC7600B82AF8 /* Frameworks */ = {
			isa = PBXFrameworksBuildPhase;
			buildActionMask = 2147483647;
			files = (
			);
			runOnlyForDeploymentPostprocessing = 0;
		};
		18A6FBD52768CC7A00B82AF8 /* Frameworks */ = {
			isa = PBXFrameworksBuildPhase;
			buildActionMask = 2147483647;
			files = (
			);
			runOnlyForDeploymentPostprocessing = 0;
		};
		18A6FBDF2768CC7A00B82AF8 /* Frameworks */ = {
			isa = PBXFrameworksBuildPhase;
			buildActionMask = 2147483647;
			files = (
			);
			runOnlyForDeploymentPostprocessing = 0;
		};
/* End PBXFrameworksBuildPhase section */

/* Begin PBXGroup section */
		186EBBE52769647100332D95 /* Helpers */ = {
			isa = PBXGroup;
			children = (
				186EBBE3276963CF00332D95 /* FavoriteButtonView.swift */,
				188006302768D7810056EDA6 /* ImageView.swift */,
				188006322768DABA0056EDA6 /* MapView.swift */,
			);
			path = Helpers;
			sourceTree = "<group>";
		};
		186EBBE62769648000332D95 /* Landmarks */ = {
			isa = PBXGroup;
			children = (
				188006402768E2370056EDA6 /* LandmarkRow.swift */,
				188006422768E5270056EDA6 /* LandmarkList.swift */,
				188006442768E67D0056EDA6 /* LandmarkDetail.swift */,
			);
			path = Landmarks;
			sourceTree = "<group>";
		};
		1880063B2768E0EE0056EDA6 /* Views */ = {
			isa = PBXGroup;
			children = (
				18A6FBCD2768CC7700B82AF8 /* ContentView.swift */,
				186EBBE52769647100332D95 /* Helpers */,
				186EBBE62769648000332D95 /* Landmarks */,
				1858FA53276A8FE80045FC3C /* HexParams.swift */,
				1858FA55276A91410045FC3C /* BadgeBackground.swift */,
			);
			path = Views;
			sourceTree = "<group>";
		};
		1880063C2768E10E0056EDA6 /* Resources */ = {
			isa = PBXGroup;
			children = (
				188006342768DF2C0056EDA6 /* landmarkData.json */,
			);
			path = Resources;
			sourceTree = "<group>";
		};
		1880063D2768E11D0056EDA6 /* Model */ = {
			isa = PBXGroup;
			children = (
				188006362768DF450056EDA6 /* Landmark.swift */,
				188006382768E06A0056EDA6 /* ModelData.swift */,
			);
			path = Model;
			sourceTree = "<group>";
		};
		18A6FBBF2768CC7600B82AF8 = {
			isa = PBXGroup;
			children = (
				18A6FBCA2768CC7700B82AF8 /* CityPlaces */,
				18A6FBDB2768CC7A00B82AF8 /* CityPlacesTests */,
				18A6FBE52768CC7A00B82AF8 /* CityPlacesUITests */,
				18A6FBC92768CC7700B82AF8 /* Products */,
			);
			sourceTree = "<group>";
			usesTabs = 0;
		};
		18A6FBC92768CC7700B82AF8 /* Products */ = {
			isa = PBXGroup;
			children = (
				18A6FBC82768CC7700B82AF8 /* CityPlaces.app */,
				18A6FBD82768CC7A00B82AF8 /* CityPlacesTests.xctest */,
				18A6FBE22768CC7A00B82AF8 /* CityPlacesUITests.xctest */,
			);
			name = Products;
			sourceTree = "<group>";
		};
		18A6FBCA2768CC7700B82AF8 /* CityPlaces */ = {
			isa = PBXGroup;
			children = (
				18A6FBCB2768CC7700B82AF8 /* CityPlacesApp.swift */,
				1880063B2768E0EE0056EDA6 /* Views */,
				1880063C2768E10E0056EDA6 /* Resources */,
				18A6FBCF2768CC7900B82AF8 /* Assets.xcassets */,
				1880063D2768E11D0056EDA6 /* Model */,
				18A6FBD12768CC7900B82AF8 /* Preview Content */,
			);
			path = CityPlaces;
			sourceTree = "<group>";
		};
		18A6FBD12768CC7900B82AF8 /* Preview Content */ = {
			isa = PBXGroup;
			children = (
				18A6FBD22768CC7900B82AF8 /* Preview Assets.xcassets */,
			);
			path = "Preview Content";
			sourceTree = "<group>";
		};
		18A6FBDB2768CC7A00B82AF8 /* CityPlacesTests */ = {
			isa = PBXGroup;
			children = (
				18A6FBDC2768CC7A00B82AF8 /* CityPlacesTests.swift */,
			);
			path = CityPlacesTests;
			sourceTree = "<group>";
		};
		18A6FBE52768CC7A00B82AF8 /* CityPlacesUITests */ = {
			isa = PBXGroup;
			children = (
				18A6FBE62768CC7A00B82AF8 /* CityPlacesUITests.swift */,
				18A6FBE82768CC7A00B82AF8 /* CityPlacesUITestsLaunchTests.swift */,
			);
			path = CityPlacesUITests;
			sourceTree = "<group>";
		};
/* End PBXGroup section */

/* Begin PBXNativeTarget section */
		18A6FBC72768CC7600B82AF8 /* CityPlaces */ = {
			isa = PBXNativeTarget;
			buildConfigurationList = 18A6FBEC2768CC7A00B82AF8 /* Build configuration list for PBXNativeTarget "CityPlaces" */;
			buildPhases = (
				18A6FBC42768CC7600B82AF8 /* Sources */,
				18A6FBC52768CC7600B82AF8 /* Frameworks */,
				18A6FBC62768CC7600B82AF8 /* Resources */,
			);
			buildRules = (
			);
			dependencies = (
			);
			name = CityPlaces;
			productName = CityPlaces;
			productReference = 18A6FBC82768CC7700B82AF8 /* CityPlaces.app */;
			productType = "com.apple.product-type.application";
		};
		18A6FBD72768CC7A00B82AF8 /* CityPlacesTests */ = {
			isa = PBXNativeTarget;
			buildConfigurationList = 18A6FBEF2768CC7A00B82AF8 /* Build configuration list for PBXNativeTarget "CityPlacesTests" */;
			buildPhases = (
				18A6FBD42768CC7A00B82AF8 /* Sources */,
				18A6FBD52768CC7A00B82AF8 /* Frameworks */,
				18A6FBD62768CC7A00B82AF8 /* Resources */,
			);
			buildRules = (
			);
			dependencies = (
				18A6FBDA2768CC7A00B82AF8 /* PBXTargetDependency */,
			);
			name = CityPlacesTests;
			productName = CityPlacesTests;
			productReference = 18A6FBD82768CC7A00B82AF8 /* CityPlacesTests.xctest */;
			productType = "com.apple.product-type.bundle.unit-test";
		};
		18A6FBE12768CC7A00B82AF8 /* CityPlacesUITests */ = {
			isa = PBXNativeTarget;
			buildConfigurationList = 18A6FBF22768CC7A00B82AF8 /* Build configuration list for PBXNativeTarget "CityPlacesUITests" */;
			buildPhases = (
				18A6FBDE2768CC7A00B82AF8 /* Sources */,
				18A6FBDF2768CC7A00B82AF8 /* Frameworks */,
				18A6FBE02768CC7A00B82AF8 /* Resources */,
			);
			buildRules = (
			);
			dependencies = (
				18A6FBE42768CC7A00B82AF8 /* PBXTargetDependency */,
			);
			name = CityPlacesUITests;
			productName = CityPlacesUITests;
			productReference = 18A6FBE22768CC7A00B82AF8 /* CityPlacesUITests.xctest */;
			productType = "com.apple.product-type.bundle.ui-testing";
		};
/* End PBXNativeTarget section */

/* Begin PBXProject section */
		18A6FBC02768CC7600B82AF8 /* Project object */ = {
			isa = PBXProject;
			attributes = {
				BuildIndependentTargetsInParallel = 1;
				LastSwiftUpdateCheck = 1300;
				LastUpgradeCheck = 1300;
				TargetAttributes = {
					18A6FBC72768CC7600B82AF8 = {
						CreatedOnToolsVersion = 13.0;
					};
					18A6FBD72768CC7A00B82AF8 = {
						CreatedOnToolsVersion = 13.0;
						TestTargetID = 18A6FBC72768CC7600B82AF8;
					};
					18A6FBE12768CC7A00B82AF8 = {
						CreatedOnToolsVersion = 13.0;
						TestTargetID = 18A6FBC72768CC7600B82AF8;
					};
				};
			};
			buildConfigurationList = 18A6FBC32768CC7600B82AF8 /* Build configuration list for PBXProject "CityPlaces" */;
			compatibilityVersion = "Xcode 13.0";
			developmentRegion = en;
			hasScannedForEncodings = 0;
			knownRegions = (
				en,
				Base,
			);
			mainGroup = 18A6FBBF2768CC7600B82AF8;
			productRefGroup = 18A6FBC92768CC7700B82AF8 /* Products */;
			projectDirPath = "";
			projectRoot = "";
			targets = (
				18A6FBC72768CC7600B82AF8 /* CityPlaces */,
				18A6FBD72768CC7A00B82AF8 /* CityPlacesTests */,
				18A6FBE12768CC7A00B82AF8 /* CityPlacesUITests */,
			);
		};
/* End PBXProject section */

/* Begin PBXResourcesBuildPhase section */
		18A6FBC62768CC7600B82AF8 /* Resources */ = {
			isa = PBXResourcesBuildPhase;
			buildActionMask = 2147483647;
			files = (
				18A6FBD32768CC7900B82AF8 /* Preview Assets.xcassets in Resources */,
				18A6FBD02768CC7900B82AF8 /* Assets.xcassets in Resources */,
				188006352768DF2C0056EDA6 /* landmarkData.json in Resources */,
			);
			runOnlyForDeploymentPostprocessing = 0;
		};
		18A6FBD62768CC7A00B82AF8 /* Resources */ = {
			isa = PBXResourcesBuildPhase;
			buildActionMask = 2147483647;
			files = (
			);
			runOnlyForDeploymentPostprocessing = 0;
		};
		18A6FBE02768CC7A00B82AF8 /* Resources */ = {
			isa = PBXResourcesBuildPhase;
			buildActionMask = 2147483647;
			files = (
			);
			runOnlyForDeploymentPostprocessing = 0;
		};
/* End PBXResourcesBuildPhase section */

/* Begin PBXSourcesBuildPhase section */
		18A6FBC42768CC7600B82AF8 /* Sources */ = {
			isa = PBXSourcesBuildPhase;
			buildActionMask = 2147483647;
			files = (
				1858FA54276A8FE80045FC3C /* HexParams.swift in Sources */,
				188006312768D7810056EDA6 /* ImageView.swift in Sources */,
				188006332768DABA0056EDA6 /* MapView.swift in Sources */,
				18A6FBCE2768CC7700B82AF8 /* ContentView.swift in Sources */,
				188006432768E5270056EDA6 /* LandmarkList.swift in Sources */,
				188006452768E67D0056EDA6 /* LandmarkDetail.swift in Sources */,
				18A6FBCC2768CC7700B82AF8 /* CityPlacesApp.swift in Sources */,
				1858FA56276A91410045FC3C /* BadgeBackground.swift in Sources */,
				188006372768DF450056EDA6 /* Landmark.swift in Sources */,
				188006412768E2370056EDA6 /* LandmarkRow.swift in Sources */,
				186EBBE4276963CF00332D95 /* FavoriteButtonView.swift in Sources */,
				188006392768E06A0056EDA6 /* ModelData.swift in Sources */,
			);
			runOnlyForDeploymentPostprocessing = 0;
		};
		18A6FBD42768CC7A00B82AF8 /* Sources */ = {
			isa = PBXSourcesBuildPhase;
			buildActionMask = 2147483647;
			files = (
				18A6FBDD2768CC7A00B82AF8 /* CityPlacesTests.swift in Sources */,
			);
			runOnlyForDeploymentPostprocessing = 0;
		};
		18A6FBDE2768CC7A00B82AF8 /* Sources */ = {
			isa = PBXSourcesBuildPhase;
			buildActionMask = 2147483647;
			files = (
				18A6FBE72768CC7A00B82AF8 /* CityPlacesUITests.swift in Sources */,
				18A6FBE92768CC7A00B82AF8 /* CityPlacesUITestsLaunchTests.swift in Sources */,
			);
			runOnlyForDeploymentPostprocessing = 0;
		};
/* End PBXSourcesBuildPhase section */

/* Begin PBXTargetDependency section */
		18A6FBDA2768CC7A00B82AF8 /* PBXTargetDependency */ = {
			isa = PBXTargetDependency;
			target = 18A6FBC72768CC7600B82AF8 /* CityPlaces */;
			targetProxy = 18A6FBD92768CC7A00B82AF8 /* PBXContainerItemProxy */;
		};
		18A6FBE42768CC7A00B82AF8 /* PBXTargetDependency */ = {
			isa = PBXTargetDependency;
			target = 18A6FBC72768CC7600B82AF8 /* CityPlaces */;
			targetProxy = 18A6FBE32768CC7A00B82AF8 /* PBXContainerItemProxy */;
		};
/* End PBXTargetDependency section */

/* Begin XCBuildConfiguration section */
		18A6FBEA2768CC7A00B82AF8 /* Debug */ = {
			isa = XCBuildConfiguration;
			buildSettings = {
				ALWAYS_SEARCH_USER_PATHS = NO;
				CLANG_ANALYZER_NONNULL = YES;
				CLANG_ANALYZER_NUMBER_OBJECT_CONVERSION = YES_AGGRESSIVE;
				CLANG_CXX_LANGUAGE_STANDARD = "gnu++17";
				CLANG_CXX_LIBRARY = "libc++";
				CLANG_ENABLE_MODULES = YES;
				CLANG_ENABLE_OBJC_ARC = YES;
				CLANG_ENABLE_OBJC_WEAK = YES;
				CLANG_WARN_BLOCK_CAPTURE_AUTORELEASING = YES;
				CLANG_WARN_BOOL_CONVERSION = YES;
				CLANG_WARN_COMMA = YES;
				CLANG_WARN_CONSTANT_CONVERSION = YES;
				CLANG_WARN_DEPRECATED_OBJC_IMPLEMENTATIONS = YES;
				CLANG_WARN_DIRECT_OBJC_ISA_USAGE = YES_ERROR;
				CLANG_WARN_DOCUMENTATION_COMMENTS = YES;
				CLANG_WARN_EMPTY_BODY = YES;
				CLANG_WARN_ENUM_CONVERSION = YES;
				CLANG_WARN_INFINITE_RECURSION = YES;
				CLANG_WARN_INT_CONVERSION = YES;
				CLANG_WARN_NON_LITERAL_NULL_CONVERSION = YES;
				CLANG_WARN_OBJC_IMPLICIT_RETAIN_SELF = YES;
				CLANG_WARN_OBJC_LITERAL_CONVERSION = YES;
				CLANG_WARN_OBJC_ROOT_CLASS = YES_ERROR;
				CLANG_WARN_QUOTED_INCLUDE_IN_FRAMEWORK_HEADER = YES;
				CLANG_WARN_RANGE_LOOP_ANALYSIS = YES;
				CLANG_WARN_STRICT_PROTOTYPES = YES;
				CLANG_WARN_SUSPICIOUS_MOVE = YES;
				CLANG_WARN_UNGUARDED_AVAILABILITY = YES_AGGRESSIVE;
				CLANG_WARN_UNREACHABLE_CODE = YES;
				CLANG_WARN__DUPLICATE_METHOD_MATCH = YES;
				COPY_PHASE_STRIP = NO;
				DEBUG_INFORMATION_FORMAT = dwarf;
				ENABLE_STRICT_OBJC_MSGSEND = YES;
				ENABLE_TESTABILITY = YES;
				GCC_C_LANGUAGE_STANDARD = gnu11;
				GCC_DYNAMIC_NO_PIC = NO;
				GCC_NO_COMMON_BLOCKS = YES;
				GCC_OPTIMIZATION_LEVEL = 0;
				GCC_PREPROCESSOR_DEFINITIONS = (
					"DEBUG=1",
					"$(inherited)",
				);
				GCC_WARN_64_TO_32_BIT_CONVERSION = YES;
				GCC_WARN_ABOUT_RETURN_TYPE = YES_ERROR;
				GCC_WARN_UNDECLARED_SELECTOR = YES;
				GCC_WARN_UNINITIALIZED_AUTOS = YES_AGGRESSIVE;
				GCC_WARN_UNUSED_FUNCTION = YES;
				GCC_WARN_UNUSED_VARIABLE = YES;
				IPHONEOS_DEPLOYMENT_TARGET = 15.2;
				MTL_ENABLE_DEBUG_INFO = INCLUDE_SOURCE;
				MTL_FAST_MATH = YES;
				ONLY_ACTIVE_ARCH = YES;
				SDKROOT = iphoneos;
				SWIFT_ACTIVE_COMPILATION_CONDITIONS = DEBUG;
				SWIFT_OPTIMIZATION_LEVEL = "-Onone";
			};
			name = Debug;
		};
		18A6FBEB2768CC7A00B82AF8 /* Release */ = {
			isa = XCBuildConfiguration;
			buildSettings = {
				ALWAYS_SEARCH_USER_PATHS = NO;
				CLANG_ANALYZER_NONNULL = YES;
				CLANG_ANALYZER_NUMBER_OBJECT_CONVERSION = YES_AGGRESSIVE;
				CLANG_CXX_LANGUAGE_STANDARD = "gnu++17";
				CLANG_CXX_LIBRARY = "libc++";
				CLANG_ENABLE_MODULES = YES;
				CLANG_ENABLE_OBJC_ARC = YES;
				CLANG_ENABLE_OBJC_WEAK = YES;
				CLANG_WARN_BLOCK_CAPTURE_AUTORELEASING = YES;
				CLANG_WARN_BOOL_CONVERSION = YES;
				CLANG_WARN_COMMA = YES;
				CLANG_WARN_CONSTANT_CONVERSION = YES;
				CLANG_WARN_DEPRECATED_OBJC_IMPLEMENTATIONS = YES;
				CLANG_WARN_DIRECT_OBJC_ISA_USAGE = YES_ERROR;
				CLANG_WARN_DOCUMENTATION_COMMENTS = YES;
				CLANG_WARN_EMPTY_BODY = YES;
				CLANG_WARN_ENUM_CONVERSION = YES;
				CLANG_WARN_INFINITE_RECURSION = YES;
				CLANG_WARN_INT_CONVERSION = YES;
				CLANG_WARN_NON_LITERAL_NULL_CONVERSION = YES;
				CLANG_WARN_OBJC_IMPLICIT_RETAIN_SELF = YES;
				CLANG_WARN_OBJC_LITERAL_CONVERSION = YES;
				CLANG_WARN_OBJC_ROOT_CLASS = YES_ERROR;
				CLANG_WARN_QUOTED_INCLUDE_IN_FRAMEWORK_HEADER = YES;
				CLANG_WARN_RANGE_LOOP_ANALYSIS = YES;
				CLANG_WARN_STRICT_PROTOTYPES = YES;
				CLANG_WARN_SUSPICIOUS_MOVE = YES;
				CLANG_WARN_UNGUARDED_AVAILABILITY = YES_AGGRESSIVE;
				CLANG_WARN_UNREACHABLE_CODE = YES;
				CLANG_WARN__DUPLICATE_METHOD_MATCH = YES;
				COPY_PHASE_STRIP = NO;
				DEBUG_INFORMATION_FORMAT = "dwarf-with-dsym";
				ENABLE_NS_ASSERTIONS = NO;
				ENABLE_STRICT_OBJC_MSGSEND = YES;
				GCC_C_LANGUAGE_STANDARD = gnu11;
				GCC_NO_COMMON_BLOCKS = YES;
				GCC_WARN_64_TO_32_BIT_CONVERSION = YES;
				GCC_WARN_ABOUT_RETURN_TYPE = YES_ERROR;
				GCC_WARN_UNDECLARED_SELECTOR = YES;
				GCC_WARN_UNINITIALIZED_AUTOS = YES_AGGRESSIVE;
				GCC_WARN_UNUSED_FUNCTION = YES;
				GCC_WARN_UNUSED_VARIABLE = YES;
				IPHONEOS_DEPLOYMENT_TARGET = 15.2;
				MTL_ENABLE_DEBUG_INFO = NO;
				MTL_FAST_MATH = YES;
				SDKROOT = iphoneos;
				SWIFT_COMPILATION_MODE = wholemodule;
				SWIFT_OPTIMIZATION_LEVEL = "-O";
				VALIDATE_PRODUCT = YES;
			};
			name = Release;
		};
		18A6FBED2768CC7A00B82AF8 /* Debug */ = {
			isa = XCBuildConfiguration;
			buildSettings = {
				ASSETCATALOG_COMPILER_APPICON_NAME = AppIcon;
				ASSETCATALOG_COMPILER_GLOBAL_ACCENT_COLOR_NAME = AccentColor;
				CODE_SIGN_STYLE = Automatic;
				CURRENT_PROJECT_VERSION = 1;
				DEVELOPMENT_ASSET_PATHS = "\"CityPlaces/Preview Content\"";
				ENABLE_PREVIEWS = YES;
				GENERATE_INFOPLIST_FILE = YES;
				INFOPLIST_KEY_UIApplicationSceneManifest_Generation = YES;
				INFOPLIST_KEY_UIApplicationSupportsIndirectInputEvents = YES;
				INFOPLIST_KEY_UILaunchScreen_Generation = YES;
				INFOPLIST_KEY_UISupportedInterfaceOrientations_iPad = "UIInterfaceOrientationPortrait UIInterfaceOrientationPortraitUpsideDown UIInterfaceOrientationLandscapeLeft UIInterfaceOrientationLandscapeRight";
				INFOPLIST_KEY_UISupportedInterfaceOrientations_iPhone = "UIInterfaceOrientationPortrait UIInterfaceOrientationLandscapeLeft UIInterfaceOrientationLandscapeRight";
				IPHONEOS_DEPLOYMENT_TARGET = 15.2;
				LD_RUNPATH_SEARCH_PATHS = (
					"$(inherited)",
					"@executable_path/Frameworks",
				);
				MARKETING_VERSION = 1.0;
				PRODUCT_BUNDLE_IDENTIFIER = darkIrdya.CityPlaces;
				PRODUCT_NAME = "$(TARGET_NAME)";
				SWIFT_EMIT_LOC_STRINGS = YES;
				SWIFT_VERSION = 5.0;
				TARGETED_DEVICE_FAMILY = 1;
			};
			name = Debug;
		};
		18A6FBEE2768CC7A00B82AF8 /* Release */ = {
			isa = XCBuildConfiguration;
			buildSettings = {
				ASSETCATALOG_COMPILER_APPICON_NAME = AppIcon;
				ASSETCATALOG_COMPILER_GLOBAL_ACCENT_COLOR_NAME = AccentColor;
				CODE_SIGN_STYLE = Automatic;
				CURRENT_PROJECT_VERSION = 1;
				DEVELOPMENT_ASSET_PATHS = "\"CityPlaces/Preview Content\"";
				ENABLE_PREVIEWS = YES;
				GENERATE_INFOPLIST_FILE = YES;
				INFOPLIST_KEY_UIApplicationSceneManifest_Generation = YES;
				INFOPLIST_KEY_UIApplicationSupportsIndirectInputEvents = YES;
				INFOPLIST_KEY_UILaunchScreen_Generation = YES;
				INFOPLIST_KEY_UISupportedInterfaceOrientations_iPad = "UIInterfaceOrientationPortrait UIInterfaceOrientationPortraitUpsideDown UIInterfaceOrientationLandscapeLeft UIInterfaceOrientationLandscapeRight";
				INFOPLIST_KEY_UISupportedInterfaceOrientations_iPhone = "UIInterfaceOrientationPortrait UIInterfaceOrientationLandscapeLeft UIInterfaceOrientationLandscapeRight";
				IPHONEOS_DEPLOYMENT_TARGET = 15.2;
				LD_RUNPATH_SEARCH_PATHS = (
					"$(inherited)",
					"@executable_path/Frameworks",
				);
				MARKETING_VERSION = 1.0;
				PRODUCT_BUNDLE_IDENTIFIER = darkIrdya.CityPlaces;
				PRODUCT_NAME = "$(TARGET_NAME)";
				SWIFT_EMIT_LOC_STRINGS = YES;
				SWIFT_VERSION = 5.0;
				TARGETED_DEVICE_FAMILY = 1;
			};
			name = Release;
		};
		18A6FBF02768CC7A00B82AF8 /* Debug */ = {
			isa = XCBuildConfiguration;
			buildSettings = {
				ALWAYS_EMBED_SWIFT_STANDARD_LIBRARIES = YES;
				CODE_SIGN_STYLE = Automatic;
				CURRENT_PROJECT_VERSION = 1;
				GENERATE_INFOPLIST_FILE = YES;
				IPHONEOS_DEPLOYMENT_TARGET = 15.2;
				LD_RUNPATH_SEARCH_PATHS = (
					"$(inherited)",
					"@executable_path/Frameworks",
					"@loader_path/Frameworks",
				);
				MARKETING_VERSION = 1.0;
				PRODUCT_BUNDLE_IDENTIFIER = darkIrdya.CityPlacesTests;
				PRODUCT_NAME = "$(TARGET_NAME)";
				SWIFT_EMIT_LOC_STRINGS = NO;
				SWIFT_VERSION = 5.0;
				TARGETED_DEVICE_FAMILY = "1,2";
				TEST_HOST = "$(BUILT_PRODUCTS_DIR)/CityPlaces.app/CityPlaces";
			};
			name = Debug;
		};
		18A6FBF12768CC7A00B82AF8 /* Release */ = {
			isa = XCBuildConfiguration;
			buildSettings = {
				ALWAYS_EMBED_SWIFT_STANDARD_LIBRARIES = YES;
				CODE_SIGN_STYLE = Automatic;
				CURRENT_PROJECT_VERSION = 1;
				GENERATE_INFOPLIST_FILE = YES;
				IPHONEOS_DEPLOYMENT_TARGET = 15.2;
				LD_RUNPATH_SEARCH_PATHS = (
					"$(inherited)",
					"@executable_path/Frameworks",
					"@loader_path/Frameworks",
				);
				MARKETING_VERSION = 1.0;
				PRODUCT_BUNDLE_IDENTIFIER = darkIrdya.CityPlacesTests;
				PRODUCT_NAME = "$(TARGET_NAME)";
				SWIFT_EMIT_LOC_STRINGS = NO;
				SWIFT_VERSION = 5.0;
				TARGETED_DEVICE_FAMILY = "1,2";
				TEST_HOST = "$(BUILT_PRODUCTS_DIR)/CityPlaces.app/CityPlaces";
			};
			name = Release;
		};
		18A6FBF32768CC7A00B82AF8 /* Debug */ = {
			isa = XCBuildConfiguration;
			buildSettings = {
				ALWAYS_EMBED_SWIFT_STANDARD_LIBRARIES = YES;
				CODE_SIGN_STYLE = Automatic;
				CURRENT_PROJECT_VERSION = 1;
				GENERATE_INFOPLIST_FILE = YES;
				LD_RUNPATH_SEARCH_PATHS = (
					"$(inherited)",
					"@executable_path/Frameworks",
					"@loader_path/Frameworks",
				);
				MARKETING_VERSION = 1.0;
				PRODUCT_BUNDLE_IDENTIFIER = darkIrdya.CityPlacesUITests;
				PRODUCT_NAME = "$(TARGET_NAME)";
				PROVISIONING_PROFILE = "";
				SWIFT_EMIT_LOC_STRINGS = NO;
				SWIFT_VERSION = 5.0;
				TARGETED_DEVICE_FAMILY = "1,2";
				TEST_TARGET_NAME = CityPlaces;
			};
			name = Debug;
		};
		18A6FBF42768CC7A00B82AF8 /* Release */ = {
			isa = XCBuildConfiguration;
			buildSettings = {
				ALWAYS_EMBED_SWIFT_STANDARD_LIBRARIES = YES;
				CODE_SIGN_STYLE = Automatic;
				CURRENT_PROJECT_VERSION = 1;
				GENERATE_INFOPLIST_FILE = YES;
				LD_RUNPATH_SEARCH_PATHS = (
					"$(inherited)",
					"@executable_path/Frameworks",
					"@loader_path/Frameworks",
				);
				MARKETING_VERSION = 1.0;
				PRODUCT_BUNDLE_IDENTIFIER = darkIrdya.CityPlacesUITests;
				PRODUCT_NAME = "$(TARGET_NAME)";
				PROVISIONING_PROFILE = "";
				SWIFT_EMIT_LOC_STRINGS = NO;
				SWIFT_VERSION = 5.0;
				TARGETED_DEVICE_FAMILY = "1,2";
				TEST_TARGET_NAME = CityPlaces;
			};
			name = Release;
		};
/* End XCBuildConfiguration section */

/* Begin XCConfigurationList section */
		18A6FBC32768CC7600B82AF8 /* Build configuration list for PBXProject "CityPlaces" */ = {
			isa = XCConfigurationList;
			buildConfigurations = (
				18A6FBEA2768CC7A00B82AF8 /* Debug */,
				18A6FBEB2768CC7A00B82AF8 /* Release */,
			);
			defaultConfigurationIsVisible = 0;
			defaultConfigurationName = Release;
		};
		18A6FBEC2768CC7A00B82AF8 /* Build configuration list for PBXNativeTarget "CityPlaces" */ = {
			isa = XCConfigurationList;
			buildConfigurations = (
				18A6FBED2768CC7A00B82AF8 /* Debug */,
				18A6FBEE2768CC7A00B82AF8 /* Release */,
			);
			defaultConfigurationIsVisible = 0;
			defaultConfigurationName = Release;
		};
		18A6FBEF2768CC7A00B82AF8 /* Build configuration list for PBXNativeTarget "CityPlacesTests" */ = {
			isa = XCConfigurationList;
			buildConfigurations = (
				18A6FBF02768CC7A00B82AF8 /* Debug */,
				18A6FBF12768CC7A00B82AF8 /* Release */,
			);
			defaultConfigurationIsVisible = 0;
			defaultConfigurationName = Release;
		};
		18A6FBF22768CC7A00B82AF8 /* Build configuration list for PBXNativeTarget "CityPlacesUITests" */ = {
			isa = XCConfigurationList;
			buildConfigurations = (
				18A6FBF32768CC7A00B82AF8 /* Debug */,
				18A6FBF42768CC7A00B82AF8 /* Release */,
			);
			defaultConfigurationIsVisible = 0;
			defaultConfigurationName = Release;
		};
/* End XCConfigurationList section */
	};
	rootObject = 18A6FBC02768CC7600B82AF8 /* Project object */;
}
