// !$*UTF8*$!
{
	archiveVersion = 1;
	classes = {
	};
	objectVersion = 55;
	objects = {

/* Begin PBXBuildFile section */
		18A6F52227CD099A00DE1166 /* AfricaAppApp.swift in Sources */ = {isa = PBXBuildFile; fileRef = 18A6F52127CD099A00DE1166 /* AfricaAppApp.swift */; };
		18A6F52427CD099A00DE1166 /* ContentView.swift in Sources */ = {isa = PBXBuildFile; fileRef = 18A6F52327CD099A00DE1166 /* ContentView.swift */; };
		18A6F52627CD099B00DE1166 /* Assets.xcassets in Resources */ = {isa = PBXBuildFile; fileRef = 18A6F52527CD099B00DE1166 /* Assets.xcassets */; };
		18A6F52927CD099B00DE1166 /* Preview Assets.xcassets in Resources */ = {isa = PBXBuildFile; fileRef = 18A6F52827CD099B00DE1166 /* Preview Assets.xcassets */; };
		18A6F53A27CD0EF300DE1166 /* hippo.mp4 in Resources */ = {isa = PBXBuildFile; fileRef = 18A6F53027CD0EF300DE1166 /* hippo.mp4 */; };
		18A6F53B27CD0EF300DE1166 /* elephant.mp4 in Resources */ = {isa = PBXBuildFile; fileRef = 18A6F53127CD0EF300DE1166 /* elephant.mp4 */; };
		18A6F53C27CD0EF300DE1166 /* gorilla.mp4 in Resources */ = {isa = PBXBuildFile; fileRef = 18A6F53227CD0EF300DE1166 /* gorilla.mp4 */; };
		18A6F53D27CD0EF300DE1166 /* giraffe.mp4 in Resources */ = {isa = PBXBuildFile; fileRef = 18A6F53327CD0EF300DE1166 /* giraffe.mp4 */; };
		18A6F53E27CD0EF300DE1166 /* zebra.mp4 in Resources */ = {isa = PBXBuildFile; fileRef = 18A6F53427CD0EF300DE1166 /* zebra.mp4 */; };
		18A6F53F27CD0EF300DE1166 /* lioness.mp4 in Resources */ = {isa = PBXBuildFile; fileRef = 18A6F53527CD0EF300DE1166 /* lioness.mp4 */; };
		18A6F54027CD0EF300DE1166 /* ostrich.mp4 in Resources */ = {isa = PBXBuildFile; fileRef = 18A6F53627CD0EF300DE1166 /* ostrich.mp4 */; };
		18A6F54127CD0EF300DE1166 /* lion.mp4 in Resources */ = {isa = PBXBuildFile; fileRef = 18A6F53727CD0EF300DE1166 /* lion.mp4 */; };
		18A6F54227CD0EF300DE1166 /* rhino.mp4 in Resources */ = {isa = PBXBuildFile; fileRef = 18A6F53827CD0EF300DE1166 /* rhino.mp4 */; };
		18A6F54327CD0EF300DE1166 /* cheetah.mp4 in Resources */ = {isa = PBXBuildFile; fileRef = 18A6F53927CD0EF300DE1166 /* cheetah.mp4 */; };
		18A6F54927CD0F8400DE1166 /* locations.json in Resources */ = {isa = PBXBuildFile; fileRef = 18A6F54527CD0F8400DE1166 /* locations.json */; };
		18A6F54A27CD0F8400DE1166 /* covers.json in Resources */ = {isa = PBXBuildFile; fileRef = 18A6F54627CD0F8400DE1166 /* covers.json */; };
		18A6F54B27CD0F8400DE1166 /* videos.json in Resources */ = {isa = PBXBuildFile; fileRef = 18A6F54727CD0F8400DE1166 /* videos.json */; };
		18A6F54C27CD0F8400DE1166 /* animals.json in Resources */ = {isa = PBXBuildFile; fileRef = 18A6F54827CD0F8400DE1166 /* animals.json */; };
		18A6F55127CD1A3A00DE1166 /* MapView.swift in Sources */ = {isa = PBXBuildFile; fileRef = 18A6F55027CD1A3A00DE1166 /* MapView.swift */; };
		18A6F55327CD1A5500DE1166 /* VideoListView.swift in Sources */ = {isa = PBXBuildFile; fileRef = 18A6F55227CD1A5500DE1166 /* VideoListView.swift */; };
		18A6F55527CD1B6000DE1166 /* GalleryView.swift in Sources */ = {isa = PBXBuildFile; fileRef = 18A6F55427CD1B6000DE1166 /* GalleryView.swift */; };
		18A6F55727CD1B6D00DE1166 /* MainView.swift in Sources */ = {isa = PBXBuildFile; fileRef = 18A6F55627CD1B6D00DE1166 /* MainView.swift */; };
		18A6F55A27CD378E00DE1166 /* CoverImageView.swift in Sources */ = {isa = PBXBuildFile; fileRef = 18A6F55927CD378E00DE1166 /* CoverImageView.swift */; };
		18A6F55D27CD4C6E00DE1166 /* CoverImageModel.swift in Sources */ = {isa = PBXBuildFile; fileRef = 18A6F55C27CD4C6E00DE1166 /* CoverImageModel.swift */; };
		18A6F56027CD5DA000DE1166 /* CodableBundleExtension.swift in Sources */ = {isa = PBXBuildFile; fileRef = 18A6F55F27CD5DA000DE1166 /* CodableBundleExtension.swift */; };
		18A6F56227CD646400DE1166 /* AnimalListItemView.swift in Sources */ = {isa = PBXBuildFile; fileRef = 18A6F56127CD646400DE1166 /* AnimalListItemView.swift */; };
		18A6F56427CD678000DE1166 /* AnimalModel.swift in Sources */ = {isa = PBXBuildFile; fileRef = 18A6F56327CD678000DE1166 /* AnimalModel.swift */; };
		18A6F56627CE267A00DE1166 /* AnimalDetailView.swift in Sources */ = {isa = PBXBuildFile; fileRef = 18A6F56527CE267A00DE1166 /* AnimalDetailView.swift */; };
		18A6F56827CE2D5E00DE1166 /* HeadingView.swift in Sources */ = {isa = PBXBuildFile; fileRef = 18A6F56727CE2D5E00DE1166 /* HeadingView.swift */; };
		18A6F56A27CE470100DE1166 /* InsetGalleryView.swift in Sources */ = {isa = PBXBuildFile; fileRef = 18A6F56927CE470100DE1166 /* InsetGalleryView.swift */; };
		18A6F56C27CE4CEB00DE1166 /* InsetFactView.swift in Sources */ = {isa = PBXBuildFile; fileRef = 18A6F56B27CE4CEB00DE1166 /* InsetFactView.swift */; };
		18A6F57027CE5BC600DE1166 /* InsetMapView.swift in Sources */ = {isa = PBXBuildFile; fileRef = 18A6F56F27CE5BC600DE1166 /* InsetMapView.swift */; };
		18A6F57227CE5F1F00DE1166 /* ExternalWebLinkView.swift in Sources */ = {isa = PBXBuildFile; fileRef = 18A6F57127CE5F1F00DE1166 /* ExternalWebLinkView.swift */; };
		18A6F57427CE69DE00DE1166 /* VideoModel.swift in Sources */ = {isa = PBXBuildFile; fileRef = 18A6F57327CE69DE00DE1166 /* VideoModel.swift */; };
		18A6F57627CE6A3700DE1166 /* VideoListItemView.swift in Sources */ = {isa = PBXBuildFile; fileRef = 18A6F57527CE6A3700DE1166 /* VideoListItemView.swift */; };
		18A6F57827CEA80200DE1166 /* VideoPlayerView.swift in Sources */ = {isa = PBXBuildFile; fileRef = 18A6F57727CEA80200DE1166 /* VideoPlayerView.swift */; };
		18A6F57A27CEA8EB00DE1166 /* VideoPlayerHelper.swift in Sources */ = {isa = PBXBuildFile; fileRef = 18A6F57927CEA8EB00DE1166 /* VideoPlayerHelper.swift */; };
/* End PBXBuildFile section */

/* Begin PBXFileReference section */
		18A6F51E27CD099A00DE1166 /* AfricaApp.app */ = {isa = PBXFileReference; explicitFileType = wrapper.application; includeInIndex = 0; path = AfricaApp.app; sourceTree = BUILT_PRODUCTS_DIR; };
		18A6F52127CD099A00DE1166 /* AfricaAppApp.swift */ = {isa = PBXFileReference; lastKnownFileType = sourcecode.swift; path = AfricaAppApp.swift; sourceTree = "<group>"; };
		18A6F52327CD099A00DE1166 /* ContentView.swift */ = {isa = PBXFileReference; lastKnownFileType = sourcecode.swift; path = ContentView.swift; sourceTree = "<group>"; };
		18A6F52527CD099B00DE1166 /* Assets.xcassets */ = {isa = PBXFileReference; lastKnownFileType = folder.assetcatalog; path = Assets.xcassets; sourceTree = "<group>"; };
		18A6F52827CD099B00DE1166 /* Preview Assets.xcassets */ = {isa = PBXFileReference; lastKnownFileType = folder.assetcatalog; path = "Preview Assets.xcassets"; sourceTree = "<group>"; };
		18A6F53027CD0EF300DE1166 /* hippo.mp4 */ = {isa = PBXFileReference; lastKnownFileType = file; path = hippo.mp4; sourceTree = "<group>"; };
		18A6F53127CD0EF300DE1166 /* elephant.mp4 */ = {isa = PBXFileReference; lastKnownFileType = file; path = elephant.mp4; sourceTree = "<group>"; };
		18A6F53227CD0EF300DE1166 /* gorilla.mp4 */ = {isa = PBXFileReference; lastKnownFileType = file; path = gorilla.mp4; sourceTree = "<group>"; };
		18A6F53327CD0EF300DE1166 /* giraffe.mp4 */ = {isa = PBXFileReference; lastKnownFileType = file; path = giraffe.mp4; sourceTree = "<group>"; };
		18A6F53427CD0EF300DE1166 /* zebra.mp4 */ = {isa = PBXFileReference; lastKnownFileType = file; path = zebra.mp4; sourceTree = "<group>"; };
		18A6F53527CD0EF300DE1166 /* lioness.mp4 */ = {isa = PBXFileReference; lastKnownFileType = file; path = lioness.mp4; sourceTree = "<group>"; };
		18A6F53627CD0EF300DE1166 /* ostrich.mp4 */ = {isa = PBXFileReference; lastKnownFileType = file; path = ostrich.mp4; sourceTree = "<group>"; };
		18A6F53727CD0EF300DE1166 /* lion.mp4 */ = {isa = PBXFileReference; lastKnownFileType = file; path = lion.mp4; sourceTree = "<group>"; };
		18A6F53827CD0EF300DE1166 /* rhino.mp4 */ = {isa = PBXFileReference; lastKnownFileType = file; path = rhino.mp4; sourceTree = "<group>"; };
		18A6F53927CD0EF300DE1166 /* cheetah.mp4 */ = {isa = PBXFileReference; lastKnownFileType = file; path = cheetah.mp4; sourceTree = "<group>"; };
		18A6F54527CD0F8400DE1166 /* locations.json */ = {isa = PBXFileReference; fileEncoding = 4; lastKnownFileType = text.json; path = locations.json; sourceTree = "<group>"; };
		18A6F54627CD0F8400DE1166 /* covers.json */ = {isa = PBXFileReference; fileEncoding = 4; lastKnownFileType = text.json; path = covers.json; sourceTree = "<group>"; };
		18A6F54727CD0F8400DE1166 /* videos.json */ = {isa = PBXFileReference; fileEncoding = 4; lastKnownFileType = text.json; path = videos.json; sourceTree = "<group>"; };
		18A6F54827CD0F8400DE1166 /* animals.json */ = {isa = PBXFileReference; fileEncoding = 4; lastKnownFileType = text.json; path = animals.json; sourceTree = "<group>"; };
		18A6F54D27CD10A500DE1166 /* Info.plist */ = {isa = PBXFileReference; lastKnownFileType = text.plist; path = Info.plist; sourceTree = "<group>"; };
		18A6F55027CD1A3A00DE1166 /* MapView.swift */ = {isa = PBXFileReference; lastKnownFileType = sourcecode.swift; path = MapView.swift; sourceTree = "<group>"; };
		18A6F55227CD1A5500DE1166 /* VideoListView.swift */ = {isa = PBXFileReference; lastKnownFileType = sourcecode.swift; path = VideoListView.swift; sourceTree = "<group>"; };
		18A6F55427CD1B6000DE1166 /* GalleryView.swift */ = {isa = PBXFileReference; lastKnownFileType = sourcecode.swift; path = GalleryView.swift; sourceTree = "<group>"; };
		18A6F55627CD1B6D00DE1166 /* MainView.swift */ = {isa = PBXFileReference; lastKnownFileType = sourcecode.swift; path = MainView.swift; sourceTree = "<group>"; };
		18A6F55927CD378E00DE1166 /* CoverImageView.swift */ = {isa = PBXFileReference; lastKnownFileType = sourcecode.swift; path = CoverImageView.swift; sourceTree = "<group>"; };
		18A6F55C27CD4C6E00DE1166 /* CoverImageModel.swift */ = {isa = PBXFileReference; lastKnownFileType = sourcecode.swift; path = CoverImageModel.swift; sourceTree = "<group>"; };
		18A6F55F27CD5DA000DE1166 /* CodableBundleExtension.swift */ = {isa = PBXFileReference; lastKnownFileType = sourcecode.swift; path = CodableBundleExtension.swift; sourceTree = "<group>"; };
		18A6F56127CD646400DE1166 /* AnimalListItemView.swift */ = {isa = PBXFileReference; lastKnownFileType = sourcecode.swift; path = AnimalListItemView.swift; sourceTree = "<group>"; };
		18A6F56327CD678000DE1166 /* AnimalModel.swift */ = {isa = PBXFileReference; lastKnownFileType = sourcecode.swift; path = AnimalModel.swift; sourceTree = "<group>"; };
		18A6F56527CE267A00DE1166 /* AnimalDetailView.swift */ = {isa = PBXFileReference; lastKnownFileType = sourcecode.swift; name = AnimalDetailView.swift; path = AfricaApp/App/AnimalDetailView.swift; sourceTree = SOURCE_ROOT; };
		18A6F56727CE2D5E00DE1166 /* HeadingView.swift */ = {isa = PBXFileReference; lastKnownFileType = sourcecode.swift; name = HeadingView.swift; path = AfricaApp/Views/HeadingView.swift; sourceTree = SOURCE_ROOT; };
		18A6F56927CE470100DE1166 /* InsetGalleryView.swift */ = {isa = PBXFileReference; lastKnownFileType = sourcecode.swift; path = InsetGalleryView.swift; sourceTree = "<group>"; };
		18A6F56B27CE4CEB00DE1166 /* InsetFactView.swift */ = {isa = PBXFileReference; lastKnownFileType = sourcecode.swift; path = InsetFactView.swift; sourceTree = "<group>"; };
		18A6F56F27CE5BC600DE1166 /* InsetMapView.swift */ = {isa = PBXFileReference; lastKnownFileType = sourcecode.swift; path = InsetMapView.swift; sourceTree = "<group>"; };
		18A6F57127CE5F1F00DE1166 /* ExternalWebLinkView.swift */ = {isa = PBXFileReference; lastKnownFileType = sourcecode.swift; path = ExternalWebLinkView.swift; sourceTree = "<group>"; };
		18A6F57327CE69DE00DE1166 /* VideoModel.swift */ = {isa = PBXFileReference; lastKnownFileType = sourcecode.swift; path = VideoModel.swift; sourceTree = "<group>"; };
		18A6F57527CE6A3700DE1166 /* VideoListItemView.swift */ = {isa = PBXFileReference; lastKnownFileType = sourcecode.swift; path = VideoListItemView.swift; sourceTree = "<group>"; };
		18A6F57727CEA80200DE1166 /* VideoPlayerView.swift */ = {isa = PBXFileReference; lastKnownFileType = sourcecode.swift; path = VideoPlayerView.swift; sourceTree = "<group>"; };
		18A6F57927CEA8EB00DE1166 /* VideoPlayerHelper.swift */ = {isa = PBXFileReference; lastKnownFileType = sourcecode.swift; path = VideoPlayerHelper.swift; sourceTree = "<group>"; };
/* End PBXFileReference section */

/* Begin PBXFrameworksBuildPhase section */
		18A6F51B27CD099900DE1166 /* Frameworks */ = {
			isa = PBXFrameworksBuildPhase;
			buildActionMask = 2147483647;
			files = (
			);
			runOnlyForDeploymentPostprocessing = 0;
		};
/* End PBXFrameworksBuildPhase section */

/* Begin PBXGroup section */
		18A6F51527CD099900DE1166 = {
			isa = PBXGroup;
			children = (
				18A6F52027CD099A00DE1166 /* AfricaApp */,
				18A6F51F27CD099A00DE1166 /* Products */,
			);
			sourceTree = "<group>";
		};
		18A6F51F27CD099A00DE1166 /* Products */ = {
			isa = PBXGroup;
			children = (
				18A6F51E27CD099A00DE1166 /* AfricaApp.app */,
			);
			name = Products;
			sourceTree = "<group>";
		};
		18A6F52027CD099A00DE1166 /* AfricaApp */ = {
			isa = PBXGroup;
			children = (
				18A6F55E27CD5D8800DE1166 /* Extra */,
				18A6F55B27CD4C4C00DE1166 /* Models */,
				18A6F55827CD376D00DE1166 /* ViewComponents */,
				18A6F54F27CD12BC00DE1166 /* Views */,
				18A6F54D27CD10A500DE1166 /* Info.plist */,
				18A6F54427CD0F5D00DE1166 /* Data */,
				18A6F52F27CD0ECD00DE1166 /* Video */,
				18A6F54E27CD12A900DE1166 /* App */,
				18A6F52527CD099B00DE1166 /* Assets.xcassets */,
				18A6F52727CD099B00DE1166 /* Preview Content */,
			);
			path = AfricaApp;
			sourceTree = "<group>";
		};
		18A6F52727CD099B00DE1166 /* Preview Content */ = {
			isa = PBXGroup;
			children = (
				18A6F52827CD099B00DE1166 /* Preview Assets.xcassets */,
			);
			path = "Preview Content";
			sourceTree = "<group>";
		};
		18A6F52F27CD0ECD00DE1166 /* Video */ = {
			isa = PBXGroup;
			children = (
				18A6F53927CD0EF300DE1166 /* cheetah.mp4 */,
				18A6F53127CD0EF300DE1166 /* elephant.mp4 */,
				18A6F53327CD0EF300DE1166 /* giraffe.mp4 */,
				18A6F53227CD0EF300DE1166 /* gorilla.mp4 */,
				18A6F53027CD0EF300DE1166 /* hippo.mp4 */,
				18A6F53727CD0EF300DE1166 /* lion.mp4 */,
				18A6F53527CD0EF300DE1166 /* lioness.mp4 */,
				18A6F53627CD0EF300DE1166 /* ostrich.mp4 */,
				18A6F53827CD0EF300DE1166 /* rhino.mp4 */,
				18A6F53427CD0EF300DE1166 /* zebra.mp4 */,
			);
			path = Video;
			sourceTree = "<group>";
		};
		18A6F54427CD0F5D00DE1166 /* Data */ = {
			isa = PBXGroup;
			children = (
				18A6F54827CD0F8400DE1166 /* animals.json */,
				18A6F54627CD0F8400DE1166 /* covers.json */,
				18A6F54527CD0F8400DE1166 /* locations.json */,
				18A6F54727CD0F8400DE1166 /* videos.json */,
			);
			path = Data;
			sourceTree = "<group>";
		};
		18A6F54E27CD12A900DE1166 /* App */ = {
			isa = PBXGroup;
			children = (
				18A6F52127CD099A00DE1166 /* AfricaAppApp.swift */,
				18A6F52327CD099A00DE1166 /* ContentView.swift */,
			);
			path = App;
			sourceTree = "<group>";
		};
		18A6F54F27CD12BC00DE1166 /* Views */ = {
			isa = PBXGroup;
			children = (
				18A6F56527CE267A00DE1166 /* AnimalDetailView.swift */,
				18A6F55027CD1A3A00DE1166 /* MapView.swift */,
				18A6F55227CD1A5500DE1166 /* VideoListView.swift */,
				18A6F55427CD1B6000DE1166 /* GalleryView.swift */,
				18A6F55627CD1B6D00DE1166 /* MainView.swift */,
				18A6F57727CEA80200DE1166 /* VideoPlayerView.swift */,
			);
			path = Views;
			sourceTree = "<group>";
		};
		18A6F55827CD376D00DE1166 /* ViewComponents */ = {
			isa = PBXGroup;
			children = (
				18A6F57127CE5F1F00DE1166 /* ExternalWebLinkView.swift */,
				18A6F56F27CE5BC600DE1166 /* InsetMapView.swift */,
				18A6F56B27CE4CEB00DE1166 /* InsetFactView.swift */,
				18A6F56927CE470100DE1166 /* InsetGalleryView.swift */,
				18A6F56727CE2D5E00DE1166 /* HeadingView.swift */,
				18A6F55927CD378E00DE1166 /* CoverImageView.swift */,
				18A6F56127CD646400DE1166 /* AnimalListItemView.swift */,
				18A6F57527CE6A3700DE1166 /* VideoListItemView.swift */,
			);
			path = ViewComponents;
			sourceTree = "<group>";
		};
		18A6F55B27CD4C4C00DE1166 /* Models */ = {
			isa = PBXGroup;
			children = (
				18A6F55C27CD4C6E00DE1166 /* CoverImageModel.swift */,
				18A6F56327CD678000DE1166 /* AnimalModel.swift */,
				18A6F57327CE69DE00DE1166 /* VideoModel.swift */,
			);
			path = Models;
			sourceTree = "<group>";
		};
		18A6F55E27CD5D8800DE1166 /* Extra */ = {
			isa = PBXGroup;
			children = (
				18A6F55F27CD5DA000DE1166 /* CodableBundleExtension.swift */,
				18A6F57927CEA8EB00DE1166 /* VideoPlayerHelper.swift */,
			);
			path = Extra;
			sourceTree = "<group>";
		};
/* End PBXGroup section */

/* Begin PBXNativeTarget section */
		18A6F51D27CD099900DE1166 /* AfricaApp */ = {
			isa = PBXNativeTarget;
			buildConfigurationList = 18A6F52C27CD099B00DE1166 /* Build configuration list for PBXNativeTarget "AfricaApp" */;
			buildPhases = (
				18A6F51A27CD099900DE1166 /* Sources */,
				18A6F51B27CD099900DE1166 /* Frameworks */,
				18A6F51C27CD099900DE1166 /* Resources */,
			);
			buildRules = (
			);
			dependencies = (
			);
			name = AfricaApp;
			productName = AfricaApp;
			productReference = 18A6F51E27CD099A00DE1166 /* AfricaApp.app */;
			productType = "com.apple.product-type.application";
		};
/* End PBXNativeTarget section */

/* Begin PBXProject section */
		18A6F51627CD099900DE1166 /* Project object */ = {
			isa = PBXProject;
			attributes = {
				BuildIndependentTargetsInParallel = 1;
				LastSwiftUpdateCheck = 1320;
				LastUpgradeCheck = 1320;
				TargetAttributes = {
					18A6F51D27CD099900DE1166 = {
						CreatedOnToolsVersion = 13.2.1;
					};
				};
			};
			buildConfigurationList = 18A6F51927CD099900DE1166 /* Build configuration list for PBXProject "AfricaApp" */;
			compatibilityVersion = "Xcode 13.0";
			developmentRegion = en;
			hasScannedForEncodings = 0;
			knownRegions = (
				en,
				Base,
			);
			mainGroup = 18A6F51527CD099900DE1166;
			productRefGroup = 18A6F51F27CD099A00DE1166 /* Products */;
			projectDirPath = "";
			projectRoot = "";
			targets = (
				18A6F51D27CD099900DE1166 /* AfricaApp */,
			);
		};
/* End PBXProject section */

/* Begin PBXResourcesBuildPhase section */
		18A6F51C27CD099900DE1166 /* Resources */ = {
			isa = PBXResourcesBuildPhase;
			buildActionMask = 2147483647;
			files = (
				18A6F54927CD0F8400DE1166 /* locations.json in Resources */,
				18A6F53B27CD0EF300DE1166 /* elephant.mp4 in Resources */,
				18A6F54B27CD0F8400DE1166 /* videos.json in Resources */,
				18A6F52927CD099B00DE1166 /* Preview Assets.xcassets in Resources */,
				18A6F53D27CD0EF300DE1166 /* giraffe.mp4 in Resources */,
				18A6F54127CD0EF300DE1166 /* lion.mp4 in Resources */,
				18A6F54027CD0EF300DE1166 /* ostrich.mp4 in Resources */,
				18A6F53C27CD0EF300DE1166 /* gorilla.mp4 in Resources */,
				18A6F54A27CD0F8400DE1166 /* covers.json in Resources */,
				18A6F54C27CD0F8400DE1166 /* animals.json in Resources */,
				18A6F53A27CD0EF300DE1166 /* hippo.mp4 in Resources */,
				18A6F53E27CD0EF300DE1166 /* zebra.mp4 in Resources */,
				18A6F54327CD0EF300DE1166 /* cheetah.mp4 in Resources */,
				18A6F52627CD099B00DE1166 /* Assets.xcassets in Resources */,
				18A6F54227CD0EF300DE1166 /* rhino.mp4 in Resources */,
				18A6F53F27CD0EF300DE1166 /* lioness.mp4 in Resources */,
			);
			runOnlyForDeploymentPostprocessing = 0;
		};
/* End PBXResourcesBuildPhase section */

/* Begin PBXSourcesBuildPhase section */
		18A6F51A27CD099900DE1166 /* Sources */ = {
			isa = PBXSourcesBuildPhase;
			buildActionMask = 2147483647;
			files = (
				18A6F55327CD1A5500DE1166 /* VideoListView.swift in Sources */,
				18A6F56227CD646400DE1166 /* AnimalListItemView.swift in Sources */,
				18A6F55727CD1B6D00DE1166 /* MainView.swift in Sources */,
				18A6F56C27CE4CEB00DE1166 /* InsetFactView.swift in Sources */,
				18A6F55A27CD378E00DE1166 /* CoverImageView.swift in Sources */,
				18A6F55D27CD4C6E00DE1166 /* CoverImageModel.swift in Sources */,
				18A6F56627CE267A00DE1166 /* AnimalDetailView.swift in Sources */,
				18A6F56427CD678000DE1166 /* AnimalModel.swift in Sources */,
				18A6F52427CD099A00DE1166 /* ContentView.swift in Sources */,
				18A6F57027CE5BC600DE1166 /* InsetMapView.swift in Sources */,
				18A6F57A27CEA8EB00DE1166 /* VideoPlayerHelper.swift in Sources */,
				18A6F55127CD1A3A00DE1166 /* MapView.swift in Sources */,
				18A6F57227CE5F1F00DE1166 /* ExternalWebLinkView.swift in Sources */,
				18A6F52227CD099A00DE1166 /* AfricaAppApp.swift in Sources */,
				18A6F57427CE69DE00DE1166 /* VideoModel.swift in Sources */,
				18A6F55527CD1B6000DE1166 /* GalleryView.swift in Sources */,
				18A6F56A27CE470100DE1166 /* InsetGalleryView.swift in Sources */,
				18A6F57627CE6A3700DE1166 /* VideoListItemView.swift in Sources */,
				18A6F56027CD5DA000DE1166 /* CodableBundleExtension.swift in Sources */,
				18A6F56827CE2D5E00DE1166 /* HeadingView.swift in Sources */,
				18A6F57827CEA80200DE1166 /* VideoPlayerView.swift in Sources */,
			);
			runOnlyForDeploymentPostprocessing = 0;
		};
/* End PBXSourcesBuildPhase section */

/* Begin XCBuildConfiguration section */
		18A6F52A27CD099B00DE1166 /* Debug */ = {
			isa = XCBuildConfiguration;
			buildSettings = {
				ALWAYS_SEARCH_USER_PATHS = NO;
				CLANG_ANALYZER_NONNULL = YES;
				CLANG_ANALYZER_NUMBER_OBJECT_CONVERSION = YES_AGGRESSIVE;
				CLANG_CXX_LANGUAGE_STANDARD = "gnu++17";
				CLANG_CXX_LIBRARY = "libc++";
				CLANG_ENABLE_MODULES = YES;
				CLANG_ENABLE_OBJC_ARC = YES;
				CLANG_ENABLE_OBJC_WEAK = YES;
				CLANG_WARN_BLOCK_CAPTURE_AUTORELEASING = YES;
				CLANG_WARN_BOOL_CONVERSION = YES;
				CLANG_WARN_COMMA = YES;
				CLANG_WARN_CONSTANT_CONVERSION = YES;
				CLANG_WARN_DEPRECATED_OBJC_IMPLEMENTATIONS = YES;
				CLANG_WARN_DIRECT_OBJC_ISA_USAGE = YES_ERROR;
				CLANG_WARN_DOCUMENTATION_COMMENTS = YES;
				CLANG_WARN_EMPTY_BODY = YES;
				CLANG_WARN_ENUM_CONVERSION = YES;
				CLANG_WARN_INFINITE_RECURSION = YES;
				CLANG_WARN_INT_CONVERSION = YES;
				CLANG_WARN_NON_LITERAL_NULL_CONVERSION = YES;
				CLANG_WARN_OBJC_IMPLICIT_RETAIN_SELF = YES;
				CLANG_WARN_OBJC_LITERAL_CONVERSION = YES;
				CLANG_WARN_OBJC_ROOT_CLASS = YES_ERROR;
				CLANG_WARN_QUOTED_INCLUDE_IN_FRAMEWORK_HEADER = YES;
				CLANG_WARN_RANGE_LOOP_ANALYSIS = YES;
				CLANG_WARN_STRICT_PROTOTYPES = YES;
				CLANG_WARN_SUSPICIOUS_MOVE = YES;
				CLANG_WARN_UNGUARDED_AVAILABILITY = YES_AGGRESSIVE;
				CLANG_WARN_UNREACHABLE_CODE = YES;
				CLANG_WARN__DUPLICATE_METHOD_MATCH = YES;
				COPY_PHASE_STRIP = NO;
				DEBUG_INFORMATION_FORMAT = dwarf;
				ENABLE_STRICT_OBJC_MSGSEND = YES;
				ENABLE_TESTABILITY = YES;
				GCC_C_LANGUAGE_STANDARD = gnu11;
				GCC_DYNAMIC_NO_PIC = NO;
				GCC_NO_COMMON_BLOCKS = YES;
				GCC_OPTIMIZATION_LEVEL = 0;
				GCC_PREPROCESSOR_DEFINITIONS = (
					"DEBUG=1",
					"$(inherited)",
				);
				GCC_WARN_64_TO_32_BIT_CONVERSION = YES;
				GCC_WARN_ABOUT_RETURN_TYPE = YES_ERROR;
				GCC_WARN_UNDECLARED_SELECTOR = YES;
				GCC_WARN_UNINITIALIZED_AUTOS = YES_AGGRESSIVE;
				GCC_WARN_UNUSED_FUNCTION = YES;
				GCC_WARN_UNUSED_VARIABLE = YES;
				IPHONEOS_DEPLOYMENT_TARGET = 15.2;
				MTL_ENABLE_DEBUG_INFO = INCLUDE_SOURCE;
				MTL_FAST_MATH = YES;
				ONLY_ACTIVE_ARCH = YES;
				SDKROOT = iphoneos;
				SWIFT_ACTIVE_COMPILATION_CONDITIONS = DEBUG;
				SWIFT_OPTIMIZATION_LEVEL = "-Onone";
			};
			name = Debug;
		};
		18A6F52B27CD099B00DE1166 /* Release */ = {
			isa = XCBuildConfiguration;
			buildSettings = {
				ALWAYS_SEARCH_USER_PATHS = NO;
				CLANG_ANALYZER_NONNULL = YES;
				CLANG_ANALYZER_NUMBER_OBJECT_CONVERSION = YES_AGGRESSIVE;
				CLANG_CXX_LANGUAGE_STANDARD = "gnu++17";
				CLANG_CXX_LIBRARY = "libc++";
				CLANG_ENABLE_MODULES = YES;
				CLANG_ENABLE_OBJC_ARC = YES;
				CLANG_ENABLE_OBJC_WEAK = YES;
				CLANG_WARN_BLOCK_CAPTURE_AUTORELEASING = YES;
				CLANG_WARN_BOOL_CONVERSION = YES;
				CLANG_WARN_COMMA = YES;
				CLANG_WARN_CONSTANT_CONVERSION = YES;
				CLANG_WARN_DEPRECATED_OBJC_IMPLEMENTATIONS = YES;
				CLANG_WARN_DIRECT_OBJC_ISA_USAGE = YES_ERROR;
				CLANG_WARN_DOCUMENTATION_COMMENTS = YES;
				CLANG_WARN_EMPTY_BODY = YES;
				CLANG_WARN_ENUM_CONVERSION = YES;
				CLANG_WARN_INFINITE_RECURSION = YES;
				CLANG_WARN_INT_CONVERSION = YES;
				CLANG_WARN_NON_LITERAL_NULL_CONVERSION = YES;
				CLANG_WARN_OBJC_IMPLICIT_RETAIN_SELF = YES;
				CLANG_WARN_OBJC_LITERAL_CONVERSION = YES;
				CLANG_WARN_OBJC_ROOT_CLASS = YES_ERROR;
				CLANG_WARN_QUOTED_INCLUDE_IN_FRAMEWORK_HEADER = YES;
				CLANG_WARN_RANGE_LOOP_ANALYSIS = YES;
				CLANG_WARN_STRICT_PROTOTYPES = YES;
				CLANG_WARN_SUSPICIOUS_MOVE = YES;
				CLANG_WARN_UNGUARDED_AVAILABILITY = YES_AGGRESSIVE;
				CLANG_WARN_UNREACHABLE_CODE = YES;
				CLANG_WARN__DUPLICATE_METHOD_MATCH = YES;
				COPY_PHASE_STRIP = NO;
				DEBUG_INFORMATION_FORMAT = "dwarf-with-dsym";
				ENABLE_NS_ASSERTIONS = NO;
				ENABLE_STRICT_OBJC_MSGSEND = YES;
				GCC_C_LANGUAGE_STANDARD = gnu11;
				GCC_NO_COMMON_BLOCKS = YES;
				GCC_WARN_64_TO_32_BIT_CONVERSION = YES;
				GCC_WARN_ABOUT_RETURN_TYPE = YES_ERROR;
				GCC_WARN_UNDECLARED_SELECTOR = YES;
				GCC_WARN_UNINITIALIZED_AUTOS = YES_AGGRESSIVE;
				GCC_WARN_UNUSED_FUNCTION = YES;
				GCC_WARN_UNUSED_VARIABLE = YES;
				IPHONEOS_DEPLOYMENT_TARGET = 15.2;
				MTL_ENABLE_DEBUG_INFO = NO;
				MTL_FAST_MATH = YES;
				SDKROOT = iphoneos;
				SWIFT_COMPILATION_MODE = wholemodule;
				SWIFT_OPTIMIZATION_LEVEL = "-O";
				VALIDATE_PRODUCT = YES;
			};
			name = Release;
		};
		18A6F52D27CD099B00DE1166 /* Debug */ = {
			isa = XCBuildConfiguration;
			buildSettings = {
				ASSETCATALOG_COMPILER_APPICON_NAME = AppIcon;
				ASSETCATALOG_COMPILER_GLOBAL_ACCENT_COLOR_NAME = AccentColor;
				CODE_SIGN_STYLE = Automatic;
				CURRENT_PROJECT_VERSION = 1;
				DEVELOPMENT_ASSET_PATHS = "\"AfricaApp/Preview Content\"";
				DEVELOPMENT_TEAM = Y6XH6MHQLL;
				ENABLE_PREVIEWS = YES;
				GENERATE_INFOPLIST_FILE = YES;
				INFOPLIST_FILE = AfricaApp/Info.plist;
				INFOPLIST_KEY_UIApplicationSceneManifest_Generation = YES;
				INFOPLIST_KEY_UIApplicationSupportsIndirectInputEvents = YES;
				INFOPLIST_KEY_UISupportedInterfaceOrientations_iPad = "UIInterfaceOrientationPortrait UIInterfaceOrientationPortraitUpsideDown UIInterfaceOrientationLandscapeLeft UIInterfaceOrientationLandscapeRight";
				INFOPLIST_KEY_UISupportedInterfaceOrientations_iPhone = "UIInterfaceOrientationPortrait UIInterfaceOrientationLandscapeLeft UIInterfaceOrientationLandscapeRight";
				INFOPLIST_KEY_UIUserInterfaceStyle = Dark;
				LD_RUNPATH_SEARCH_PATHS = (
					"$(inherited)",
					"@executable_path/Frameworks",
				);
				MARKETING_VERSION = 1.0;
				PRODUCT_BUNDLE_IDENTIFIER = io.knyghtmare.AfricaApp;
				PRODUCT_NAME = "$(TARGET_NAME)";
				SWIFT_EMIT_LOC_STRINGS = YES;
				SWIFT_VERSION = 5.0;
				TARGETED_DEVICE_FAMILY = "1,2";
			};
			name = Debug;
		};
		18A6F52E27CD099B00DE1166 /* Release */ = {
			isa = XCBuildConfiguration;
			buildSettings = {
				ASSETCATALOG_COMPILER_APPICON_NAME = AppIcon;
				ASSETCATALOG_COMPILER_GLOBAL_ACCENT_COLOR_NAME = AccentColor;
				CODE_SIGN_STYLE = Automatic;
				CURRENT_PROJECT_VERSION = 1;
				DEVELOPMENT_ASSET_PATHS = "\"AfricaApp/Preview Content\"";
				DEVELOPMENT_TEAM = Y6XH6MHQLL;
				ENABLE_PREVIEWS = YES;
				GENERATE_INFOPLIST_FILE = YES;
				INFOPLIST_FILE = AfricaApp/Info.plist;
				INFOPLIST_KEY_UIApplicationSceneManifest_Generation = YES;
				INFOPLIST_KEY_UIApplicationSupportsIndirectInputEvents = YES;
				INFOPLIST_KEY_UISupportedInterfaceOrientations_iPad = "UIInterfaceOrientationPortrait UIInterfaceOrientationPortraitUpsideDown UIInterfaceOrientationLandscapeLeft UIInterfaceOrientationLandscapeRight";
				INFOPLIST_KEY_UISupportedInterfaceOrientations_iPhone = "UIInterfaceOrientationPortrait UIInterfaceOrientationLandscapeLeft UIInterfaceOrientationLandscapeRight";
				INFOPLIST_KEY_UIUserInterfaceStyle = Dark;
				LD_RUNPATH_SEARCH_PATHS = (
					"$(inherited)",
					"@executable_path/Frameworks",
				);
				MARKETING_VERSION = 1.0;
				PRODUCT_BUNDLE_IDENTIFIER = io.knyghtmare.AfricaApp;
				PRODUCT_NAME = "$(TARGET_NAME)";
				SWIFT_EMIT_LOC_STRINGS = YES;
				SWIFT_VERSION = 5.0;
				TARGETED_DEVICE_FAMILY = "1,2";
			};
			name = Release;
		};
/* End XCBuildConfiguration section */

/* Begin XCConfigurationList section */
		18A6F51927CD099900DE1166 /* Build configuration list for PBXProject "AfricaApp" */ = {
			isa = XCConfigurationList;
			buildConfigurations = (
				18A6F52A27CD099B00DE1166 /* Debug */,
				18A6F52B27CD099B00DE1166 /* Release */,
			);
			defaultConfigurationIsVisible = 0;
			defaultConfigurationName = Release;
		};
		18A6F52C27CD099B00DE1166 /* Build configuration list for PBXNativeTarget "AfricaApp" */ = {
			isa = XCConfigurationList;
			buildConfigurations = (
				18A6F52D27CD099B00DE1166 /* Debug */,
				18A6F52E27CD099B00DE1166 /* Release */,
			);
			defaultConfigurationIsVisible = 0;
			defaultConfigurationName = Release;
		};
/* End XCConfigurationList section */
	};
	rootObject = 18A6F51627CD099900DE1166 /* Project object */;
}
