// !$*UTF8*$!
{
	archiveVersion = 1;
	classes = {
	};
	objectVersion = 55;
	objects = {

/* Begin PBXBuildFile section */
		18943131272C8E8A000C4771 /* projectTwoApp.swift in Sources */ = {isa = PBXBuildFile; fileRef = 18943130272C8E8A000C4771 /* projectTwoApp.swift */; };
		18943133272C8E8A000C4771 /* ContentView.swift in Sources */ = {isa = PBXBuildFile; fileRef = 18943132272C8E8A000C4771 /* ContentView.swift */; };
		18943135272C8E8B000C4771 /* Assets.xcassets in Resources */ = {isa = PBXBuildFile; fileRef = 18943134272C8E8B000C4771 /* Assets.xcassets */; };
		18943138272C8E8B000C4771 /* Preview Assets.xcassets in Resources */ = {isa = PBXBuildFile; fileRef = 18943137272C8E8B000C4771 /* Preview Assets.xcassets */; };
		18943142272C8E8C000C4771 /* projectTwoTests.swift in Sources */ = {isa = PBXBuildFile; fileRef = 18943141272C8E8C000C4771 /* projectTwoTests.swift */; };
		1894314C272C8E8C000C4771 /* projectTwoUITests.swift in Sources */ = {isa = PBXBuildFile; fileRef = 1894314B272C8E8C000C4771 /* projectTwoUITests.swift */; };
		1894314E272C8E8C000C4771 /* projectTwoUITestsLaunchTests.swift in Sources */ = {isa = PBXBuildFile; fileRef = 1894314D272C8E8C000C4771 /* projectTwoUITestsLaunchTests.swift */; };
/* End PBXBuildFile section */

/* Begin PBXContainerItemProxy section */
		1894313E272C8E8C000C4771 /* PBXContainerItemProxy */ = {
			isa = PBXContainerItemProxy;
			containerPortal = 18943125272C8E8A000C4771 /* Project object */;
			proxyType = 1;
			remoteGlobalIDString = 1894312C272C8E8A000C4771;
			remoteInfo = projectTwo;
		};
		18943148272C8E8C000C4771 /* PBXContainerItemProxy */ = {
			isa = PBXContainerItemProxy;
			containerPortal = 18943125272C8E8A000C4771 /* Project object */;
			proxyType = 1;
			remoteGlobalIDString = 1894312C272C8E8A000C4771;
			remoteInfo = projectTwo;
		};
/* End PBXContainerItemProxy section */

/* Begin PBXFileReference section */
		1894312D272C8E8A000C4771 /* projectTwo.app */ = {isa = PBXFileReference; explicitFileType = wrapper.application; includeInIndex = 0; path = projectTwo.app; sourceTree = BUILT_PRODUCTS_DIR; };
		18943130272C8E8A000C4771 /* projectTwoApp.swift */ = {isa = PBXFileReference; lastKnownFileType = sourcecode.swift; path = projectTwoApp.swift; sourceTree = "<group>"; };
		18943132272C8E8A000C4771 /* ContentView.swift */ = {isa = PBXFileReference; lastKnownFileType = sourcecode.swift; path = ContentView.swift; sourceTree = "<group>"; };
		18943134272C8E8B000C4771 /* Assets.xcassets */ = {isa = PBXFileReference; lastKnownFileType = folder.assetcatalog; path = Assets.xcassets; sourceTree = "<group>"; };
		18943137272C8E8B000C4771 /* Preview Assets.xcassets */ = {isa = PBXFileReference; lastKnownFileType = folder.assetcatalog; path = "Preview Assets.xcassets"; sourceTree = "<group>"; };
		1894313D272C8E8C000C4771 /* projectTwoTests.xctest */ = {isa = PBXFileReference; explicitFileType = wrapper.cfbundle; includeInIndex = 0; path = projectTwoTests.xctest; sourceTree = BUILT_PRODUCTS_DIR; };
		18943141272C8E8C000C4771 /* projectTwoTests.swift */ = {isa = PBXFileReference; lastKnownFileType = sourcecode.swift; path = projectTwoTests.swift; sourceTree = "<group>"; };
		18943147272C8E8C000C4771 /* projectTwoUITests.xctest */ = {isa = PBXFileReference; explicitFileType = wrapper.cfbundle; includeInIndex = 0; path = projectTwoUITests.xctest; sourceTree = BUILT_PRODUCTS_DIR; };
		1894314B272C8E8C000C4771 /* projectTwoUITests.swift */ = {isa = PBXFileReference; lastKnownFileType = sourcecode.swift; path = projectTwoUITests.swift; sourceTree = "<group>"; };
		1894314D272C8E8C000C4771 /* projectTwoUITestsLaunchTests.swift */ = {isa = PBXFileReference; lastKnownFileType = sourcecode.swift; path = projectTwoUITestsLaunchTests.swift; sourceTree = "<group>"; };
/* End PBXFileReference section */

/* Begin PBXFrameworksBuildPhase section */
		1894312A272C8E8A000C4771 /* Frameworks */ = {
			isa = PBXFrameworksBuildPhase;
			buildActionMask = 2147483647;
			files = (
			);
			runOnlyForDeploymentPostprocessing = 0;
		};
		1894313A272C8E8C000C4771 /* Frameworks */ = {
			isa = PBXFrameworksBuildPhase;
			buildActionMask = 2147483647;
			files = (
			);
			runOnlyForDeploymentPostprocessing = 0;
		};
		18943144272C8E8C000C4771 /* Frameworks */ = {
			isa = PBXFrameworksBuildPhase;
			buildActionMask = 2147483647;
			files = (
			);
			runOnlyForDeploymentPostprocessing = 0;
		};
/* End PBXFrameworksBuildPhase section */

/* Begin PBXGroup section */
		18943124272C8E8A000C4771 = {
			isa = PBXGroup;
			children = (
				1894312F272C8E8A000C4771 /* projectTwo */,
				18943140272C8E8C000C4771 /* projectTwoTests */,
				1894314A272C8E8C000C4771 /* projectTwoUITests */,
				1894312E272C8E8A000C4771 /* Products */,
			);
			sourceTree = "<group>";
		};
		1894312E272C8E8A000C4771 /* Products */ = {
			isa = PBXGroup;
			children = (
				1894312D272C8E8A000C4771 /* projectTwo.app */,
				1894313D272C8E8C000C4771 /* projectTwoTests.xctest */,
				18943147272C8E8C000C4771 /* projectTwoUITests.xctest */,
			);
			name = Products;
			sourceTree = "<group>";
		};
		1894312F272C8E8A000C4771 /* projectTwo */ = {
			isa = PBXGroup;
			children = (
				18943130272C8E8A000C4771 /* projectTwoApp.swift */,
				18943132272C8E8A000C4771 /* ContentView.swift */,
				18943134272C8E8B000C4771 /* Assets.xcassets */,
				18943136272C8E8B000C4771 /* Preview Content */,
			);
			path = projectTwo;
			sourceTree = "<group>";
		};
		18943136272C8E8B000C4771 /* Preview Content */ = {
			isa = PBXGroup;
			children = (
				18943137272C8E8B000C4771 /* Preview Assets.xcassets */,
			);
			path = "Preview Content";
			sourceTree = "<group>";
		};
		18943140272C8E8C000C4771 /* projectTwoTests */ = {
			isa = PBXGroup;
			children = (
				18943141272C8E8C000C4771 /* projectTwoTests.swift */,
			);
			path = projectTwoTests;
			sourceTree = "<group>";
		};
		1894314A272C8E8C000C4771 /* projectTwoUITests */ = {
			isa = PBXGroup;
			children = (
				1894314B272C8E8C000C4771 /* projectTwoUITests.swift */,
				1894314D272C8E8C000C4771 /* projectTwoUITestsLaunchTests.swift */,
			);
			path = projectTwoUITests;
			sourceTree = "<group>";
		};
/* End PBXGroup section */

/* Begin PBXNativeTarget section */
		1894312C272C8E8A000C4771 /* projectTwo */ = {
			isa = PBXNativeTarget;
			buildConfigurationList = 18943151272C8E8C000C4771 /* Build configuration list for PBXNativeTarget "projectTwo" */;
			buildPhases = (
				18943129272C8E8A000C4771 /* Sources */,
				1894312A272C8E8A000C4771 /* Frameworks */,
				1894312B272C8E8A000C4771 /* Resources */,
			);
			buildRules = (
			);
			dependencies = (
			);
			name = projectTwo;
			productName = projectTwo;
			productReference = 1894312D272C8E8A000C4771 /* projectTwo.app */;
			productType = "com.apple.product-type.application";
		};
		1894313C272C8E8C000C4771 /* projectTwoTests */ = {
			isa = PBXNativeTarget;
			buildConfigurationList = 18943154272C8E8C000C4771 /* Build configuration list for PBXNativeTarget "projectTwoTests" */;
			buildPhases = (
				18943139272C8E8C000C4771 /* Sources */,
				1894313A272C8E8C000C4771 /* Frameworks */,
				1894313B272C8E8C000C4771 /* Resources */,
			);
			buildRules = (
			);
			dependencies = (
				1894313F272C8E8C000C4771 /* PBXTargetDependency */,
			);
			name = projectTwoTests;
			productName = projectTwoTests;
			productReference = 1894313D272C8E8C000C4771 /* projectTwoTests.xctest */;
			productType = "com.apple.product-type.bundle.unit-test";
		};
		18943146272C8E8C000C4771 /* projectTwoUITests */ = {
			isa = PBXNativeTarget;
			buildConfigurationList = 18943157272C8E8C000C4771 /* Build configuration list for PBXNativeTarget "projectTwoUITests" */;
			buildPhases = (
				18943143272C8E8C000C4771 /* Sources */,
				18943144272C8E8C000C4771 /* Frameworks */,
				18943145272C8E8C000C4771 /* Resources */,
			);
			buildRules = (
			);
			dependencies = (
				18943149272C8E8C000C4771 /* PBXTargetDependency */,
			);
			name = projectTwoUITests;
			productName = projectTwoUITests;
			productReference = 18943147272C8E8C000C4771 /* projectTwoUITests.xctest */;
			productType = "com.apple.product-type.bundle.ui-testing";
		};
/* End PBXNativeTarget section */

/* Begin PBXProject section */
		18943125272C8E8A000C4771 /* Project object */ = {
			isa = PBXProject;
			attributes = {
				BuildIndependentTargetsInParallel = 1;
				LastSwiftUpdateCheck = 1300;
				LastUpgradeCheck = 1300;
				TargetAttributes = {
					1894312C272C8E8A000C4771 = {
						CreatedOnToolsVersion = 13.0;
					};
					1894313C272C8E8C000C4771 = {
						CreatedOnToolsVersion = 13.0;
						TestTargetID = 1894312C272C8E8A000C4771;
					};
					18943146272C8E8C000C4771 = {
						CreatedOnToolsVersion = 13.0;
						TestTargetID = 1894312C272C8E8A000C4771;
					};
				};
			};
			buildConfigurationList = 18943128272C8E8A000C4771 /* Build configuration list for PBXProject "projectTwo" */;
			compatibilityVersion = "Xcode 13.0";
			developmentRegion = en;
			hasScannedForEncodings = 0;
			knownRegions = (
				en,
				Base,
			);
			mainGroup = 18943124272C8E8A000C4771;
			productRefGroup = 1894312E272C8E8A000C4771 /* Products */;
			projectDirPath = "";
			projectRoot = "";
			targets = (
				1894312C272C8E8A000C4771 /* projectTwo */,
				1894313C272C8E8C000C4771 /* projectTwoTests */,
				18943146272C8E8C000C4771 /* projectTwoUITests */,
			);
		};
/* End PBXProject section */

/* Begin PBXResourcesBuildPhase section */
		1894312B272C8E8A000C4771 /* Resources */ = {
			isa = PBXResourcesBuildPhase;
			buildActionMask = 2147483647;
			files = (
				18943138272C8E8B000C4771 /* Preview Assets.xcassets in Resources */,
				18943135272C8E8B000C4771 /* Assets.xcassets in Resources */,
			);
			runOnlyForDeploymentPostprocessing = 0;
		};
		1894313B272C8E8C000C4771 /* Resources */ = {
			isa = PBXResourcesBuildPhase;
			buildActionMask = 2147483647;
			files = (
			);
			runOnlyForDeploymentPostprocessing = 0;
		};
		18943145272C8E8C000C4771 /* Resources */ = {
			isa = PBXResourcesBuildPhase;
			buildActionMask = 2147483647;
			files = (
			);
			runOnlyForDeploymentPostprocessing = 0;
		};
/* End PBXResourcesBuildPhase section */

/* Begin PBXSourcesBuildPhase section */
		18943129272C8E8A000C4771 /* Sources */ = {
			isa = PBXSourcesBuildPhase;
			buildActionMask = 2147483647;
			files = (
				18943133272C8E8A000C4771 /* ContentView.swift in Sources */,
				18943131272C8E8A000C4771 /* projectTwoApp.swift in Sources */,
			);
			runOnlyForDeploymentPostprocessing = 0;
		};
		18943139272C8E8C000C4771 /* Sources */ = {
			isa = PBXSourcesBuildPhase;
			buildActionMask = 2147483647;
			files = (
				18943142272C8E8C000C4771 /* projectTwoTests.swift in Sources */,
			);
			runOnlyForDeploymentPostprocessing = 0;
		};
		18943143272C8E8C000C4771 /* Sources */ = {
			isa = PBXSourcesBuildPhase;
			buildActionMask = 2147483647;
			files = (
				1894314C272C8E8C000C4771 /* projectTwoUITests.swift in Sources */,
				1894314E272C8E8C000C4771 /* projectTwoUITestsLaunchTests.swift in Sources */,
			);
			runOnlyForDeploymentPostprocessing = 0;
		};
/* End PBXSourcesBuildPhase section */

/* Begin PBXTargetDependency section */
		1894313F272C8E8C000C4771 /* PBXTargetDependency */ = {
			isa = PBXTargetDependency;
			target = 1894312C272C8E8A000C4771 /* projectTwo */;
			targetProxy = 1894313E272C8E8C000C4771 /* PBXContainerItemProxy */;
		};
		18943149272C8E8C000C4771 /* PBXTargetDependency */ = {
			isa = PBXTargetDependency;
			target = 1894312C272C8E8A000C4771 /* projectTwo */;
			targetProxy = 18943148272C8E8C000C4771 /* PBXContainerItemProxy */;
		};
/* End PBXTargetDependency section */

/* Begin XCBuildConfiguration section */
		1894314F272C8E8C000C4771 /* Debug */ = {
			isa = XCBuildConfiguration;
			buildSettings = {
				ALWAYS_SEARCH_USER_PATHS = NO;
				CLANG_ANALYZER_NONNULL = YES;
				CLANG_ANALYZER_NUMBER_OBJECT_CONVERSION = YES_AGGRESSIVE;
				CLANG_CXX_LANGUAGE_STANDARD = "gnu++17";
				CLANG_CXX_LIBRARY = "libc++";
				CLANG_ENABLE_MODULES = YES;
				CLANG_ENABLE_OBJC_ARC = YES;
				CLANG_ENABLE_OBJC_WEAK = YES;
				CLANG_WARN_BLOCK_CAPTURE_AUTORELEASING = YES;
				CLANG_WARN_BOOL_CONVERSION = YES;
				CLANG_WARN_COMMA = YES;
				CLANG_WARN_CONSTANT_CONVERSION = YES;
				CLANG_WARN_DEPRECATED_OBJC_IMPLEMENTATIONS = YES;
				CLANG_WARN_DIRECT_OBJC_ISA_USAGE = YES_ERROR;
				CLANG_WARN_DOCUMENTATION_COMMENTS = YES;
				CLANG_WARN_EMPTY_BODY = YES;
				CLANG_WARN_ENUM_CONVERSION = YES;
				CLANG_WARN_INFINITE_RECURSION = YES;
				CLANG_WARN_INT_CONVERSION = YES;
				CLANG_WARN_NON_LITERAL_NULL_CONVERSION = YES;
				CLANG_WARN_OBJC_IMPLICIT_RETAIN_SELF = YES;
				CLANG_WARN_OBJC_LITERAL_CONVERSION = YES;
				CLANG_WARN_OBJC_ROOT_CLASS = YES_ERROR;
				CLANG_WARN_QUOTED_INCLUDE_IN_FRAMEWORK_HEADER = YES;
				CLANG_WARN_RANGE_LOOP_ANALYSIS = YES;
				CLANG_WARN_STRICT_PROTOTYPES = YES;
				CLANG_WARN_SUSPICIOUS_MOVE = YES;
				CLANG_WARN_UNGUARDED_AVAILABILITY = YES_AGGRESSIVE;
				CLANG_WARN_UNREACHABLE_CODE = YES;
				CLANG_WARN__DUPLICATE_METHOD_MATCH = YES;
				COPY_PHASE_STRIP = NO;
				DEBUG_INFORMATION_FORMAT = dwarf;
				ENABLE_STRICT_OBJC_MSGSEND = YES;
				ENABLE_TESTABILITY = YES;
				GCC_C_LANGUAGE_STANDARD = gnu11;
				GCC_DYNAMIC_NO_PIC = NO;
				GCC_NO_COMMON_BLOCKS = YES;
				GCC_OPTIMIZATION_LEVEL = 0;
				GCC_PREPROCESSOR_DEFINITIONS = (
					"DEBUG=1",
					"$(inherited)",
				);
				GCC_WARN_64_TO_32_BIT_CONVERSION = YES;
				GCC_WARN_ABOUT_RETURN_TYPE = YES_ERROR;
				GCC_WARN_UNDECLARED_SELECTOR = YES;
				GCC_WARN_UNINITIALIZED_AUTOS = YES_AGGRESSIVE;
				GCC_WARN_UNUSED_FUNCTION = YES;
				GCC_WARN_UNUSED_VARIABLE = YES;
				IPHONEOS_DEPLOYMENT_TARGET = 15.0;
				MTL_ENABLE_DEBUG_INFO = INCLUDE_SOURCE;
				MTL_FAST_MATH = YES;
				ONLY_ACTIVE_ARCH = YES;
				SDKROOT = iphoneos;
				SWIFT_ACTIVE_COMPILATION_CONDITIONS = DEBUG;
				SWIFT_OPTIMIZATION_LEVEL = "-Onone";
			};
			name = Debug;
		};
		18943150272C8E8C000C4771 /* Release */ = {
			isa = XCBuildConfiguration;
			buildSettings = {
				ALWAYS_SEARCH_USER_PATHS = NO;
				CLANG_ANALYZER_NONNULL = YES;
				CLANG_ANALYZER_NUMBER_OBJECT_CONVERSION = YES_AGGRESSIVE;
				CLANG_CXX_LANGUAGE_STANDARD = "gnu++17";
				CLANG_CXX_LIBRARY = "libc++";
				CLANG_ENABLE_MODULES = YES;
				CLANG_ENABLE_OBJC_ARC = YES;
				CLANG_ENABLE_OBJC_WEAK = YES;
				CLANG_WARN_BLOCK_CAPTURE_AUTORELEASING = YES;
				CLANG_WARN_BOOL_CONVERSION = YES;
				CLANG_WARN_COMMA = YES;
				CLANG_WARN_CONSTANT_CONVERSION = YES;
				CLANG_WARN_DEPRECATED_OBJC_IMPLEMENTATIONS = YES;
				CLANG_WARN_DIRECT_OBJC_ISA_USAGE = YES_ERROR;
				CLANG_WARN_DOCUMENTATION_COMMENTS = YES;
				CLANG_WARN_EMPTY_BODY = YES;
				CLANG_WARN_ENUM_CONVERSION = YES;
				CLANG_WARN_INFINITE_RECURSION = YES;
				CLANG_WARN_INT_CONVERSION = YES;
				CLANG_WARN_NON_LITERAL_NULL_CONVERSION = YES;
				CLANG_WARN_OBJC_IMPLICIT_RETAIN_SELF = YES;
				CLANG_WARN_OBJC_LITERAL_CONVERSION = YES;
				CLANG_WARN_OBJC_ROOT_CLASS = YES_ERROR;
				CLANG_WARN_QUOTED_INCLUDE_IN_FRAMEWORK_HEADER = YES;
				CLANG_WARN_RANGE_LOOP_ANALYSIS = YES;
				CLANG_WARN_STRICT_PROTOTYPES = YES;
				CLANG_WARN_SUSPICIOUS_MOVE = YES;
				CLANG_WARN_UNGUARDED_AVAILABILITY = YES_AGGRESSIVE;
				CLANG_WARN_UNREACHABLE_CODE = YES;
				CLANG_WARN__DUPLICATE_METHOD_MATCH = YES;
				COPY_PHASE_STRIP = NO;
				DEBUG_INFORMATION_FORMAT = "dwarf-with-dsym";
				ENABLE_NS_ASSERTIONS = NO;
				ENABLE_STRICT_OBJC_MSGSEND = YES;
				GCC_C_LANGUAGE_STANDARD = gnu11;
				GCC_NO_COMMON_BLOCKS = YES;
				GCC_WARN_64_TO_32_BIT_CONVERSION = YES;
				GCC_WARN_ABOUT_RETURN_TYPE = YES_ERROR;
				GCC_WARN_UNDECLARED_SELECTOR = YES;
				GCC_WARN_UNINITIALIZED_AUTOS = YES_AGGRESSIVE;
				GCC_WARN_UNUSED_FUNCTION = YES;
				GCC_WARN_UNUSED_VARIABLE = YES;
				IPHONEOS_DEPLOYMENT_TARGET = 15.0;
				MTL_ENABLE_DEBUG_INFO = NO;
				MTL_FAST_MATH = YES;
				SDKROOT = iphoneos;
				SWIFT_COMPILATION_MODE = wholemodule;
				SWIFT_OPTIMIZATION_LEVEL = "-O";
				VALIDATE_PRODUCT = YES;
			};
			name = Release;
		};
		18943152272C8E8C000C4771 /* Debug */ = {
			isa = XCBuildConfiguration;
			buildSettings = {
				ASSETCATALOG_COMPILER_APPICON_NAME = AppIcon;
				ASSETCATALOG_COMPILER_GLOBAL_ACCENT_COLOR_NAME = AccentColor;
				CODE_SIGN_STYLE = Automatic;
				CURRENT_PROJECT_VERSION = 1;
				DEVELOPMENT_ASSET_PATHS = "\"projectTwo/Preview Content\"";
				DEVELOPMENT_TEAM = Y6XH6MHQLL;
				ENABLE_PREVIEWS = YES;
				GENERATE_INFOPLIST_FILE = YES;
				INFOPLIST_KEY_UIApplicationSceneManifest_Generation = YES;
				INFOPLIST_KEY_UIApplicationSupportsIndirectInputEvents = YES;
				INFOPLIST_KEY_UILaunchScreen_Generation = YES;
				INFOPLIST_KEY_UISupportedInterfaceOrientations_iPad = "UIInterfaceOrientationPortrait UIInterfaceOrientationPortraitUpsideDown UIInterfaceOrientationLandscapeLeft UIInterfaceOrientationLandscapeRight";
				INFOPLIST_KEY_UISupportedInterfaceOrientations_iPhone = "UIInterfaceOrientationPortrait UIInterfaceOrientationLandscapeLeft UIInterfaceOrientationLandscapeRight";
				IPHONEOS_DEPLOYMENT_TARGET = 14.0;
				LD_RUNPATH_SEARCH_PATHS = (
					"$(inherited)",
					"@executable_path/Frameworks",
				);
				MARKETING_VERSION = 1.0;
				PRODUCT_BUNDLE_IDENTIFIER = DarkIrdya.projectTwo;
				PRODUCT_NAME = "$(TARGET_NAME)";
				SWIFT_EMIT_LOC_STRINGS = YES;
				SWIFT_VERSION = 5.0;
				TARGETED_DEVICE_FAMILY = "1,2";
			};
			name = Debug;
		};
		18943153272C8E8C000C4771 /* Release */ = {
			isa = XCBuildConfiguration;
			buildSettings = {
				ASSETCATALOG_COMPILER_APPICON_NAME = AppIcon;
				ASSETCATALOG_COMPILER_GLOBAL_ACCENT_COLOR_NAME = AccentColor;
				CODE_SIGN_STYLE = Automatic;
				CURRENT_PROJECT_VERSION = 1;
				DEVELOPMENT_ASSET_PATHS = "\"projectTwo/Preview Content\"";
				DEVELOPMENT_TEAM = Y6XH6MHQLL;
				ENABLE_PREVIEWS = YES;
				GENERATE_INFOPLIST_FILE = YES;
				INFOPLIST_KEY_UIApplicationSceneManifest_Generation = YES;
				INFOPLIST_KEY_UIApplicationSupportsIndirectInputEvents = YES;
				INFOPLIST_KEY_UILaunchScreen_Generation = YES;
				INFOPLIST_KEY_UISupportedInterfaceOrientations_iPad = "UIInterfaceOrientationPortrait UIInterfaceOrientationPortraitUpsideDown UIInterfaceOrientationLandscapeLeft UIInterfaceOrientationLandscapeRight";
				INFOPLIST_KEY_UISupportedInterfaceOrientations_iPhone = "UIInterfaceOrientationPortrait UIInterfaceOrientationLandscapeLeft UIInterfaceOrientationLandscapeRight";
				IPHONEOS_DEPLOYMENT_TARGET = 14.0;
				LD_RUNPATH_SEARCH_PATHS = (
					"$(inherited)",
					"@executable_path/Frameworks",
				);
				MARKETING_VERSION = 1.0;
				PRODUCT_BUNDLE_IDENTIFIER = DarkIrdya.projectTwo;
				PRODUCT_NAME = "$(TARGET_NAME)";
				SWIFT_EMIT_LOC_STRINGS = YES;
				SWIFT_VERSION = 5.0;
				TARGETED_DEVICE_FAMILY = "1,2";
			};
			name = Release;
		};
		18943155272C8E8C000C4771 /* Debug */ = {
			isa = XCBuildConfiguration;
			buildSettings = {
				ALWAYS_EMBED_SWIFT_STANDARD_LIBRARIES = YES;
				BUNDLE_LOADER = "$(TEST_HOST)";
				CODE_SIGN_STYLE = Automatic;
				CURRENT_PROJECT_VERSION = 1;
				DEVELOPMENT_TEAM = Y6XH6MHQLL;
				GENERATE_INFOPLIST_FILE = YES;
				IPHONEOS_DEPLOYMENT_TARGET = 14.0;
				LD_RUNPATH_SEARCH_PATHS = (
					"$(inherited)",
					"@executable_path/Frameworks",
					"@loader_path/Frameworks",
				);
				MARKETING_VERSION = 1.0;
				PRODUCT_BUNDLE_IDENTIFIER = DarkIrdya.projectTwoTests;
				PRODUCT_NAME = "$(TARGET_NAME)";
				SWIFT_EMIT_LOC_STRINGS = NO;
				SWIFT_VERSION = 5.0;
				TARGETED_DEVICE_FAMILY = "1,2";
				TEST_HOST = "$(BUILT_PRODUCTS_DIR)/projectTwo.app/projectTwo";
			};
			name = Debug;
		};
		18943156272C8E8C000C4771 /* Release */ = {
			isa = XCBuildConfiguration;
			buildSettings = {
				ALWAYS_EMBED_SWIFT_STANDARD_LIBRARIES = YES;
				BUNDLE_LOADER = "$(TEST_HOST)";
				CODE_SIGN_STYLE = Automatic;
				CURRENT_PROJECT_VERSION = 1;
				DEVELOPMENT_TEAM = Y6XH6MHQLL;
				GENERATE_INFOPLIST_FILE = YES;
				IPHONEOS_DEPLOYMENT_TARGET = 14.0;
				LD_RUNPATH_SEARCH_PATHS = (
					"$(inherited)",
					"@executable_path/Frameworks",
					"@loader_path/Frameworks",
				);
				MARKETING_VERSION = 1.0;
				PRODUCT_BUNDLE_IDENTIFIER = DarkIrdya.projectTwoTests;
				PRODUCT_NAME = "$(TARGET_NAME)";
				SWIFT_EMIT_LOC_STRINGS = NO;
				SWIFT_VERSION = 5.0;
				TARGETED_DEVICE_FAMILY = "1,2";
				TEST_HOST = "$(BUILT_PRODUCTS_DIR)/projectTwo.app/projectTwo";
			};
			name = Release;
		};
		18943158272C8E8C000C4771 /* Debug */ = {
			isa = XCBuildConfiguration;
			buildSettings = {
				ALWAYS_EMBED_SWIFT_STANDARD_LIBRARIES = YES;
				CODE_SIGN_STYLE = Automatic;
				CURRENT_PROJECT_VERSION = 1;
				DEVELOPMENT_TEAM = Y6XH6MHQLL;
				GENERATE_INFOPLIST_FILE = YES;
				LD_RUNPATH_SEARCH_PATHS = (
					"$(inherited)",
					"@executable_path/Frameworks",
					"@loader_path/Frameworks",
				);
				MARKETING_VERSION = 1.0;
				PRODUCT_BUNDLE_IDENTIFIER = DarkIrdya.projectTwoUITests;
				PRODUCT_NAME = "$(TARGET_NAME)";
				SWIFT_EMIT_LOC_STRINGS = NO;
				SWIFT_VERSION = 5.0;
				TARGETED_DEVICE_FAMILY = "1,2";
				TEST_TARGET_NAME = projectTwo;
			};
			name = Debug;
		};
		18943159272C8E8C000C4771 /* Release */ = {
			isa = XCBuildConfiguration;
			buildSettings = {
				ALWAYS_EMBED_SWIFT_STANDARD_LIBRARIES = YES;
				CODE_SIGN_STYLE = Automatic;
				CURRENT_PROJECT_VERSION = 1;
				DEVELOPMENT_TEAM = Y6XH6MHQLL;
				GENERATE_INFOPLIST_FILE = YES;
				LD_RUNPATH_SEARCH_PATHS = (
					"$(inherited)",
					"@executable_path/Frameworks",
					"@loader_path/Frameworks",
				);
				MARKETING_VERSION = 1.0;
				PRODUCT_BUNDLE_IDENTIFIER = DarkIrdya.projectTwoUITests;
				PRODUCT_NAME = "$(TARGET_NAME)";
				SWIFT_EMIT_LOC_STRINGS = NO;
				SWIFT_VERSION = 5.0;
				TARGETED_DEVICE_FAMILY = "1,2";
				TEST_TARGET_NAME = projectTwo;
			};
			name = Release;
		};
/* End XCBuildConfiguration section */

/* Begin XCConfigurationList section */
		18943128272C8E8A000C4771 /* Build configuration list for PBXProject "projectTwo" */ = {
			isa = XCConfigurationList;
			buildConfigurations = (
				1894314F272C8E8C000C4771 /* Debug */,
				18943150272C8E8C000C4771 /* Release */,
			);
			defaultConfigurationIsVisible = 0;
			defaultConfigurationName = Release;
		};
		18943151272C8E8C000C4771 /* Build configuration list for PBXNativeTarget "projectTwo" */ = {
			isa = XCConfigurationList;
			buildConfigurations = (
				18943152272C8E8C000C4771 /* Debug */,
				18943153272C8E8C000C4771 /* Release */,
			);
			defaultConfigurationIsVisible = 0;
			defaultConfigurationName = Release;
		};
		18943154272C8E8C000C4771 /* Build configuration list for PBXNativeTarget "projectTwoTests" */ = {
			isa = XCConfigurationList;
			buildConfigurations = (
				18943155272C8E8C000C4771 /* Debug */,
				18943156272C8E8C000C4771 /* Release */,
			);
			defaultConfigurationIsVisible = 0;
			defaultConfigurationName = Release;
		};
		18943157272C8E8C000C4771 /* Build configuration list for PBXNativeTarget "projectTwoUITests" */ = {
			isa = XCConfigurationList;
			buildConfigurations = (
				18943158272C8E8C000C4771 /* Debug */,
				18943159272C8E8C000C4771 /* Release */,
			);
			defaultConfigurationIsVisible = 0;
			defaultConfigurationName = Release;
		};
/* End XCConfigurationList section */
	};
	rootObject = 18943125272C8E8A000C4771 /* Project object */;
}
