// !$*UTF8*$!
{
	archiveVersion = 1;
	classes = {
	};
	objectVersion = 55;
	objects = {

/* Begin PBXBuildFile section */
		18F2C9E2275D7605001FE28E /* ProjectFourLandmarksApp.swift in Sources */ = {isa = PBXBuildFile; fileRef = 18F2C9E1275D7605001FE28E /* ProjectFourLandmarksApp.swift */; };
		18F2C9E4275D7605001FE28E /* ContentView.swift in Sources */ = {isa = PBXBuildFile; fileRef = 18F2C9E3275D7605001FE28E /* ContentView.swift */; };
		18F2C9E6275D7606001FE28E /* Assets.xcassets in Resources */ = {isa = PBXBuildFile; fileRef = 18F2C9E5275D7606001FE28E /* Assets.xcassets */; };
		18F2C9E9275D7606001FE28E /* Preview Assets.xcassets in Resources */ = {isa = PBXBuildFile; fileRef = 18F2C9E8275D7606001FE28E /* Preview Assets.xcassets */; };
		18F2C9F3275D7606001FE28E /* ProjectFourLandmarksTests.swift in Sources */ = {isa = PBXBuildFile; fileRef = 18F2C9F2275D7606001FE28E /* ProjectFourLandmarksTests.swift */; };
		18F2C9FD275D7607001FE28E /* ProjectFourLandmarksUITests.swift in Sources */ = {isa = PBXBuildFile; fileRef = 18F2C9FC275D7607001FE28E /* ProjectFourLandmarksUITests.swift */; };
		18F2C9FF275D7607001FE28E /* ProjectFourLandmarksUITestsLaunchTests.swift in Sources */ = {isa = PBXBuildFile; fileRef = 18F2C9FE275D7607001FE28E /* ProjectFourLandmarksUITestsLaunchTests.swift */; };
		18F2CA0C275D7A71001FE28E /* CircleImage.swift in Sources */ = {isa = PBXBuildFile; fileRef = 18F2CA0B275D7A71001FE28E /* CircleImage.swift */; };
/* End PBXBuildFile section */

/* Begin PBXContainerItemProxy section */
		18F2C9EF275D7606001FE28E /* PBXContainerItemProxy */ = {
			isa = PBXContainerItemProxy;
			containerPortal = 18F2C9D6275D7604001FE28E /* Project object */;
			proxyType = 1;
			remoteGlobalIDString = 18F2C9DD275D7604001FE28E;
			remoteInfo = ProjectFourLandmarks;
		};
		18F2C9F9275D7607001FE28E /* PBXContainerItemProxy */ = {
			isa = PBXContainerItemProxy;
			containerPortal = 18F2C9D6275D7604001FE28E /* Project object */;
			proxyType = 1;
			remoteGlobalIDString = 18F2C9DD275D7604001FE28E;
			remoteInfo = ProjectFourLandmarks;
		};
/* End PBXContainerItemProxy section */

/* Begin PBXFileReference section */
		18F2C9DE275D7605001FE28E /* ProjectFourLandmarks.app */ = {isa = PBXFileReference; explicitFileType = wrapper.application; includeInIndex = 0; path = ProjectFourLandmarks.app; sourceTree = BUILT_PRODUCTS_DIR; };
		18F2C9E1275D7605001FE28E /* ProjectFourLandmarksApp.swift */ = {isa = PBXFileReference; lastKnownFileType = sourcecode.swift; path = ProjectFourLandmarksApp.swift; sourceTree = "<group>"; };
		18F2C9E3275D7605001FE28E /* ContentView.swift */ = {isa = PBXFileReference; lastKnownFileType = sourcecode.swift; path = ContentView.swift; sourceTree = "<group>"; };
		18F2C9E5275D7606001FE28E /* Assets.xcassets */ = {isa = PBXFileReference; lastKnownFileType = folder.assetcatalog; path = Assets.xcassets; sourceTree = "<group>"; };
		18F2C9E8275D7606001FE28E /* Preview Assets.xcassets */ = {isa = PBXFileReference; lastKnownFileType = folder.assetcatalog; path = "Preview Assets.xcassets"; sourceTree = "<group>"; };
		18F2C9EE275D7606001FE28E /* ProjectFourLandmarksTests.xctest */ = {isa = PBXFileReference; explicitFileType = wrapper.cfbundle; includeInIndex = 0; path = ProjectFourLandmarksTests.xctest; sourceTree = BUILT_PRODUCTS_DIR; };
		18F2C9F2275D7606001FE28E /* ProjectFourLandmarksTests.swift */ = {isa = PBXFileReference; lastKnownFileType = sourcecode.swift; path = ProjectFourLandmarksTests.swift; sourceTree = "<group>"; };
		18F2C9F8275D7607001FE28E /* ProjectFourLandmarksUITests.xctest */ = {isa = PBXFileReference; explicitFileType = wrapper.cfbundle; includeInIndex = 0; path = ProjectFourLandmarksUITests.xctest; sourceTree = BUILT_PRODUCTS_DIR; };
		18F2C9FC275D7607001FE28E /* ProjectFourLandmarksUITests.swift */ = {isa = PBXFileReference; lastKnownFileType = sourcecode.swift; path = ProjectFourLandmarksUITests.swift; sourceTree = "<group>"; };
		18F2C9FE275D7607001FE28E /* ProjectFourLandmarksUITestsLaunchTests.swift */ = {isa = PBXFileReference; lastKnownFileType = sourcecode.swift; path = ProjectFourLandmarksUITestsLaunchTests.swift; sourceTree = "<group>"; };
		18F2CA0B275D7A71001FE28E /* CircleImage.swift */ = {isa = PBXFileReference; lastKnownFileType = sourcecode.swift; path = CircleImage.swift; sourceTree = "<group>"; };
/* End PBXFileReference section */

/* Begin PBXFrameworksBuildPhase section */
		18F2C9DB275D7604001FE28E /* Frameworks */ = {
			isa = PBXFrameworksBuildPhase;
			buildActionMask = 2147483647;
			files = (
			);
			runOnlyForDeploymentPostprocessing = 0;
		};
		18F2C9EB275D7606001FE28E /* Frameworks */ = {
			isa = PBXFrameworksBuildPhase;
			buildActionMask = 2147483647;
			files = (
			);
			runOnlyForDeploymentPostprocessing = 0;
		};
		18F2C9F5275D7607001FE28E /* Frameworks */ = {
			isa = PBXFrameworksBuildPhase;
			buildActionMask = 2147483647;
			files = (
			);
			runOnlyForDeploymentPostprocessing = 0;
		};
/* End PBXFrameworksBuildPhase section */

/* Begin PBXGroup section */
		18F2C9D5275D7604001FE28E = {
			isa = PBXGroup;
			children = (
				18F2C9E0275D7605001FE28E /* ProjectFourLandmarks */,
				18F2C9F1275D7606001FE28E /* ProjectFourLandmarksTests */,
				18F2C9FB275D7607001FE28E /* ProjectFourLandmarksUITests */,
				18F2C9DF275D7605001FE28E /* Products */,
			);
			sourceTree = "<group>";
		};
		18F2C9DF275D7605001FE28E /* Products */ = {
			isa = PBXGroup;
			children = (
				18F2C9DE275D7605001FE28E /* ProjectFourLandmarks.app */,
				18F2C9EE275D7606001FE28E /* ProjectFourLandmarksTests.xctest */,
				18F2C9F8275D7607001FE28E /* ProjectFourLandmarksUITests.xctest */,
			);
			name = Products;
			sourceTree = "<group>";
		};
		18F2C9E0275D7605001FE28E /* ProjectFourLandmarks */ = {
			isa = PBXGroup;
			children = (
				18F2C9E1275D7605001FE28E /* ProjectFourLandmarksApp.swift */,
				18F2C9E3275D7605001FE28E /* ContentView.swift */,
				18F2C9E5275D7606001FE28E /* Assets.xcassets */,
				18F2C9E7275D7606001FE28E /* Preview Content */,
				18F2CA0B275D7A71001FE28E /* CircleImage.swift */,
			);
			path = ProjectFourLandmarks;
			sourceTree = "<group>";
		};
		18F2C9E7275D7606001FE28E /* Preview Content */ = {
			isa = PBXGroup;
			children = (
				18F2C9E8275D7606001FE28E /* Preview Assets.xcassets */,
			);
			path = "Preview Content";
			sourceTree = "<group>";
		};
		18F2C9F1275D7606001FE28E /* ProjectFourLandmarksTests */ = {
			isa = PBXGroup;
			children = (
				18F2C9F2275D7606001FE28E /* ProjectFourLandmarksTests.swift */,
			);
			path = ProjectFourLandmarksTests;
			sourceTree = "<group>";
		};
		18F2C9FB275D7607001FE28E /* ProjectFourLandmarksUITests */ = {
			isa = PBXGroup;
			children = (
				18F2C9FC275D7607001FE28E /* ProjectFourLandmarksUITests.swift */,
				18F2C9FE275D7607001FE28E /* ProjectFourLandmarksUITestsLaunchTests.swift */,
			);
			path = ProjectFourLandmarksUITests;
			sourceTree = "<group>";
		};
/* End PBXGroup section */

/* Begin PBXNativeTarget section */
		18F2C9DD275D7604001FE28E /* ProjectFourLandmarks */ = {
			isa = PBXNativeTarget;
			buildConfigurationList = 18F2CA02275D7607001FE28E /* Build configuration list for PBXNativeTarget "ProjectFourLandmarks" */;
			buildPhases = (
				18F2C9DA275D7604001FE28E /* Sources */,
				18F2C9DB275D7604001FE28E /* Frameworks */,
				18F2C9DC275D7604001FE28E /* Resources */,
			);
			buildRules = (
			);
			dependencies = (
			);
			name = ProjectFourLandmarks;
			productName = ProjectFourLandmarks;
			productReference = 18F2C9DE275D7605001FE28E /* ProjectFourLandmarks.app */;
			productType = "com.apple.product-type.application";
		};
		18F2C9ED275D7606001FE28E /* ProjectFourLandmarksTests */ = {
			isa = PBXNativeTarget;
			buildConfigurationList = 18F2CA05275D7607001FE28E /* Build configuration list for PBXNativeTarget "ProjectFourLandmarksTests" */;
			buildPhases = (
				18F2C9EA275D7606001FE28E /* Sources */,
				18F2C9EB275D7606001FE28E /* Frameworks */,
				18F2C9EC275D7606001FE28E /* Resources */,
			);
			buildRules = (
			);
			dependencies = (
				18F2C9F0275D7606001FE28E /* PBXTargetDependency */,
			);
			name = ProjectFourLandmarksTests;
			productName = ProjectFourLandmarksTests;
			productReference = 18F2C9EE275D7606001FE28E /* ProjectFourLandmarksTests.xctest */;
			productType = "com.apple.product-type.bundle.unit-test";
		};
		18F2C9F7275D7607001FE28E /* ProjectFourLandmarksUITests */ = {
			isa = PBXNativeTarget;
			buildConfigurationList = 18F2CA08275D7607001FE28E /* Build configuration list for PBXNativeTarget "ProjectFourLandmarksUITests" */;
			buildPhases = (
				18F2C9F4275D7607001FE28E /* Sources */,
				18F2C9F5275D7607001FE28E /* Frameworks */,
				18F2C9F6275D7607001FE28E /* Resources */,
			);
			buildRules = (
			);
			dependencies = (
				18F2C9FA275D7607001FE28E /* PBXTargetDependency */,
			);
			name = ProjectFourLandmarksUITests;
			productName = ProjectFourLandmarksUITests;
			productReference = 18F2C9F8275D7607001FE28E /* ProjectFourLandmarksUITests.xctest */;
			productType = "com.apple.product-type.bundle.ui-testing";
		};
/* End PBXNativeTarget section */

/* Begin PBXProject section */
		18F2C9D6275D7604001FE28E /* Project object */ = {
			isa = PBXProject;
			attributes = {
				BuildIndependentTargetsInParallel = 1;
				LastSwiftUpdateCheck = 1300;
				LastUpgradeCheck = 1300;
				TargetAttributes = {
					18F2C9DD275D7604001FE28E = {
						CreatedOnToolsVersion = 13.0;
					};
					18F2C9ED275D7606001FE28E = {
						CreatedOnToolsVersion = 13.0;
						TestTargetID = 18F2C9DD275D7604001FE28E;
					};
					18F2C9F7275D7607001FE28E = {
						CreatedOnToolsVersion = 13.0;
						TestTargetID = 18F2C9DD275D7604001FE28E;
					};
				};
			};
			buildConfigurationList = 18F2C9D9275D7604001FE28E /* Build configuration list for PBXProject "ProjectFourLandmarks" */;
			compatibilityVersion = "Xcode 13.0";
			developmentRegion = en;
			hasScannedForEncodings = 0;
			knownRegions = (
				en,
				Base,
			);
			mainGroup = 18F2C9D5275D7604001FE28E;
			productRefGroup = 18F2C9DF275D7605001FE28E /* Products */;
			projectDirPath = "";
			projectRoot = "";
			targets = (
				18F2C9DD275D7604001FE28E /* ProjectFourLandmarks */,
				18F2C9ED275D7606001FE28E /* ProjectFourLandmarksTests */,
				18F2C9F7275D7607001FE28E /* ProjectFourLandmarksUITests */,
			);
		};
/* End PBXProject section */

/* Begin PBXResourcesBuildPhase section */
		18F2C9DC275D7604001FE28E /* Resources */ = {
			isa = PBXResourcesBuildPhase;
			buildActionMask = 2147483647;
			files = (
				18F2C9E9275D7606001FE28E /* Preview Assets.xcassets in Resources */,
				18F2C9E6275D7606001FE28E /* Assets.xcassets in Resources */,
			);
			runOnlyForDeploymentPostprocessing = 0;
		};
		18F2C9EC275D7606001FE28E /* Resources */ = {
			isa = PBXResourcesBuildPhase;
			buildActionMask = 2147483647;
			files = (
			);
			runOnlyForDeploymentPostprocessing = 0;
		};
		18F2C9F6275D7607001FE28E /* Resources */ = {
			isa = PBXResourcesBuildPhase;
			buildActionMask = 2147483647;
			files = (
			);
			runOnlyForDeploymentPostprocessing = 0;
		};
/* End PBXResourcesBuildPhase section */

/* Begin PBXSourcesBuildPhase section */
		18F2C9DA275D7604001FE28E /* Sources */ = {
			isa = PBXSourcesBuildPhase;
			buildActionMask = 2147483647;
			files = (
				18F2C9E4275D7605001FE28E /* ContentView.swift in Sources */,
				18F2C9E2275D7605001FE28E /* ProjectFourLandmarksApp.swift in Sources */,
				18F2CA0C275D7A71001FE28E /* CircleImage.swift in Sources */,
			);
			runOnlyForDeploymentPostprocessing = 0;
		};
		18F2C9EA275D7606001FE28E /* Sources */ = {
			isa = PBXSourcesBuildPhase;
			buildActionMask = 2147483647;
			files = (
				18F2C9F3275D7606001FE28E /* ProjectFourLandmarksTests.swift in Sources */,
			);
			runOnlyForDeploymentPostprocessing = 0;
		};
		18F2C9F4275D7607001FE28E /* Sources */ = {
			isa = PBXSourcesBuildPhase;
			buildActionMask = 2147483647;
			files = (
				18F2C9FF275D7607001FE28E /* ProjectFourLandmarksUITestsLaunchTests.swift in Sources */,
				18F2C9FD275D7607001FE28E /* ProjectFourLandmarksUITests.swift in Sources */,
			);
			runOnlyForDeploymentPostprocessing = 0;
		};
/* End PBXSourcesBuildPhase section */

/* Begin PBXTargetDependency section */
		18F2C9F0275D7606001FE28E /* PBXTargetDependency */ = {
			isa = PBXTargetDependency;
			target = 18F2C9DD275D7604001FE28E /* ProjectFourLandmarks */;
			targetProxy = 18F2C9EF275D7606001FE28E /* PBXContainerItemProxy */;
		};
		18F2C9FA275D7607001FE28E /* PBXTargetDependency */ = {
			isa = PBXTargetDependency;
			target = 18F2C9DD275D7604001FE28E /* ProjectFourLandmarks */;
			targetProxy = 18F2C9F9275D7607001FE28E /* PBXContainerItemProxy */;
		};
/* End PBXTargetDependency section */

/* Begin XCBuildConfiguration section */
		18F2CA00275D7607001FE28E /* Debug */ = {
			isa = XCBuildConfiguration;
			buildSettings = {
				ALWAYS_SEARCH_USER_PATHS = NO;
				CLANG_ANALYZER_NONNULL = YES;
				CLANG_ANALYZER_NUMBER_OBJECT_CONVERSION = YES_AGGRESSIVE;
				CLANG_CXX_LANGUAGE_STANDARD = "gnu++17";
				CLANG_CXX_LIBRARY = "libc++";
				CLANG_ENABLE_MODULES = YES;
				CLANG_ENABLE_OBJC_ARC = YES;
				CLANG_ENABLE_OBJC_WEAK = YES;
				CLANG_WARN_BLOCK_CAPTURE_AUTORELEASING = YES;
				CLANG_WARN_BOOL_CONVERSION = YES;
				CLANG_WARN_COMMA = YES;
				CLANG_WARN_CONSTANT_CONVERSION = YES;
				CLANG_WARN_DEPRECATED_OBJC_IMPLEMENTATIONS = YES;
				CLANG_WARN_DIRECT_OBJC_ISA_USAGE = YES_ERROR;
				CLANG_WARN_DOCUMENTATION_COMMENTS = YES;
				CLANG_WARN_EMPTY_BODY = YES;
				CLANG_WARN_ENUM_CONVERSION = YES;
				CLANG_WARN_INFINITE_RECURSION = YES;
				CLANG_WARN_INT_CONVERSION = YES;
				CLANG_WARN_NON_LITERAL_NULL_CONVERSION = YES;
				CLANG_WARN_OBJC_IMPLICIT_RETAIN_SELF = YES;
				CLANG_WARN_OBJC_LITERAL_CONVERSION = YES;
				CLANG_WARN_OBJC_ROOT_CLASS = YES_ERROR;
				CLANG_WARN_QUOTED_INCLUDE_IN_FRAMEWORK_HEADER = YES;
				CLANG_WARN_RANGE_LOOP_ANALYSIS = YES;
				CLANG_WARN_STRICT_PROTOTYPES = YES;
				CLANG_WARN_SUSPICIOUS_MOVE = YES;
				CLANG_WARN_UNGUARDED_AVAILABILITY = YES_AGGRESSIVE;
				CLANG_WARN_UNREACHABLE_CODE = YES;
				CLANG_WARN__DUPLICATE_METHOD_MATCH = YES;
				COPY_PHASE_STRIP = NO;
				DEBUG_INFORMATION_FORMAT = dwarf;
				ENABLE_STRICT_OBJC_MSGSEND = YES;
				ENABLE_TESTABILITY = YES;
				GCC_C_LANGUAGE_STANDARD = gnu11;
				GCC_DYNAMIC_NO_PIC = NO;
				GCC_NO_COMMON_BLOCKS = YES;
				GCC_OPTIMIZATION_LEVEL = 0;
				GCC_PREPROCESSOR_DEFINITIONS = (
					"DEBUG=1",
					"$(inherited)",
				);
				GCC_WARN_64_TO_32_BIT_CONVERSION = YES;
				GCC_WARN_ABOUT_RETURN_TYPE = YES_ERROR;
				GCC_WARN_UNDECLARED_SELECTOR = YES;
				GCC_WARN_UNINITIALIZED_AUTOS = YES_AGGRESSIVE;
				GCC_WARN_UNUSED_FUNCTION = YES;
				GCC_WARN_UNUSED_VARIABLE = YES;
				IPHONEOS_DEPLOYMENT_TARGET = 15.0;
				MTL_ENABLE_DEBUG_INFO = INCLUDE_SOURCE;
				MTL_FAST_MATH = YES;
				ONLY_ACTIVE_ARCH = YES;
				SDKROOT = iphoneos;
				SWIFT_ACTIVE_COMPILATION_CONDITIONS = DEBUG;
				SWIFT_OPTIMIZATION_LEVEL = "-Onone";
			};
			name = Debug;
		};
		18F2CA01275D7607001FE28E /* Release */ = {
			isa = XCBuildConfiguration;
			buildSettings = {
				ALWAYS_SEARCH_USER_PATHS = NO;
				CLANG_ANALYZER_NONNULL = YES;
				CLANG_ANALYZER_NUMBER_OBJECT_CONVERSION = YES_AGGRESSIVE;
				CLANG_CXX_LANGUAGE_STANDARD = "gnu++17";
				CLANG_CXX_LIBRARY = "libc++";
				CLANG_ENABLE_MODULES = YES;
				CLANG_ENABLE_OBJC_ARC = YES;
				CLANG_ENABLE_OBJC_WEAK = YES;
				CLANG_WARN_BLOCK_CAPTURE_AUTORELEASING = YES;
				CLANG_WARN_BOOL_CONVERSION = YES;
				CLANG_WARN_COMMA = YES;
				CLANG_WARN_CONSTANT_CONVERSION = YES;
				CLANG_WARN_DEPRECATED_OBJC_IMPLEMENTATIONS = YES;
				CLANG_WARN_DIRECT_OBJC_ISA_USAGE = YES_ERROR;
				CLANG_WARN_DOCUMENTATION_COMMENTS = YES;
				CLANG_WARN_EMPTY_BODY = YES;
				CLANG_WARN_ENUM_CONVERSION = YES;
				CLANG_WARN_INFINITE_RECURSION = YES;
				CLANG_WARN_INT_CONVERSION = YES;
				CLANG_WARN_NON_LITERAL_NULL_CONVERSION = YES;
				CLANG_WARN_OBJC_IMPLICIT_RETAIN_SELF = YES;
				CLANG_WARN_OBJC_LITERAL_CONVERSION = YES;
				CLANG_WARN_OBJC_ROOT_CLASS = YES_ERROR;
				CLANG_WARN_QUOTED_INCLUDE_IN_FRAMEWORK_HEADER = YES;
				CLANG_WARN_RANGE_LOOP_ANALYSIS = YES;
				CLANG_WARN_STRICT_PROTOTYPES = YES;
				CLANG_WARN_SUSPICIOUS_MOVE = YES;
				CLANG_WARN_UNGUARDED_AVAILABILITY = YES_AGGRESSIVE;
				CLANG_WARN_UNREACHABLE_CODE = YES;
				CLANG_WARN__DUPLICATE_METHOD_MATCH = YES;
				COPY_PHASE_STRIP = NO;
				DEBUG_INFORMATION_FORMAT = "dwarf-with-dsym";
				ENABLE_NS_ASSERTIONS = NO;
				ENABLE_STRICT_OBJC_MSGSEND = YES;
				GCC_C_LANGUAGE_STANDARD = gnu11;
				GCC_NO_COMMON_BLOCKS = YES;
				GCC_WARN_64_TO_32_BIT_CONVERSION = YES;
				GCC_WARN_ABOUT_RETURN_TYPE = YES_ERROR;
				GCC_WARN_UNDECLARED_SELECTOR = YES;
				GCC_WARN_UNINITIALIZED_AUTOS = YES_AGGRESSIVE;
				GCC_WARN_UNUSED_FUNCTION = YES;
				GCC_WARN_UNUSED_VARIABLE = YES;
				IPHONEOS_DEPLOYMENT_TARGET = 15.0;
				MTL_ENABLE_DEBUG_INFO = NO;
				MTL_FAST_MATH = YES;
				SDKROOT = iphoneos;
				SWIFT_COMPILATION_MODE = wholemodule;
				SWIFT_OPTIMIZATION_LEVEL = "-O";
				VALIDATE_PRODUCT = YES;
			};
			name = Release;
		};
		18F2CA03275D7607001FE28E /* Debug */ = {
			isa = XCBuildConfiguration;
			buildSettings = {
				ASSETCATALOG_COMPILER_APPICON_NAME = AppIcon;
				ASSETCATALOG_COMPILER_GLOBAL_ACCENT_COLOR_NAME = AccentColor;
				CODE_SIGN_STYLE = Automatic;
				CURRENT_PROJECT_VERSION = 1;
				DEVELOPMENT_ASSET_PATHS = "\"ProjectFourLandmarks/Preview Content\"";
				ENABLE_PREVIEWS = YES;
				GENERATE_INFOPLIST_FILE = YES;
				INFOPLIST_KEY_UIApplicationSceneManifest_Generation = YES;
				INFOPLIST_KEY_UIApplicationSupportsIndirectInputEvents = YES;
				INFOPLIST_KEY_UILaunchScreen_Generation = YES;
				INFOPLIST_KEY_UISupportedInterfaceOrientations_iPad = "UIInterfaceOrientationPortrait UIInterfaceOrientationPortraitUpsideDown UIInterfaceOrientationLandscapeLeft UIInterfaceOrientationLandscapeRight";
				INFOPLIST_KEY_UISupportedInterfaceOrientations_iPhone = "UIInterfaceOrientationPortrait UIInterfaceOrientationLandscapeLeft UIInterfaceOrientationLandscapeRight";
				IPHONEOS_DEPLOYMENT_TARGET = 15.0;
				LD_RUNPATH_SEARCH_PATHS = (
					"$(inherited)",
					"@executable_path/Frameworks",
				);
				MARKETING_VERSION = 1.0;
				PRODUCT_BUNDLE_IDENTIFIER = darkIrdya.ProjectFourLandmarks;
				PRODUCT_NAME = "$(TARGET_NAME)";
				SWIFT_EMIT_LOC_STRINGS = YES;
				SWIFT_VERSION = 5.0;
				TARGETED_DEVICE_FAMILY = 1;
			};
			name = Debug;
		};
		18F2CA04275D7607001FE28E /* Release */ = {
			isa = XCBuildConfiguration;
			buildSettings = {
				ASSETCATALOG_COMPILER_APPICON_NAME = AppIcon;
				ASSETCATALOG_COMPILER_GLOBAL_ACCENT_COLOR_NAME = AccentColor;
				CODE_SIGN_STYLE = Automatic;
				CURRENT_PROJECT_VERSION = 1;
				DEVELOPMENT_ASSET_PATHS = "\"ProjectFourLandmarks/Preview Content\"";
				ENABLE_PREVIEWS = YES;
				GENERATE_INFOPLIST_FILE = YES;
				INFOPLIST_KEY_UIApplicationSceneManifest_Generation = YES;
				INFOPLIST_KEY_UIApplicationSupportsIndirectInputEvents = YES;
				INFOPLIST_KEY_UILaunchScreen_Generation = YES;
				INFOPLIST_KEY_UISupportedInterfaceOrientations_iPad = "UIInterfaceOrientationPortrait UIInterfaceOrientationPortraitUpsideDown UIInterfaceOrientationLandscapeLeft UIInterfaceOrientationLandscapeRight";
				INFOPLIST_KEY_UISupportedInterfaceOrientations_iPhone = "UIInterfaceOrientationPortrait UIInterfaceOrientationLandscapeLeft UIInterfaceOrientationLandscapeRight";
				IPHONEOS_DEPLOYMENT_TARGET = 15.0;
				LD_RUNPATH_SEARCH_PATHS = (
					"$(inherited)",
					"@executable_path/Frameworks",
				);
				MARKETING_VERSION = 1.0;
				PRODUCT_BUNDLE_IDENTIFIER = darkIrdya.ProjectFourLandmarks;
				PRODUCT_NAME = "$(TARGET_NAME)";
				SWIFT_EMIT_LOC_STRINGS = YES;
				SWIFT_VERSION = 5.0;
				TARGETED_DEVICE_FAMILY = 1;
			};
			name = Release;
		};
		18F2CA06275D7607001FE28E /* Debug */ = {
			isa = XCBuildConfiguration;
			buildSettings = {
				ALWAYS_EMBED_SWIFT_STANDARD_LIBRARIES = YES;
				BUNDLE_LOADER = "$(TEST_HOST)";
				CODE_SIGN_STYLE = Automatic;
				CURRENT_PROJECT_VERSION = 1;
				GENERATE_INFOPLIST_FILE = YES;
				IPHONEOS_DEPLOYMENT_TARGET = 14.0;
				LD_RUNPATH_SEARCH_PATHS = (
					"$(inherited)",
					"@executable_path/Frameworks",
					"@loader_path/Frameworks",
				);
				MARKETING_VERSION = 1.0;
				PRODUCT_BUNDLE_IDENTIFIER = darkIrdya.ProjectFourLandmarksTests;
				PRODUCT_NAME = "$(TARGET_NAME)";
				SWIFT_EMIT_LOC_STRINGS = NO;
				SWIFT_VERSION = 5.0;
				TARGETED_DEVICE_FAMILY = "1,2";
				TEST_HOST = "$(BUILT_PRODUCTS_DIR)/ProjectFourLandmarks.app/ProjectFourLandmarks";
			};
			name = Debug;
		};
		18F2CA07275D7607001FE28E /* Release */ = {
			isa = XCBuildConfiguration;
			buildSettings = {
				ALWAYS_EMBED_SWIFT_STANDARD_LIBRARIES = YES;
				BUNDLE_LOADER = "$(TEST_HOST)";
				CODE_SIGN_STYLE = Automatic;
				CURRENT_PROJECT_VERSION = 1;
				GENERATE_INFOPLIST_FILE = YES;
				IPHONEOS_DEPLOYMENT_TARGET = 14.0;
				LD_RUNPATH_SEARCH_PATHS = (
					"$(inherited)",
					"@executable_path/Frameworks",
					"@loader_path/Frameworks",
				);
				MARKETING_VERSION = 1.0;
				PRODUCT_BUNDLE_IDENTIFIER = darkIrdya.ProjectFourLandmarksTests;
				PRODUCT_NAME = "$(TARGET_NAME)";
				SWIFT_EMIT_LOC_STRINGS = NO;
				SWIFT_VERSION = 5.0;
				TARGETED_DEVICE_FAMILY = "1,2";
				TEST_HOST = "$(BUILT_PRODUCTS_DIR)/ProjectFourLandmarks.app/ProjectFourLandmarks";
			};
			name = Release;
		};
		18F2CA09275D7607001FE28E /* Debug */ = {
			isa = XCBuildConfiguration;
			buildSettings = {
				ALWAYS_EMBED_SWIFT_STANDARD_LIBRARIES = YES;
				CODE_SIGN_STYLE = Automatic;
				CURRENT_PROJECT_VERSION = 1;
				GENERATE_INFOPLIST_FILE = YES;
				LD_RUNPATH_SEARCH_PATHS = (
					"$(inherited)",
					"@executable_path/Frameworks",
					"@loader_path/Frameworks",
				);
				MARKETING_VERSION = 1.0;
				PRODUCT_BUNDLE_IDENTIFIER = darkIrdya.ProjectFourLandmarksUITests;
				PRODUCT_NAME = "$(TARGET_NAME)";
				SWIFT_EMIT_LOC_STRINGS = NO;
				SWIFT_VERSION = 5.0;
				TARGETED_DEVICE_FAMILY = "1,2";
				TEST_TARGET_NAME = ProjectFourLandmarks;
			};
			name = Debug;
		};
		18F2CA0A275D7607001FE28E /* Release */ = {
			isa = XCBuildConfiguration;
			buildSettings = {
				ALWAYS_EMBED_SWIFT_STANDARD_LIBRARIES = YES;
				CODE_SIGN_STYLE = Automatic;
				CURRENT_PROJECT_VERSION = 1;
				GENERATE_INFOPLIST_FILE = YES;
				LD_RUNPATH_SEARCH_PATHS = (
					"$(inherited)",
					"@executable_path/Frameworks",
					"@loader_path/Frameworks",
				);
				MARKETING_VERSION = 1.0;
				PRODUCT_BUNDLE_IDENTIFIER = darkIrdya.ProjectFourLandmarksUITests;
				PRODUCT_NAME = "$(TARGET_NAME)";
				SWIFT_EMIT_LOC_STRINGS = NO;
				SWIFT_VERSION = 5.0;
				TARGETED_DEVICE_FAMILY = "1,2";
				TEST_TARGET_NAME = ProjectFourLandmarks;
			};
			name = Release;
		};
/* End XCBuildConfiguration section */

/* Begin XCConfigurationList section */
		18F2C9D9275D7604001FE28E /* Build configuration list for PBXProject "ProjectFourLandmarks" */ = {
			isa = XCConfigurationList;
			buildConfigurations = (
				18F2CA00275D7607001FE28E /* Debug */,
				18F2CA01275D7607001FE28E /* Release */,
			);
			defaultConfigurationIsVisible = 0;
			defaultConfigurationName = Release;
		};
		18F2CA02275D7607001FE28E /* Build configuration list for PBXNativeTarget "ProjectFourLandmarks" */ = {
			isa = XCConfigurationList;
			buildConfigurations = (
				18F2CA03275D7607001FE28E /* Debug */,
				18F2CA04275D7607001FE28E /* Release */,
			);
			defaultConfigurationIsVisible = 0;
			defaultConfigurationName = Release;
		};
		18F2CA05275D7607001FE28E /* Build configuration list for PBXNativeTarget "ProjectFourLandmarksTests" */ = {
			isa = XCConfigurationList;
			buildConfigurations = (
				18F2CA06275D7607001FE28E /* Debug */,
				18F2CA07275D7607001FE28E /* Release */,
			);
			defaultConfigurationIsVisible = 0;
			defaultConfigurationName = Release;
		};
		18F2CA08275D7607001FE28E /* Build configuration list for PBXNativeTarget "ProjectFourLandmarksUITests" */ = {
			isa = XCConfigurationList;
			buildConfigurations = (
				18F2CA09275D7607001FE28E /* Debug */,
				18F2CA0A275D7607001FE28E /* Release */,
			);
			defaultConfigurationIsVisible = 0;
			defaultConfigurationName = Release;
		};
/* End XCConfigurationList section */
	};
	rootObject = 18F2C9D6275D7604001FE28E /* Project object */;
}
