// !$*UTF8*$!
{
	archiveVersion = 1;
	classes = {
	};
	objectVersion = 55;
	objects = {

/* Begin PBXBuildFile section */
		182935F627E236EF00AFE5E9 /* TitleView.swift in Sources */ = {isa = PBXBuildFile; fileRef = 182935F527E236EF00AFE5E9 /* TitleView.swift */; };
		182935F827E23CB000AFE5E9 /* ProductItemView.swift in Sources */ = {isa = PBXBuildFile; fileRef = 182935F727E23CB000AFE5E9 /* ProductItemView.swift */; };
		182935FA27E2631C00AFE5E9 /* BrandItemView.swift in Sources */ = {isa = PBXBuildFile; fileRef = 182935F927E2631C00AFE5E9 /* BrandItemView.swift */; };
		182935FC27E2716F00AFE5E9 /* BrandGridView.swift in Sources */ = {isa = PBXBuildFile; fileRef = 182935FB27E2716F00AFE5E9 /* BrandGridView.swift */; };
		182935FE27E2822B00AFE5E9 /* ProductDetailView.swift in Sources */ = {isa = PBXBuildFile; fileRef = 182935FD27E2822B00AFE5E9 /* ProductDetailView.swift */; };
		1829360027E283E800AFE5E9 /* NavBarDetailView.swift in Sources */ = {isa = PBXBuildFile; fileRef = 182935FF27E283E800AFE5E9 /* NavBarDetailView.swift */; };
		1829360227E2851F00AFE5E9 /* HeaderDetailView.swift in Sources */ = {isa = PBXBuildFile; fileRef = 1829360127E2851F00AFE5E9 /* HeaderDetailView.swift */; };
		1829360427E286B400AFE5E9 /* TopPartDetailView.swift in Sources */ = {isa = PBXBuildFile; fileRef = 1829360327E286B400AFE5E9 /* TopPartDetailView.swift */; };
		182B9C0B27E8FEF5007B8A80 /* AddKartView.swift in Sources */ = {isa = PBXBuildFile; fileRef = 182B9C0A27E8FEF5007B8A80 /* AddKartView.swift */; };
		182B9C0D27E9070F007B8A80 /* Shop.swift in Sources */ = {isa = PBXBuildFile; fileRef = 182B9C0C27E9070F007B8A80 /* Shop.swift */; };
		18B51CE327E8C23900B20659 /* CustomShape.swift in Sources */ = {isa = PBXBuildFile; fileRef = 18B51CE227E8C23900B20659 /* CustomShape.swift */; };
		18B51CE527E8C6C200B20659 /* RatingsSizesView.swift in Sources */ = {isa = PBXBuildFile; fileRef = 18B51CE427E8C6C200B20659 /* RatingsSizesView.swift */; };
		18B51CE727E8CF5A00B20659 /* QuanFavView.swift in Sources */ = {isa = PBXBuildFile; fileRef = 18B51CE627E8CF5A00B20659 /* QuanFavView.swift */; };
		18C4AF6427D65AB000631047 /* ECommerceAppApp.swift in Sources */ = {isa = PBXBuildFile; fileRef = 18C4AF6327D65AB000631047 /* ECommerceAppApp.swift */; };
		18C4AF6627D65AB000631047 /* ContentView.swift in Sources */ = {isa = PBXBuildFile; fileRef = 18C4AF6527D65AB000631047 /* ContentView.swift */; };
		18C4AF6827D65AB200631047 /* Assets.xcassets in Resources */ = {isa = PBXBuildFile; fileRef = 18C4AF6727D65AB200631047 /* Assets.xcassets */; };
		18C4AF6B27D65AB200631047 /* Preview Assets.xcassets in Resources */ = {isa = PBXBuildFile; fileRef = 18C4AF6A27D65AB200631047 /* Preview Assets.xcassets */; };
		18C4AF7D27D65D0A00631047 /* brand.json in Resources */ = {isa = PBXBuildFile; fileRef = 18C4AF7927D65D0900631047 /* brand.json */; };
		18C4AF7E27D65D0A00631047 /* player.json in Resources */ = {isa = PBXBuildFile; fileRef = 18C4AF7A27D65D0A00631047 /* player.json */; };
		18C4AF7F27D65D0A00631047 /* product.json in Resources */ = {isa = PBXBuildFile; fileRef = 18C4AF7B27D65D0A00631047 /* product.json */; };
		18C4AF8027D65D0A00631047 /* category.json in Resources */ = {isa = PBXBuildFile; fileRef = 18C4AF7C27D65D0A00631047 /* category.json */; };
		18C4AF8D27D660F700631047 /* Constants.swift in Sources */ = {isa = PBXBuildFile; fileRef = 18C4AF8C27D660F700631047 /* Constants.swift */; };
		18C4AF9127D662BE00631047 /* FooterView.swift in Sources */ = {isa = PBXBuildFile; fileRef = 18C4AF9027D662BE00631047 /* FooterView.swift */; };
		18C4AF9327D6689600631047 /* NavBarView.swift in Sources */ = {isa = PBXBuildFile; fileRef = 18C4AF9227D6689600631047 /* NavBarView.swift */; };
		18C4AF9527D6734500631047 /* LogoView.swift in Sources */ = {isa = PBXBuildFile; fileRef = 18C4AF9427D6734500631047 /* LogoView.swift */; };
		18C4AF9727D7AA8300631047 /* PlayerModel.swift in Sources */ = {isa = PBXBuildFile; fileRef = 18C4AF9627D7AA8300631047 /* PlayerModel.swift */; };
		18C4AF9927D7AB2D00631047 /* CodableBundleExtension.swift in Sources */ = {isa = PBXBuildFile; fileRef = 18C4AF9827D7AB2D00631047 /* CodableBundleExtension.swift */; };
		18C4AF9B27D7AB9100631047 /* BrandModel.swift in Sources */ = {isa = PBXBuildFile; fileRef = 18C4AF9A27D7AB9100631047 /* BrandModel.swift */; };
		18C4AF9D27D7ABEE00631047 /* CategoryModel.swift in Sources */ = {isa = PBXBuildFile; fileRef = 18C4AF9C27D7ABEE00631047 /* CategoryModel.swift */; };
		18C4AF9F27D7AC4600631047 /* ProductModel.swift in Sources */ = {isa = PBXBuildFile; fileRef = 18C4AF9E27D7AC4600631047 /* ProductModel.swift */; };
		18C4AFA127D7C62900631047 /* FeatureItemView.swift in Sources */ = {isa = PBXBuildFile; fileRef = 18C4AFA027D7C62900631047 /* FeatureItemView.swift */; };
		18C4AFA327D7C7A300631047 /* FeatureTabView.swift in Sources */ = {isa = PBXBuildFile; fileRef = 18C4AFA227D7C7A300631047 /* FeatureTabView.swift */; };
		18C4AFA527D7F73B00631047 /* CategoryItemView.swift in Sources */ = {isa = PBXBuildFile; fileRef = 18C4AFA427D7F73B00631047 /* CategoryItemView.swift */; };
		18C4AFA727D8C83000631047 /* CategoryGridView.swift in Sources */ = {isa = PBXBuildFile; fileRef = 18C4AFA627D8C83000631047 /* CategoryGridView.swift */; };
		18C4AFA927D8C9FB00631047 /* SectionView.swift in Sources */ = {isa = PBXBuildFile; fileRef = 18C4AFA827D8C9FB00631047 /* SectionView.swift */; };
/* End PBXBuildFile section */

/* Begin PBXFileReference section */
		182935F527E236EF00AFE5E9 /* TitleView.swift */ = {isa = PBXFileReference; lastKnownFileType = sourcecode.swift; path = TitleView.swift; sourceTree = "<group>"; };
		182935F727E23CB000AFE5E9 /* ProductItemView.swift */ = {isa = PBXFileReference; lastKnownFileType = sourcecode.swift; path = ProductItemView.swift; sourceTree = "<group>"; };
		182935F927E2631C00AFE5E9 /* BrandItemView.swift */ = {isa = PBXFileReference; lastKnownFileType = sourcecode.swift; path = BrandItemView.swift; sourceTree = "<group>"; };
		182935FB27E2716F00AFE5E9 /* BrandGridView.swift */ = {isa = PBXFileReference; lastKnownFileType = sourcecode.swift; path = BrandGridView.swift; sourceTree = "<group>"; };
		182935FD27E2822B00AFE5E9 /* ProductDetailView.swift */ = {isa = PBXFileReference; lastKnownFileType = sourcecode.swift; path = ProductDetailView.swift; sourceTree = "<group>"; };
		182935FF27E283E800AFE5E9 /* NavBarDetailView.swift */ = {isa = PBXFileReference; lastKnownFileType = sourcecode.swift; path = NavBarDetailView.swift; sourceTree = "<group>"; };
		1829360127E2851F00AFE5E9 /* HeaderDetailView.swift */ = {isa = PBXFileReference; lastKnownFileType = sourcecode.swift; path = HeaderDetailView.swift; sourceTree = "<group>"; };
		1829360327E286B400AFE5E9 /* TopPartDetailView.swift */ = {isa = PBXFileReference; lastKnownFileType = sourcecode.swift; path = TopPartDetailView.swift; sourceTree = "<group>"; };
		182B9C0A27E8FEF5007B8A80 /* AddKartView.swift */ = {isa = PBXFileReference; lastKnownFileType = sourcecode.swift; path = AddKartView.swift; sourceTree = "<group>"; };
		182B9C0C27E9070F007B8A80 /* Shop.swift */ = {isa = PBXFileReference; lastKnownFileType = sourcecode.swift; path = Shop.swift; sourceTree = "<group>"; };
		18B51CE227E8C23900B20659 /* CustomShape.swift */ = {isa = PBXFileReference; lastKnownFileType = sourcecode.swift; path = CustomShape.swift; sourceTree = "<group>"; };
		18B51CE427E8C6C200B20659 /* RatingsSizesView.swift */ = {isa = PBXFileReference; lastKnownFileType = sourcecode.swift; path = RatingsSizesView.swift; sourceTree = "<group>"; };
		18B51CE627E8CF5A00B20659 /* QuanFavView.swift */ = {isa = PBXFileReference; lastKnownFileType = sourcecode.swift; path = QuanFavView.swift; sourceTree = "<group>"; };
		18C4AF6027D65AB000631047 /* ECommerceApp.app */ = {isa = PBXFileReference; explicitFileType = wrapper.application; includeInIndex = 0; path = ECommerceApp.app; sourceTree = BUILT_PRODUCTS_DIR; };
		18C4AF6327D65AB000631047 /* ECommerceAppApp.swift */ = {isa = PBXFileReference; lastKnownFileType = sourcecode.swift; path = ECommerceAppApp.swift; sourceTree = "<group>"; };
		18C4AF6527D65AB000631047 /* ContentView.swift */ = {isa = PBXFileReference; lastKnownFileType = sourcecode.swift; path = ContentView.swift; sourceTree = "<group>"; };
		18C4AF6727D65AB200631047 /* Assets.xcassets */ = {isa = PBXFileReference; lastKnownFileType = folder.assetcatalog; path = Assets.xcassets; sourceTree = "<group>"; };
		18C4AF6A27D65AB200631047 /* Preview Assets.xcassets */ = {isa = PBXFileReference; lastKnownFileType = folder.assetcatalog; path = "Preview Assets.xcassets"; sourceTree = "<group>"; };
		18C4AF7927D65D0900631047 /* brand.json */ = {isa = PBXFileReference; fileEncoding = 4; lastKnownFileType = text.json; path = brand.json; sourceTree = "<group>"; };
		18C4AF7A27D65D0A00631047 /* player.json */ = {isa = PBXFileReference; fileEncoding = 4; lastKnownFileType = text.json; path = player.json; sourceTree = "<group>"; };
		18C4AF7B27D65D0A00631047 /* product.json */ = {isa = PBXFileReference; fileEncoding = 4; lastKnownFileType = text.json; path = product.json; sourceTree = "<group>"; };
		18C4AF7C27D65D0A00631047 /* category.json */ = {isa = PBXFileReference; fileEncoding = 4; lastKnownFileType = text.json; path = category.json; sourceTree = "<group>"; };
		18C4AF8927D65FB200631047 /* Info.plist */ = {isa = PBXFileReference; lastKnownFileType = text.plist; path = Info.plist; sourceTree = "<group>"; };
		18C4AF8C27D660F700631047 /* Constants.swift */ = {isa = PBXFileReference; lastKnownFileType = sourcecode.swift; path = Constants.swift; sourceTree = "<group>"; };
		18C4AF9027D662BE00631047 /* FooterView.swift */ = {isa = PBXFileReference; lastKnownFileType = sourcecode.swift; path = FooterView.swift; sourceTree = "<group>"; };
		18C4AF9227D6689600631047 /* NavBarView.swift */ = {isa = PBXFileReference; lastKnownFileType = sourcecode.swift; path = NavBarView.swift; sourceTree = "<group>"; };
		18C4AF9427D6734500631047 /* LogoView.swift */ = {isa = PBXFileReference; lastKnownFileType = sourcecode.swift; path = LogoView.swift; sourceTree = "<group>"; };
		18C4AF9627D7AA8300631047 /* PlayerModel.swift */ = {isa = PBXFileReference; lastKnownFileType = sourcecode.swift; path = PlayerModel.swift; sourceTree = "<group>"; };
		18C4AF9827D7AB2D00631047 /* CodableBundleExtension.swift */ = {isa = PBXFileReference; lastKnownFileType = sourcecode.swift; path = CodableBundleExtension.swift; sourceTree = "<group>"; };
		18C4AF9A27D7AB9100631047 /* BrandModel.swift */ = {isa = PBXFileReference; lastKnownFileType = sourcecode.swift; path = BrandModel.swift; sourceTree = "<group>"; };
		18C4AF9C27D7ABEE00631047 /* CategoryModel.swift */ = {isa = PBXFileReference; lastKnownFileType = sourcecode.swift; path = CategoryModel.swift; sourceTree = "<group>"; };
		18C4AF9E27D7AC4600631047 /* ProductModel.swift */ = {isa = PBXFileReference; lastKnownFileType = sourcecode.swift; path = ProductModel.swift; sourceTree = "<group>"; };
		18C4AFA027D7C62900631047 /* FeatureItemView.swift */ = {isa = PBXFileReference; lastKnownFileType = sourcecode.swift; path = FeatureItemView.swift; sourceTree = "<group>"; };
		18C4AFA227D7C7A300631047 /* FeatureTabView.swift */ = {isa = PBXFileReference; lastKnownFileType = sourcecode.swift; path = FeatureTabView.swift; sourceTree = "<group>"; };
		18C4AFA427D7F73B00631047 /* CategoryItemView.swift */ = {isa = PBXFileReference; lastKnownFileType = sourcecode.swift; path = CategoryItemView.swift; sourceTree = "<group>"; };
		18C4AFA627D8C83000631047 /* CategoryGridView.swift */ = {isa = PBXFileReference; lastKnownFileType = sourcecode.swift; path = CategoryGridView.swift; sourceTree = "<group>"; };
		18C4AFA827D8C9FB00631047 /* SectionView.swift */ = {isa = PBXFileReference; lastKnownFileType = sourcecode.swift; path = SectionView.swift; sourceTree = "<group>"; };
/* End PBXFileReference section */

/* Begin PBXFrameworksBuildPhase section */
		18C4AF5D27D65AB000631047 /* Frameworks */ = {
			isa = PBXFrameworksBuildPhase;
			buildActionMask = 2147483647;
			files = (
			);
			runOnlyForDeploymentPostprocessing = 0;
		};
/* End PBXFrameworksBuildPhase section */

/* Begin PBXGroup section */
		18C4AF5727D65AB000631047 = {
			isa = PBXGroup;
			children = (
				18C4AF6227D65AB000631047 /* ECommerceApp */,
				18C4AF6127D65AB000631047 /* Products */,
			);
			sourceTree = "<group>";
		};
		18C4AF6127D65AB000631047 /* Products */ = {
			isa = PBXGroup;
			children = (
				18C4AF6027D65AB000631047 /* ECommerceApp.app */,
			);
			name = Products;
			sourceTree = "<group>";
		};
		18C4AF6227D65AB000631047 /* ECommerceApp */ = {
			isa = PBXGroup;
			children = (
				18C4AF8B27D660B700631047 /* Utils */,
				18C4AF8A27D660AF00631047 /* Extension */,
				18C4AF8927D65FB200631047 /* Info.plist */,
				18C4AF8827D65DA100631047 /* DataModels */,
				18C4AF8627D65D8800631047 /* ViewComponents */,
				18C4AF8427D65D5D00631047 /* Views */,
				18C4AF8227D65D2600631047 /* Data */,
				18C4AF8327D65D5000631047 /* App */,
				18C4AF6727D65AB200631047 /* Assets.xcassets */,
				18C4AF6927D65AB200631047 /* Preview Content */,
			);
			path = ECommerceApp;
			sourceTree = "<group>";
		};
		18C4AF6927D65AB200631047 /* Preview Content */ = {
			isa = PBXGroup;
			children = (
				18C4AF6A27D65AB200631047 /* Preview Assets.xcassets */,
			);
			path = "Preview Content";
			sourceTree = "<group>";
		};
		18C4AF8227D65D2600631047 /* Data */ = {
			isa = PBXGroup;
			children = (
				18C4AF7927D65D0900631047 /* brand.json */,
				18C4AF7C27D65D0A00631047 /* category.json */,
				18C4AF7A27D65D0A00631047 /* player.json */,
				18C4AF7B27D65D0A00631047 /* product.json */,
			);
			path = Data;
			sourceTree = "<group>";
		};
		18C4AF8327D65D5000631047 /* App */ = {
			isa = PBXGroup;
			children = (
				18C4AF6327D65AB000631047 /* ECommerceAppApp.swift */,
				18C4AF6527D65AB000631047 /* ContentView.swift */,
			);
			path = App;
			sourceTree = "<group>";
		};
		18C4AF8427D65D5D00631047 /* Views */ = {
			isa = PBXGroup;
			children = (
				18C4AF8F27D6629D00631047 /* Detail */,
				18C4AF8E27D6629600631047 /* Home */,
			);
			path = Views;
			sourceTree = "<group>";
		};
		18C4AF8627D65D8800631047 /* ViewComponents */ = {
			isa = PBXGroup;
			children = (
			);
			path = ViewComponents;
			sourceTree = "<group>";
		};
		18C4AF8827D65DA100631047 /* DataModels */ = {
			isa = PBXGroup;
			children = (
				18C4AF9627D7AA8300631047 /* PlayerModel.swift */,
				18C4AF9A27D7AB9100631047 /* BrandModel.swift */,
				18C4AF9C27D7ABEE00631047 /* CategoryModel.swift */,
				18C4AF9E27D7AC4600631047 /* ProductModel.swift */,
			);
			path = DataModels;
			sourceTree = "<group>";
		};
		18C4AF8A27D660AF00631047 /* Extension */ = {
			isa = PBXGroup;
			children = (
				18C4AF9827D7AB2D00631047 /* CodableBundleExtension.swift */,
			);
			path = Extension;
			sourceTree = "<group>";
		};
		18C4AF8B27D660B700631047 /* Utils */ = {
			isa = PBXGroup;
			children = (
				18C4AF8C27D660F700631047 /* Constants.swift */,
				18B51CE227E8C23900B20659 /* CustomShape.swift */,
				182B9C0C27E9070F007B8A80 /* Shop.swift */,
			);
			path = Utils;
			sourceTree = "<group>";
		};
		18C4AF8E27D6629600631047 /* Home */ = {
			isa = PBXGroup;
			children = (
				18C4AF9027D662BE00631047 /* FooterView.swift */,
				18C4AF9227D6689600631047 /* NavBarView.swift */,
				18C4AF9427D6734500631047 /* LogoView.swift */,
				18C4AFA027D7C62900631047 /* FeatureItemView.swift */,
				18C4AFA227D7C7A300631047 /* FeatureTabView.swift */,
				18C4AFA427D7F73B00631047 /* CategoryItemView.swift */,
				18C4AFA627D8C83000631047 /* CategoryGridView.swift */,
				18C4AFA827D8C9FB00631047 /* SectionView.swift */,
				182935F527E236EF00AFE5E9 /* TitleView.swift */,
				182935F727E23CB000AFE5E9 /* ProductItemView.swift */,
				182935F927E2631C00AFE5E9 /* BrandItemView.swift */,
				182935FB27E2716F00AFE5E9 /* BrandGridView.swift */,
			);
			path = Home;
			sourceTree = "<group>";
		};
		18C4AF8F27D6629D00631047 /* Detail */ = {
			isa = PBXGroup;
			children = (
				182935FD27E2822B00AFE5E9 /* ProductDetailView.swift */,
				182935FF27E283E800AFE5E9 /* NavBarDetailView.swift */,
				1829360127E2851F00AFE5E9 /* HeaderDetailView.swift */,
				1829360327E286B400AFE5E9 /* TopPartDetailView.swift */,
				18B51CE427E8C6C200B20659 /* RatingsSizesView.swift */,
				18B51CE627E8CF5A00B20659 /* QuanFavView.swift */,
				182B9C0A27E8FEF5007B8A80 /* AddKartView.swift */,
			);
			path = Detail;
			sourceTree = "<group>";
		};
/* End PBXGroup section */

/* Begin PBXNativeTarget section */
		18C4AF5F27D65AB000631047 /* ECommerceApp */ = {
			isa = PBXNativeTarget;
			buildConfigurationList = 18C4AF6E27D65AB200631047 /* Build configuration list for PBXNativeTarget "ECommerceApp" */;
			buildPhases = (
				18C4AF5C27D65AB000631047 /* Sources */,
				18C4AF5D27D65AB000631047 /* Frameworks */,
				18C4AF5E27D65AB000631047 /* Resources */,
			);
			buildRules = (
			);
			dependencies = (
			);
			name = ECommerceApp;
			productName = ECommerceApp;
			productReference = 18C4AF6027D65AB000631047 /* ECommerceApp.app */;
			productType = "com.apple.product-type.application";
		};
/* End PBXNativeTarget section */

/* Begin PBXProject section */
		18C4AF5827D65AB000631047 /* Project object */ = {
			isa = PBXProject;
			attributes = {
				BuildIndependentTargetsInParallel = 1;
				LastSwiftUpdateCheck = 1320;
				LastUpgradeCheck = 1320;
				TargetAttributes = {
					18C4AF5F27D65AB000631047 = {
						CreatedOnToolsVersion = 13.2.1;
					};
				};
			};
			buildConfigurationList = 18C4AF5B27D65AB000631047 /* Build configuration list for PBXProject "ECommerceApp" */;
			compatibilityVersion = "Xcode 13.0";
			developmentRegion = en;
			hasScannedForEncodings = 0;
			knownRegions = (
				en,
				Base,
			);
			mainGroup = 18C4AF5727D65AB000631047;
			productRefGroup = 18C4AF6127D65AB000631047 /* Products */;
			projectDirPath = "";
			projectRoot = "";
			targets = (
				18C4AF5F27D65AB000631047 /* ECommerceApp */,
			);
		};
/* End PBXProject section */

/* Begin PBXResourcesBuildPhase section */
		18C4AF5E27D65AB000631047 /* Resources */ = {
			isa = PBXResourcesBuildPhase;
			buildActionMask = 2147483647;
			files = (
				18C4AF7E27D65D0A00631047 /* player.json in Resources */,
				18C4AF6B27D65AB200631047 /* Preview Assets.xcassets in Resources */,
				18C4AF6827D65AB200631047 /* Assets.xcassets in Resources */,
				18C4AF8027D65D0A00631047 /* category.json in Resources */,
				18C4AF7D27D65D0A00631047 /* brand.json in Resources */,
				18C4AF7F27D65D0A00631047 /* product.json in Resources */,
			);
			runOnlyForDeploymentPostprocessing = 0;
		};
/* End PBXResourcesBuildPhase section */

/* Begin PBXSourcesBuildPhase section */
		18C4AF5C27D65AB000631047 /* Sources */ = {
			isa = PBXSourcesBuildPhase;
			buildActionMask = 2147483647;
			files = (
				18C4AFA327D7C7A300631047 /* FeatureTabView.swift in Sources */,
				1829360227E2851F00AFE5E9 /* HeaderDetailView.swift in Sources */,
				1829360427E286B400AFE5E9 /* TopPartDetailView.swift in Sources */,
				1829360027E283E800AFE5E9 /* NavBarDetailView.swift in Sources */,
				18C4AF9927D7AB2D00631047 /* CodableBundleExtension.swift in Sources */,
				18C4AF9D27D7ABEE00631047 /* CategoryModel.swift in Sources */,
				18C4AFA727D8C83000631047 /* CategoryGridView.swift in Sources */,
				18C4AFA527D7F73B00631047 /* CategoryItemView.swift in Sources */,
				18C4AF9B27D7AB9100631047 /* BrandModel.swift in Sources */,
				182935FC27E2716F00AFE5E9 /* BrandGridView.swift in Sources */,
				18C4AF6627D65AB000631047 /* ContentView.swift in Sources */,
				182935FE27E2822B00AFE5E9 /* ProductDetailView.swift in Sources */,
				18C4AF9527D6734500631047 /* LogoView.swift in Sources */,
				18C4AF9F27D7AC4600631047 /* ProductModel.swift in Sources */,
				182B9C0B27E8FEF5007B8A80 /* AddKartView.swift in Sources */,
				182935F827E23CB000AFE5E9 /* ProductItemView.swift in Sources */,
				18C4AFA127D7C62900631047 /* FeatureItemView.swift in Sources */,
				18C4AF9127D662BE00631047 /* FooterView.swift in Sources */,
				182935FA27E2631C00AFE5E9 /* BrandItemView.swift in Sources */,
				18B51CE727E8CF5A00B20659 /* QuanFavView.swift in Sources */,
				18C4AF9727D7AA8300631047 /* PlayerModel.swift in Sources */,
				182935F627E236EF00AFE5E9 /* TitleView.swift in Sources */,
				18B51CE327E8C23900B20659 /* CustomShape.swift in Sources */,
				18C4AFA927D8C9FB00631047 /* SectionView.swift in Sources */,
				182B9C0D27E9070F007B8A80 /* Shop.swift in Sources */,
				18C4AF6427D65AB000631047 /* ECommerceAppApp.swift in Sources */,
				18C4AF9327D6689600631047 /* NavBarView.swift in Sources */,
				18B51CE527E8C6C200B20659 /* RatingsSizesView.swift in Sources */,
				18C4AF8D27D660F700631047 /* Constants.swift in Sources */,
			);
			runOnlyForDeploymentPostprocessing = 0;
		};
/* End PBXSourcesBuildPhase section */

/* Begin XCBuildConfiguration section */
		18C4AF6C27D65AB200631047 /* Debug */ = {
			isa = XCBuildConfiguration;
			buildSettings = {
				ALWAYS_SEARCH_USER_PATHS = NO;
				CLANG_ANALYZER_NONNULL = YES;
				CLANG_ANALYZER_NUMBER_OBJECT_CONVERSION = YES_AGGRESSIVE;
				CLANG_CXX_LANGUAGE_STANDARD = "gnu++17";
				CLANG_CXX_LIBRARY = "libc++";
				CLANG_ENABLE_MODULES = YES;
				CLANG_ENABLE_OBJC_ARC = YES;
				CLANG_ENABLE_OBJC_WEAK = YES;
				CLANG_WARN_BLOCK_CAPTURE_AUTORELEASING = YES;
				CLANG_WARN_BOOL_CONVERSION = YES;
				CLANG_WARN_COMMA = YES;
				CLANG_WARN_CONSTANT_CONVERSION = YES;
				CLANG_WARN_DEPRECATED_OBJC_IMPLEMENTATIONS = YES;
				CLANG_WARN_DIRECT_OBJC_ISA_USAGE = YES_ERROR;
				CLANG_WARN_DOCUMENTATION_COMMENTS = YES;
				CLANG_WARN_EMPTY_BODY = YES;
				CLANG_WARN_ENUM_CONVERSION = YES;
				CLANG_WARN_INFINITE_RECURSION = YES;
				CLANG_WARN_INT_CONVERSION = YES;
				CLANG_WARN_NON_LITERAL_NULL_CONVERSION = YES;
				CLANG_WARN_OBJC_IMPLICIT_RETAIN_SELF = YES;
				CLANG_WARN_OBJC_LITERAL_CONVERSION = YES;
				CLANG_WARN_OBJC_ROOT_CLASS = YES_ERROR;
				CLANG_WARN_QUOTED_INCLUDE_IN_FRAMEWORK_HEADER = YES;
				CLANG_WARN_RANGE_LOOP_ANALYSIS = YES;
				CLANG_WARN_STRICT_PROTOTYPES = YES;
				CLANG_WARN_SUSPICIOUS_MOVE = YES;
				CLANG_WARN_UNGUARDED_AVAILABILITY = YES_AGGRESSIVE;
				CLANG_WARN_UNREACHABLE_CODE = YES;
				CLANG_WARN__DUPLICATE_METHOD_MATCH = YES;
				COPY_PHASE_STRIP = NO;
				DEBUG_INFORMATION_FORMAT = dwarf;
				ENABLE_STRICT_OBJC_MSGSEND = YES;
				ENABLE_TESTABILITY = YES;
				GCC_C_LANGUAGE_STANDARD = gnu11;
				GCC_DYNAMIC_NO_PIC = NO;
				GCC_NO_COMMON_BLOCKS = YES;
				GCC_OPTIMIZATION_LEVEL = 0;
				GCC_PREPROCESSOR_DEFINITIONS = (
					"DEBUG=1",
					"$(inherited)",
				);
				GCC_WARN_64_TO_32_BIT_CONVERSION = YES;
				GCC_WARN_ABOUT_RETURN_TYPE = YES_ERROR;
				GCC_WARN_UNDECLARED_SELECTOR = YES;
				GCC_WARN_UNINITIALIZED_AUTOS = YES_AGGRESSIVE;
				GCC_WARN_UNUSED_FUNCTION = YES;
				GCC_WARN_UNUSED_VARIABLE = YES;
				IPHONEOS_DEPLOYMENT_TARGET = 15.2;
				MTL_ENABLE_DEBUG_INFO = INCLUDE_SOURCE;
				MTL_FAST_MATH = YES;
				ONLY_ACTIVE_ARCH = YES;
				SDKROOT = iphoneos;
				SWIFT_ACTIVE_COMPILATION_CONDITIONS = DEBUG;
				SWIFT_OPTIMIZATION_LEVEL = "-Onone";
			};
			name = Debug;
		};
		18C4AF6D27D65AB200631047 /* Release */ = {
			isa = XCBuildConfiguration;
			buildSettings = {
				ALWAYS_SEARCH_USER_PATHS = NO;
				CLANG_ANALYZER_NONNULL = YES;
				CLANG_ANALYZER_NUMBER_OBJECT_CONVERSION = YES_AGGRESSIVE;
				CLANG_CXX_LANGUAGE_STANDARD = "gnu++17";
				CLANG_CXX_LIBRARY = "libc++";
				CLANG_ENABLE_MODULES = YES;
				CLANG_ENABLE_OBJC_ARC = YES;
				CLANG_ENABLE_OBJC_WEAK = YES;
				CLANG_WARN_BLOCK_CAPTURE_AUTORELEASING = YES;
				CLANG_WARN_BOOL_CONVERSION = YES;
				CLANG_WARN_COMMA = YES;
				CLANG_WARN_CONSTANT_CONVERSION = YES;
				CLANG_WARN_DEPRECATED_OBJC_IMPLEMENTATIONS = YES;
				CLANG_WARN_DIRECT_OBJC_ISA_USAGE = YES_ERROR;
				CLANG_WARN_DOCUMENTATION_COMMENTS = YES;
				CLANG_WARN_EMPTY_BODY = YES;
				CLANG_WARN_ENUM_CONVERSION = YES;
				CLANG_WARN_INFINITE_RECURSION = YES;
				CLANG_WARN_INT_CONVERSION = YES;
				CLANG_WARN_NON_LITERAL_NULL_CONVERSION = YES;
				CLANG_WARN_OBJC_IMPLICIT_RETAIN_SELF = YES;
				CLANG_WARN_OBJC_LITERAL_CONVERSION = YES;
				CLANG_WARN_OBJC_ROOT_CLASS = YES_ERROR;
				CLANG_WARN_QUOTED_INCLUDE_IN_FRAMEWORK_HEADER = YES;
				CLANG_WARN_RANGE_LOOP_ANALYSIS = YES;
				CLANG_WARN_STRICT_PROTOTYPES = YES;
				CLANG_WARN_SUSPICIOUS_MOVE = YES;
				CLANG_WARN_UNGUARDED_AVAILABILITY = YES_AGGRESSIVE;
				CLANG_WARN_UNREACHABLE_CODE = YES;
				CLANG_WARN__DUPLICATE_METHOD_MATCH = YES;
				COPY_PHASE_STRIP = NO;
				DEBUG_INFORMATION_FORMAT = "dwarf-with-dsym";
				ENABLE_NS_ASSERTIONS = NO;
				ENABLE_STRICT_OBJC_MSGSEND = YES;
				GCC_C_LANGUAGE_STANDARD = gnu11;
				GCC_NO_COMMON_BLOCKS = YES;
				GCC_WARN_64_TO_32_BIT_CONVERSION = YES;
				GCC_WARN_ABOUT_RETURN_TYPE = YES_ERROR;
				GCC_WARN_UNDECLARED_SELECTOR = YES;
				GCC_WARN_UNINITIALIZED_AUTOS = YES_AGGRESSIVE;
				GCC_WARN_UNUSED_FUNCTION = YES;
				GCC_WARN_UNUSED_VARIABLE = YES;
				IPHONEOS_DEPLOYMENT_TARGET = 15.2;
				MTL_ENABLE_DEBUG_INFO = NO;
				MTL_FAST_MATH = YES;
				SDKROOT = iphoneos;
				SWIFT_COMPILATION_MODE = wholemodule;
				SWIFT_OPTIMIZATION_LEVEL = "-O";
				VALIDATE_PRODUCT = YES;
			};
			name = Release;
		};
		18C4AF6F27D65AB200631047 /* Debug */ = {
			isa = XCBuildConfiguration;
			buildSettings = {
				ASSETCATALOG_COMPILER_APPICON_NAME = AppIcon;
				ASSETCATALOG_COMPILER_GLOBAL_ACCENT_COLOR_NAME = AccentColor;
				CODE_SIGN_STYLE = Automatic;
				CURRENT_PROJECT_VERSION = 1;
				DEVELOPMENT_ASSET_PATHS = "\"ECommerceApp/Preview Content\"";
				DEVELOPMENT_TEAM = Y6XH6MHQLL;
				ENABLE_PREVIEWS = YES;
				GENERATE_INFOPLIST_FILE = YES;
				INFOPLIST_FILE = ECommerceApp/Info.plist;
				INFOPLIST_KEY_UIApplicationSceneManifest_Generation = YES;
				INFOPLIST_KEY_UIApplicationSupportsIndirectInputEvents = YES;
				INFOPLIST_KEY_UISupportedInterfaceOrientations_iPad = "UIInterfaceOrientationPortrait UIInterfaceOrientationPortraitUpsideDown UIInterfaceOrientationLandscapeLeft UIInterfaceOrientationLandscapeRight";
				INFOPLIST_KEY_UISupportedInterfaceOrientations_iPhone = "UIInterfaceOrientationPortrait UIInterfaceOrientationLandscapeLeft UIInterfaceOrientationLandscapeRight";
				INFOPLIST_KEY_UIUserInterfaceStyle = Light;
				LD_RUNPATH_SEARCH_PATHS = (
					"$(inherited)",
					"@executable_path/Frameworks",
				);
				MARKETING_VERSION = 1.0;
				PRODUCT_BUNDLE_IDENTIFIER = io.knyghtmare.ECommerceApp;
				PRODUCT_NAME = "$(TARGET_NAME)";
				SWIFT_EMIT_LOC_STRINGS = YES;
				SWIFT_VERSION = 5.0;
				TARGETED_DEVICE_FAMILY = "1,2";
			};
			name = Debug;
		};
		18C4AF7027D65AB200631047 /* Release */ = {
			isa = XCBuildConfiguration;
			buildSettings = {
				ASSETCATALOG_COMPILER_APPICON_NAME = AppIcon;
				ASSETCATALOG_COMPILER_GLOBAL_ACCENT_COLOR_NAME = AccentColor;
				CODE_SIGN_STYLE = Automatic;
				CURRENT_PROJECT_VERSION = 1;
				DEVELOPMENT_ASSET_PATHS = "\"ECommerceApp/Preview Content\"";
				DEVELOPMENT_TEAM = Y6XH6MHQLL;
				ENABLE_PREVIEWS = YES;
				GENERATE_INFOPLIST_FILE = YES;
				INFOPLIST_FILE = ECommerceApp/Info.plist;
				INFOPLIST_KEY_UIApplicationSceneManifest_Generation = YES;
				INFOPLIST_KEY_UIApplicationSupportsIndirectInputEvents = YES;
				INFOPLIST_KEY_UISupportedInterfaceOrientations_iPad = "UIInterfaceOrientationPortrait UIInterfaceOrientationPortraitUpsideDown UIInterfaceOrientationLandscapeLeft UIInterfaceOrientationLandscapeRight";
				INFOPLIST_KEY_UISupportedInterfaceOrientations_iPhone = "UIInterfaceOrientationPortrait UIInterfaceOrientationLandscapeLeft UIInterfaceOrientationLandscapeRight";
				INFOPLIST_KEY_UIUserInterfaceStyle = Light;
				LD_RUNPATH_SEARCH_PATHS = (
					"$(inherited)",
					"@executable_path/Frameworks",
				);
				MARKETING_VERSION = 1.0;
				PRODUCT_BUNDLE_IDENTIFIER = io.knyghtmare.ECommerceApp;
				PRODUCT_NAME = "$(TARGET_NAME)";
				SWIFT_EMIT_LOC_STRINGS = YES;
				SWIFT_VERSION = 5.0;
				TARGETED_DEVICE_FAMILY = "1,2";
			};
			name = Release;
		};
/* End XCBuildConfiguration section */

/* Begin XCConfigurationList section */
		18C4AF5B27D65AB000631047 /* Build configuration list for PBXProject "ECommerceApp" */ = {
			isa = XCConfigurationList;
			buildConfigurations = (
				18C4AF6C27D65AB200631047 /* Debug */,
				18C4AF6D27D65AB200631047 /* Release */,
			);
			defaultConfigurationIsVisible = 0;
			defaultConfigurationName = Release;
		};
		18C4AF6E27D65AB200631047 /* Build configuration list for PBXNativeTarget "ECommerceApp" */ = {
			isa = XCConfigurationList;
			buildConfigurations = (
				18C4AF6F27D65AB200631047 /* Debug */,
				18C4AF7027D65AB200631047 /* Release */,
			);
			defaultConfigurationIsVisible = 0;
			defaultConfigurationName = Release;
		};
/* End XCConfigurationList section */
	};
	rootObject = 18C4AF5827D65AB000631047 /* Project object */;
}
