// !$*UTF8*$!
{
	archiveVersion = 1;
	classes = {
	};
	objectVersion = 55;
	objects = {

/* Begin PBXBuildFile section */
		1818ED2B27A4599E008F83D0 /* IconGenAppApp.swift in Sources */ = {isa = PBXBuildFile; fileRef = 1818ED2A27A4599E008F83D0 /* IconGenAppApp.swift */; };
		1818ED2D27A4599E008F83D0 /* ContentView.swift in Sources */ = {isa = PBXBuildFile; fileRef = 1818ED2C27A4599E008F83D0 /* ContentView.swift */; };
		1818ED2F27A459A0008F83D0 /* Assets.xcassets in Resources */ = {isa = PBXBuildFile; fileRef = 1818ED2E27A459A0008F83D0 /* Assets.xcassets */; };
		1818ED3227A459A0008F83D0 /* Preview Assets.xcassets in Resources */ = {isa = PBXBuildFile; fileRef = 1818ED3127A459A0008F83D0 /* Preview Assets.xcassets */; };
		1818ED3D27A459A0008F83D0 /* IconGenAppTests.swift in Sources */ = {isa = PBXBuildFile; fileRef = 1818ED3C27A459A0008F83D0 /* IconGenAppTests.swift */; };
		1818ED4727A459A0008F83D0 /* IconGenAppUITests.swift in Sources */ = {isa = PBXBuildFile; fileRef = 1818ED4627A459A0008F83D0 /* IconGenAppUITests.swift */; };
		1818ED4927A459A0008F83D0 /* IconGenAppUITestsLaunchTests.swift in Sources */ = {isa = PBXBuildFile; fileRef = 1818ED4827A459A0008F83D0 /* IconGenAppUITestsLaunchTests.swift */; };
		1818ED5827A45D84008F83D0 /* IconViewModel.swift in Sources */ = {isa = PBXBuildFile; fileRef = 1818ED5727A45D84008F83D0 /* IconViewModel.swift */; };
		1818ED5A27A45D98008F83D0 /* HomeView.swift in Sources */ = {isa = PBXBuildFile; fileRef = 1818ED5927A45D98008F83D0 /* HomeView.swift */; };
/* End PBXBuildFile section */

/* Begin PBXContainerItemProxy section */
		1818ED3927A459A0008F83D0 /* PBXContainerItemProxy */ = {
			isa = PBXContainerItemProxy;
			containerPortal = 1818ED1F27A4599E008F83D0 /* Project object */;
			proxyType = 1;
			remoteGlobalIDString = 1818ED2627A4599E008F83D0;
			remoteInfo = IconGenApp;
		};
		1818ED4327A459A0008F83D0 /* PBXContainerItemProxy */ = {
			isa = PBXContainerItemProxy;
			containerPortal = 1818ED1F27A4599E008F83D0 /* Project object */;
			proxyType = 1;
			remoteGlobalIDString = 1818ED2627A4599E008F83D0;
			remoteInfo = IconGenApp;
		};
/* End PBXContainerItemProxy section */

/* Begin PBXFileReference section */
		1818ED2727A4599E008F83D0 /* IconGenApp.app */ = {isa = PBXFileReference; explicitFileType = wrapper.application; includeInIndex = 0; path = IconGenApp.app; sourceTree = BUILT_PRODUCTS_DIR; };
		1818ED2A27A4599E008F83D0 /* IconGenAppApp.swift */ = {isa = PBXFileReference; lastKnownFileType = sourcecode.swift; path = IconGenAppApp.swift; sourceTree = "<group>"; };
		1818ED2C27A4599E008F83D0 /* ContentView.swift */ = {isa = PBXFileReference; lastKnownFileType = sourcecode.swift; path = ContentView.swift; sourceTree = "<group>"; };
		1818ED2E27A459A0008F83D0 /* Assets.xcassets */ = {isa = PBXFileReference; lastKnownFileType = folder.assetcatalog; path = Assets.xcassets; sourceTree = "<group>"; };
		1818ED3127A459A0008F83D0 /* Preview Assets.xcassets */ = {isa = PBXFileReference; lastKnownFileType = folder.assetcatalog; path = "Preview Assets.xcassets"; sourceTree = "<group>"; };
		1818ED3327A459A0008F83D0 /* IconGenApp.entitlements */ = {isa = PBXFileReference; lastKnownFileType = text.plist.entitlements; path = IconGenApp.entitlements; sourceTree = "<group>"; };
		1818ED3827A459A0008F83D0 /* IconGenAppTests.xctest */ = {isa = PBXFileReference; explicitFileType = wrapper.cfbundle; includeInIndex = 0; path = IconGenAppTests.xctest; sourceTree = BUILT_PRODUCTS_DIR; };
		1818ED3C27A459A0008F83D0 /* IconGenAppTests.swift */ = {isa = PBXFileReference; lastKnownFileType = sourcecode.swift; path = IconGenAppTests.swift; sourceTree = "<group>"; };
		1818ED4227A459A0008F83D0 /* IconGenAppUITests.xctest */ = {isa = PBXFileReference; explicitFileType = wrapper.cfbundle; includeInIndex = 0; path = IconGenAppUITests.xctest; sourceTree = BUILT_PRODUCTS_DIR; };
		1818ED4627A459A0008F83D0 /* IconGenAppUITests.swift */ = {isa = PBXFileReference; lastKnownFileType = sourcecode.swift; path = IconGenAppUITests.swift; sourceTree = "<group>"; };
		1818ED4827A459A0008F83D0 /* IconGenAppUITestsLaunchTests.swift */ = {isa = PBXFileReference; lastKnownFileType = sourcecode.swift; path = IconGenAppUITestsLaunchTests.swift; sourceTree = "<group>"; };
		1818ED5727A45D84008F83D0 /* IconViewModel.swift */ = {isa = PBXFileReference; lastKnownFileType = sourcecode.swift; path = IconViewModel.swift; sourceTree = "<group>"; };
		1818ED5927A45D98008F83D0 /* HomeView.swift */ = {isa = PBXFileReference; lastKnownFileType = sourcecode.swift; path = HomeView.swift; sourceTree = "<group>"; };
/* End PBXFileReference section */

/* Begin PBXFrameworksBuildPhase section */
		1818ED2427A4599E008F83D0 /* Frameworks */ = {
			isa = PBXFrameworksBuildPhase;
			buildActionMask = 2147483647;
			files = (
			);
			runOnlyForDeploymentPostprocessing = 0;
		};
		1818ED3527A459A0008F83D0 /* Frameworks */ = {
			isa = PBXFrameworksBuildPhase;
			buildActionMask = 2147483647;
			files = (
			);
			runOnlyForDeploymentPostprocessing = 0;
		};
		1818ED3F27A459A0008F83D0 /* Frameworks */ = {
			isa = PBXFrameworksBuildPhase;
			buildActionMask = 2147483647;
			files = (
			);
			runOnlyForDeploymentPostprocessing = 0;
		};
/* End PBXFrameworksBuildPhase section */

/* Begin PBXGroup section */
		1818ED1E27A4599E008F83D0 = {
			isa = PBXGroup;
			children = (
				1818ED2927A4599E008F83D0 /* IconGenApp */,
				1818ED3B27A459A0008F83D0 /* IconGenAppTests */,
				1818ED4527A459A0008F83D0 /* IconGenAppUITests */,
				1818ED2827A4599E008F83D0 /* Products */,
			);
			sourceTree = "<group>";
		};
		1818ED2827A4599E008F83D0 /* Products */ = {
			isa = PBXGroup;
			children = (
				1818ED2727A4599E008F83D0 /* IconGenApp.app */,
				1818ED3827A459A0008F83D0 /* IconGenAppTests.xctest */,
				1818ED4227A459A0008F83D0 /* IconGenAppUITests.xctest */,
			);
			name = Products;
			sourceTree = "<group>";
		};
		1818ED2927A4599E008F83D0 /* IconGenApp */ = {
			isa = PBXGroup;
			children = (
				1818ED5627A45D6E008F83D0 /* ViewModels */,
				1818ED5527A45D61008F83D0 /* View */,
				1818ED2A27A4599E008F83D0 /* IconGenAppApp.swift */,
				1818ED2C27A4599E008F83D0 /* ContentView.swift */,
				1818ED2E27A459A0008F83D0 /* Assets.xcassets */,
				1818ED3327A459A0008F83D0 /* IconGenApp.entitlements */,
				1818ED3027A459A0008F83D0 /* Preview Content */,
			);
			path = IconGenApp;
			sourceTree = "<group>";
		};
		1818ED3027A459A0008F83D0 /* Preview Content */ = {
			isa = PBXGroup;
			children = (
				1818ED3127A459A0008F83D0 /* Preview Assets.xcassets */,
			);
			path = "Preview Content";
			sourceTree = "<group>";
		};
		1818ED3B27A459A0008F83D0 /* IconGenAppTests */ = {
			isa = PBXGroup;
			children = (
				1818ED3C27A459A0008F83D0 /* IconGenAppTests.swift */,
			);
			path = IconGenAppTests;
			sourceTree = "<group>";
		};
		1818ED4527A459A0008F83D0 /* IconGenAppUITests */ = {
			isa = PBXGroup;
			children = (
				1818ED4627A459A0008F83D0 /* IconGenAppUITests.swift */,
				1818ED4827A459A0008F83D0 /* IconGenAppUITestsLaunchTests.swift */,
			);
			path = IconGenAppUITests;
			sourceTree = "<group>";
		};
		1818ED5527A45D61008F83D0 /* View */ = {
			isa = PBXGroup;
			children = (
				1818ED5927A45D98008F83D0 /* HomeView.swift */,
			);
			path = View;
			sourceTree = "<group>";
		};
		1818ED5627A45D6E008F83D0 /* ViewModels */ = {
			isa = PBXGroup;
			children = (
				1818ED5727A45D84008F83D0 /* IconViewModel.swift */,
			);
			path = ViewModels;
			sourceTree = "<group>";
		};
/* End PBXGroup section */

/* Begin PBXNativeTarget section */
		1818ED2627A4599E008F83D0 /* IconGenApp */ = {
			isa = PBXNativeTarget;
			buildConfigurationList = 1818ED4C27A459A0008F83D0 /* Build configuration list for PBXNativeTarget "IconGenApp" */;
			buildPhases = (
				1818ED2327A4599E008F83D0 /* Sources */,
				1818ED2427A4599E008F83D0 /* Frameworks */,
				1818ED2527A4599E008F83D0 /* Resources */,
			);
			buildRules = (
			);
			dependencies = (
			);
			name = IconGenApp;
			productName = IconGenApp;
			productReference = 1818ED2727A4599E008F83D0 /* IconGenApp.app */;
			productType = "com.apple.product-type.application";
		};
		1818ED3727A459A0008F83D0 /* IconGenAppTests */ = {
			isa = PBXNativeTarget;
			buildConfigurationList = 1818ED4F27A459A0008F83D0 /* Build configuration list for PBXNativeTarget "IconGenAppTests" */;
			buildPhases = (
				1818ED3427A459A0008F83D0 /* Sources */,
				1818ED3527A459A0008F83D0 /* Frameworks */,
				1818ED3627A459A0008F83D0 /* Resources */,
			);
			buildRules = (
			);
			dependencies = (
				1818ED3A27A459A0008F83D0 /* PBXTargetDependency */,
			);
			name = IconGenAppTests;
			productName = IconGenAppTests;
			productReference = 1818ED3827A459A0008F83D0 /* IconGenAppTests.xctest */;
			productType = "com.apple.product-type.bundle.unit-test";
		};
		1818ED4127A459A0008F83D0 /* IconGenAppUITests */ = {
			isa = PBXNativeTarget;
			buildConfigurationList = 1818ED5227A459A0008F83D0 /* Build configuration list for PBXNativeTarget "IconGenAppUITests" */;
			buildPhases = (
				1818ED3E27A459A0008F83D0 /* Sources */,
				1818ED3F27A459A0008F83D0 /* Frameworks */,
				1818ED4027A459A0008F83D0 /* Resources */,
			);
			buildRules = (
			);
			dependencies = (
				1818ED4427A459A0008F83D0 /* PBXTargetDependency */,
			);
			name = IconGenAppUITests;
			productName = IconGenAppUITests;
			productReference = 1818ED4227A459A0008F83D0 /* IconGenAppUITests.xctest */;
			productType = "com.apple.product-type.bundle.ui-testing";
		};
/* End PBXNativeTarget section */

/* Begin PBXProject section */
		1818ED1F27A4599E008F83D0 /* Project object */ = {
			isa = PBXProject;
			attributes = {
				BuildIndependentTargetsInParallel = 1;
				LastSwiftUpdateCheck = 1320;
				LastUpgradeCheck = 1320;
				TargetAttributes = {
					1818ED2627A4599E008F83D0 = {
						CreatedOnToolsVersion = 13.2;
					};
					1818ED3727A459A0008F83D0 = {
						CreatedOnToolsVersion = 13.2;
						TestTargetID = 1818ED2627A4599E008F83D0;
					};
					1818ED4127A459A0008F83D0 = {
						CreatedOnToolsVersion = 13.2;
						TestTargetID = 1818ED2627A4599E008F83D0;
					};
				};
			};
			buildConfigurationList = 1818ED2227A4599E008F83D0 /* Build configuration list for PBXProject "IconGenApp" */;
			compatibilityVersion = "Xcode 13.0";
			developmentRegion = en;
			hasScannedForEncodings = 0;
			knownRegions = (
				en,
				Base,
			);
			mainGroup = 1818ED1E27A4599E008F83D0;
			productRefGroup = 1818ED2827A4599E008F83D0 /* Products */;
			projectDirPath = "";
			projectRoot = "";
			targets = (
				1818ED2627A4599E008F83D0 /* IconGenApp */,
				1818ED3727A459A0008F83D0 /* IconGenAppTests */,
				1818ED4127A459A0008F83D0 /* IconGenAppUITests */,
			);
		};
/* End PBXProject section */

/* Begin PBXResourcesBuildPhase section */
		1818ED2527A4599E008F83D0 /* Resources */ = {
			isa = PBXResourcesBuildPhase;
			buildActionMask = 2147483647;
			files = (
				1818ED3227A459A0008F83D0 /* Preview Assets.xcassets in Resources */,
				1818ED2F27A459A0008F83D0 /* Assets.xcassets in Resources */,
			);
			runOnlyForDeploymentPostprocessing = 0;
		};
		1818ED3627A459A0008F83D0 /* Resources */ = {
			isa = PBXResourcesBuildPhase;
			buildActionMask = 2147483647;
			files = (
			);
			runOnlyForDeploymentPostprocessing = 0;
		};
		1818ED4027A459A0008F83D0 /* Resources */ = {
			isa = PBXResourcesBuildPhase;
			buildActionMask = 2147483647;
			files = (
			);
			runOnlyForDeploymentPostprocessing = 0;
		};
/* End PBXResourcesBuildPhase section */

/* Begin PBXSourcesBuildPhase section */
		1818ED2327A4599E008F83D0 /* Sources */ = {
			isa = PBXSourcesBuildPhase;
			buildActionMask = 2147483647;
			files = (
				1818ED2D27A4599E008F83D0 /* ContentView.swift in Sources */,
				1818ED5A27A45D98008F83D0 /* HomeView.swift in Sources */,
				1818ED5827A45D84008F83D0 /* IconViewModel.swift in Sources */,
				1818ED2B27A4599E008F83D0 /* IconGenAppApp.swift in Sources */,
			);
			runOnlyForDeploymentPostprocessing = 0;
		};
		1818ED3427A459A0008F83D0 /* Sources */ = {
			isa = PBXSourcesBuildPhase;
			buildActionMask = 2147483647;
			files = (
				1818ED3D27A459A0008F83D0 /* IconGenAppTests.swift in Sources */,
			);
			runOnlyForDeploymentPostprocessing = 0;
		};
		1818ED3E27A459A0008F83D0 /* Sources */ = {
			isa = PBXSourcesBuildPhase;
			buildActionMask = 2147483647;
			files = (
				1818ED4927A459A0008F83D0 /* IconGenAppUITestsLaunchTests.swift in Sources */,
				1818ED4727A459A0008F83D0 /* IconGenAppUITests.swift in Sources */,
			);
			runOnlyForDeploymentPostprocessing = 0;
		};
/* End PBXSourcesBuildPhase section */

/* Begin PBXTargetDependency section */
		1818ED3A27A459A0008F83D0 /* PBXTargetDependency */ = {
			isa = PBXTargetDependency;
			target = 1818ED2627A4599E008F83D0 /* IconGenApp */;
			targetProxy = 1818ED3927A459A0008F83D0 /* PBXContainerItemProxy */;
		};
		1818ED4427A459A0008F83D0 /* PBXTargetDependency */ = {
			isa = PBXTargetDependency;
			target = 1818ED2627A4599E008F83D0 /* IconGenApp */;
			targetProxy = 1818ED4327A459A0008F83D0 /* PBXContainerItemProxy */;
		};
/* End PBXTargetDependency section */

/* Begin XCBuildConfiguration section */
		1818ED4A27A459A0008F83D0 /* Debug */ = {
			isa = XCBuildConfiguration;
			buildSettings = {
				ALWAYS_SEARCH_USER_PATHS = NO;
				CLANG_ANALYZER_NONNULL = YES;
				CLANG_ANALYZER_NUMBER_OBJECT_CONVERSION = YES_AGGRESSIVE;
				CLANG_CXX_LANGUAGE_STANDARD = "gnu++17";
				CLANG_CXX_LIBRARY = "libc++";
				CLANG_ENABLE_MODULES = YES;
				CLANG_ENABLE_OBJC_ARC = YES;
				CLANG_ENABLE_OBJC_WEAK = YES;
				CLANG_WARN_BLOCK_CAPTURE_AUTORELEASING = YES;
				CLANG_WARN_BOOL_CONVERSION = YES;
				CLANG_WARN_COMMA = YES;
				CLANG_WARN_CONSTANT_CONVERSION = YES;
				CLANG_WARN_DEPRECATED_OBJC_IMPLEMENTATIONS = YES;
				CLANG_WARN_DIRECT_OBJC_ISA_USAGE = YES_ERROR;
				CLANG_WARN_DOCUMENTATION_COMMENTS = YES;
				CLANG_WARN_EMPTY_BODY = YES;
				CLANG_WARN_ENUM_CONVERSION = YES;
				CLANG_WARN_INFINITE_RECURSION = YES;
				CLANG_WARN_INT_CONVERSION = YES;
				CLANG_WARN_NON_LITERAL_NULL_CONVERSION = YES;
				CLANG_WARN_OBJC_IMPLICIT_RETAIN_SELF = YES;
				CLANG_WARN_OBJC_LITERAL_CONVERSION = YES;
				CLANG_WARN_OBJC_ROOT_CLASS = YES_ERROR;
				CLANG_WARN_QUOTED_INCLUDE_IN_FRAMEWORK_HEADER = YES;
				CLANG_WARN_RANGE_LOOP_ANALYSIS = YES;
				CLANG_WARN_STRICT_PROTOTYPES = YES;
				CLANG_WARN_SUSPICIOUS_MOVE = YES;
				CLANG_WARN_UNGUARDED_AVAILABILITY = YES_AGGRESSIVE;
				CLANG_WARN_UNREACHABLE_CODE = YES;
				CLANG_WARN__DUPLICATE_METHOD_MATCH = YES;
				COPY_PHASE_STRIP = NO;
				DEBUG_INFORMATION_FORMAT = dwarf;
				ENABLE_STRICT_OBJC_MSGSEND = YES;
				ENABLE_TESTABILITY = YES;
				GCC_C_LANGUAGE_STANDARD = gnu11;
				GCC_DYNAMIC_NO_PIC = NO;
				GCC_NO_COMMON_BLOCKS = YES;
				GCC_OPTIMIZATION_LEVEL = 0;
				GCC_PREPROCESSOR_DEFINITIONS = (
					"DEBUG=1",
					"$(inherited)",
				);
				GCC_WARN_64_TO_32_BIT_CONVERSION = YES;
				GCC_WARN_ABOUT_RETURN_TYPE = YES_ERROR;
				GCC_WARN_UNDECLARED_SELECTOR = YES;
				GCC_WARN_UNINITIALIZED_AUTOS = YES_AGGRESSIVE;
				GCC_WARN_UNUSED_FUNCTION = YES;
				GCC_WARN_UNUSED_VARIABLE = YES;
				MACOSX_DEPLOYMENT_TARGET = 11.6;
				MTL_ENABLE_DEBUG_INFO = INCLUDE_SOURCE;
				MTL_FAST_MATH = YES;
				ONLY_ACTIVE_ARCH = YES;
				SDKROOT = macosx;
				SWIFT_ACTIVE_COMPILATION_CONDITIONS = DEBUG;
				SWIFT_OPTIMIZATION_LEVEL = "-Onone";
			};
			name = Debug;
		};
		1818ED4B27A459A0008F83D0 /* Release */ = {
			isa = XCBuildConfiguration;
			buildSettings = {
				ALWAYS_SEARCH_USER_PATHS = NO;
				CLANG_ANALYZER_NONNULL = YES;
				CLANG_ANALYZER_NUMBER_OBJECT_CONVERSION = YES_AGGRESSIVE;
				CLANG_CXX_LANGUAGE_STANDARD = "gnu++17";
				CLANG_CXX_LIBRARY = "libc++";
				CLANG_ENABLE_MODULES = YES;
				CLANG_ENABLE_OBJC_ARC = YES;
				CLANG_ENABLE_OBJC_WEAK = YES;
				CLANG_WARN_BLOCK_CAPTURE_AUTORELEASING = YES;
				CLANG_WARN_BOOL_CONVERSION = YES;
				CLANG_WARN_COMMA = YES;
				CLANG_WARN_CONSTANT_CONVERSION = YES;
				CLANG_WARN_DEPRECATED_OBJC_IMPLEMENTATIONS = YES;
				CLANG_WARN_DIRECT_OBJC_ISA_USAGE = YES_ERROR;
				CLANG_WARN_DOCUMENTATION_COMMENTS = YES;
				CLANG_WARN_EMPTY_BODY = YES;
				CLANG_WARN_ENUM_CONVERSION = YES;
				CLANG_WARN_INFINITE_RECURSION = YES;
				CLANG_WARN_INT_CONVERSION = YES;
				CLANG_WARN_NON_LITERAL_NULL_CONVERSION = YES;
				CLANG_WARN_OBJC_IMPLICIT_RETAIN_SELF = YES;
				CLANG_WARN_OBJC_LITERAL_CONVERSION = YES;
				CLANG_WARN_OBJC_ROOT_CLASS = YES_ERROR;
				CLANG_WARN_QUOTED_INCLUDE_IN_FRAMEWORK_HEADER = YES;
				CLANG_WARN_RANGE_LOOP_ANALYSIS = YES;
				CLANG_WARN_STRICT_PROTOTYPES = YES;
				CLANG_WARN_SUSPICIOUS_MOVE = YES;
				CLANG_WARN_UNGUARDED_AVAILABILITY = YES_AGGRESSIVE;
				CLANG_WARN_UNREACHABLE_CODE = YES;
				CLANG_WARN__DUPLICATE_METHOD_MATCH = YES;
				COPY_PHASE_STRIP = NO;
				DEBUG_INFORMATION_FORMAT = "dwarf-with-dsym";
				ENABLE_NS_ASSERTIONS = NO;
				ENABLE_STRICT_OBJC_MSGSEND = YES;
				GCC_C_LANGUAGE_STANDARD = gnu11;
				GCC_NO_COMMON_BLOCKS = YES;
				GCC_WARN_64_TO_32_BIT_CONVERSION = YES;
				GCC_WARN_ABOUT_RETURN_TYPE = YES_ERROR;
				GCC_WARN_UNDECLARED_SELECTOR = YES;
				GCC_WARN_UNINITIALIZED_AUTOS = YES_AGGRESSIVE;
				GCC_WARN_UNUSED_FUNCTION = YES;
				GCC_WARN_UNUSED_VARIABLE = YES;
				MACOSX_DEPLOYMENT_TARGET = 11.6;
				MTL_ENABLE_DEBUG_INFO = NO;
				MTL_FAST_MATH = YES;
				SDKROOT = macosx;
				SWIFT_COMPILATION_MODE = wholemodule;
				SWIFT_OPTIMIZATION_LEVEL = "-O";
			};
			name = Release;
		};
		1818ED4D27A459A0008F83D0 /* Debug */ = {
			isa = XCBuildConfiguration;
			buildSettings = {
				ASSETCATALOG_COMPILER_APPICON_NAME = AppIcon;
				ASSETCATALOG_COMPILER_GLOBAL_ACCENT_COLOR_NAME = AccentColor;
				CODE_SIGN_ENTITLEMENTS = IconGenApp/IconGenApp.entitlements;
				CODE_SIGN_STYLE = Automatic;
				COMBINE_HIDPI_IMAGES = YES;
				CURRENT_PROJECT_VERSION = 1;
				DEVELOPMENT_ASSET_PATHS = "\"IconGenApp/Preview Content\"";
				DEVELOPMENT_TEAM = Y6XH6MHQLL;
				ENABLE_HARDENED_RUNTIME = YES;
				ENABLE_PREVIEWS = YES;
				GENERATE_INFOPLIST_FILE = YES;
				INFOPLIST_KEY_NSHumanReadableCopyright = "";
				LD_RUNPATH_SEARCH_PATHS = (
					"$(inherited)",
					"@executable_path/../Frameworks",
				);
				MARKETING_VERSION = 1.0;
				PRODUCT_BUNDLE_IDENTIFIER = io.knyghtmare.IconGenApp;
				PRODUCT_NAME = "$(TARGET_NAME)";
				SWIFT_EMIT_LOC_STRINGS = YES;
				SWIFT_VERSION = 5.0;
			};
			name = Debug;
		};
		1818ED4E27A459A0008F83D0 /* Release */ = {
			isa = XCBuildConfiguration;
			buildSettings = {
				ASSETCATALOG_COMPILER_APPICON_NAME = AppIcon;
				ASSETCATALOG_COMPILER_GLOBAL_ACCENT_COLOR_NAME = AccentColor;
				CODE_SIGN_ENTITLEMENTS = IconGenApp/IconGenApp.entitlements;
				CODE_SIGN_STYLE = Automatic;
				COMBINE_HIDPI_IMAGES = YES;
				CURRENT_PROJECT_VERSION = 1;
				DEVELOPMENT_ASSET_PATHS = "\"IconGenApp/Preview Content\"";
				DEVELOPMENT_TEAM = Y6XH6MHQLL;
				ENABLE_HARDENED_RUNTIME = YES;
				ENABLE_PREVIEWS = YES;
				GENERATE_INFOPLIST_FILE = YES;
				INFOPLIST_KEY_NSHumanReadableCopyright = "";
				LD_RUNPATH_SEARCH_PATHS = (
					"$(inherited)",
					"@executable_path/../Frameworks",
				);
				MARKETING_VERSION = 1.0;
				PRODUCT_BUNDLE_IDENTIFIER = io.knyghtmare.IconGenApp;
				PRODUCT_NAME = "$(TARGET_NAME)";
				SWIFT_EMIT_LOC_STRINGS = YES;
				SWIFT_VERSION = 5.0;
			};
			name = Release;
		};
		1818ED5027A459A0008F83D0 /* Debug */ = {
			isa = XCBuildConfiguration;
			buildSettings = {
				ALWAYS_EMBED_SWIFT_STANDARD_LIBRARIES = YES;
				BUNDLE_LOADER = "$(TEST_HOST)";
				CODE_SIGN_STYLE = Automatic;
				CURRENT_PROJECT_VERSION = 1;
				DEVELOPMENT_TEAM = Y6XH6MHQLL;
				GENERATE_INFOPLIST_FILE = YES;
				MACOSX_DEPLOYMENT_TARGET = 11.6;
				MARKETING_VERSION = 1.0;
				PRODUCT_BUNDLE_IDENTIFIER = io.knyghtmare.IconGenAppTests;
				PRODUCT_NAME = "$(TARGET_NAME)";
				SWIFT_EMIT_LOC_STRINGS = NO;
				SWIFT_VERSION = 5.0;
				TEST_HOST = "$(BUILT_PRODUCTS_DIR)/IconGenApp.app/Contents/MacOS/IconGenApp";
			};
			name = Debug;
		};
		1818ED5127A459A0008F83D0 /* Release */ = {
			isa = XCBuildConfiguration;
			buildSettings = {
				ALWAYS_EMBED_SWIFT_STANDARD_LIBRARIES = YES;
				BUNDLE_LOADER = "$(TEST_HOST)";
				CODE_SIGN_STYLE = Automatic;
				CURRENT_PROJECT_VERSION = 1;
				DEVELOPMENT_TEAM = Y6XH6MHQLL;
				GENERATE_INFOPLIST_FILE = YES;
				MACOSX_DEPLOYMENT_TARGET = 11.6;
				MARKETING_VERSION = 1.0;
				PRODUCT_BUNDLE_IDENTIFIER = io.knyghtmare.IconGenAppTests;
				PRODUCT_NAME = "$(TARGET_NAME)";
				SWIFT_EMIT_LOC_STRINGS = NO;
				SWIFT_VERSION = 5.0;
				TEST_HOST = "$(BUILT_PRODUCTS_DIR)/IconGenApp.app/Contents/MacOS/IconGenApp";
			};
			name = Release;
		};
		1818ED5327A459A0008F83D0 /* Debug */ = {
			isa = XCBuildConfiguration;
			buildSettings = {
				ALWAYS_EMBED_SWIFT_STANDARD_LIBRARIES = YES;
				CODE_SIGN_STYLE = Automatic;
				CURRENT_PROJECT_VERSION = 1;
				DEVELOPMENT_TEAM = Y6XH6MHQLL;
				GENERATE_INFOPLIST_FILE = YES;
				MARKETING_VERSION = 1.0;
				PRODUCT_BUNDLE_IDENTIFIER = io.knyghtmare.IconGenAppUITests;
				PRODUCT_NAME = "$(TARGET_NAME)";
				SWIFT_EMIT_LOC_STRINGS = NO;
				SWIFT_VERSION = 5.0;
				TEST_TARGET_NAME = IconGenApp;
			};
			name = Debug;
		};
		1818ED5427A459A0008F83D0 /* Release */ = {
			isa = XCBuildConfiguration;
			buildSettings = {
				ALWAYS_EMBED_SWIFT_STANDARD_LIBRARIES = YES;
				CODE_SIGN_STYLE = Automatic;
				CURRENT_PROJECT_VERSION = 1;
				DEVELOPMENT_TEAM = Y6XH6MHQLL;
				GENERATE_INFOPLIST_FILE = YES;
				MARKETING_VERSION = 1.0;
				PRODUCT_BUNDLE_IDENTIFIER = io.knyghtmare.IconGenAppUITests;
				PRODUCT_NAME = "$(TARGET_NAME)";
				SWIFT_EMIT_LOC_STRINGS = NO;
				SWIFT_VERSION = 5.0;
				TEST_TARGET_NAME = IconGenApp;
			};
			name = Release;
		};
/* End XCBuildConfiguration section */

/* Begin XCConfigurationList section */
		1818ED2227A4599E008F83D0 /* Build configuration list for PBXProject "IconGenApp" */ = {
			isa = XCConfigurationList;
			buildConfigurations = (
				1818ED4A27A459A0008F83D0 /* Debug */,
				1818ED4B27A459A0008F83D0 /* Release */,
			);
			defaultConfigurationIsVisible = 0;
			defaultConfigurationName = Release;
		};
		1818ED4C27A459A0008F83D0 /* Build configuration list for PBXNativeTarget "IconGenApp" */ = {
			isa = XCConfigurationList;
			buildConfigurations = (
				1818ED4D27A459A0008F83D0 /* Debug */,
				1818ED4E27A459A0008F83D0 /* Release */,
			);
			defaultConfigurationIsVisible = 0;
			defaultConfigurationName = Release;
		};
		1818ED4F27A459A0008F83D0 /* Build configuration list for PBXNativeTarget "IconGenAppTests" */ = {
			isa = XCConfigurationList;
			buildConfigurations = (
				1818ED5027A459A0008F83D0 /* Debug */,
				1818ED5127A459A0008F83D0 /* Release */,
			);
			defaultConfigurationIsVisible = 0;
			defaultConfigurationName = Release;
		};
		1818ED5227A459A0008F83D0 /* Build configuration list for PBXNativeTarget "IconGenAppUITests" */ = {
			isa = XCConfigurationList;
			buildConfigurations = (
				1818ED5327A459A0008F83D0 /* Debug */,
				1818ED5427A459A0008F83D0 /* Release */,
			);
			defaultConfigurationIsVisible = 0;
			defaultConfigurationName = Release;
		};
/* End XCConfigurationList section */
	};
	rootObject = 1818ED1F27A4599E008F83D0 /* Project object */;
}
